
Microsoft Visual Studio Solution File, Format Version 12.00
# Visual Studio Version 16
VisualStudioVersion = 16.0.30320.27
MinimumVisualStudioVersion = 10.0.40219.1
Project("{2150E333-8FDC-42A3-9474-1A3956D46DE8}") = "Tests", "Tests", "{0C605079-A48D-4E64-919A-E796221AB09E}"
EndProject
Project("{2150E333-8FDC-42A3-9474-1A3956D46DE8}") = "Modules", "Modules", "{5FD899C8-D9FE-4084-9E2B-5B555C3532C6}"
EndProject
Project("{2150E333-8FDC-42A3-9474-1A3956D46DE8}") = "Services", "Services", "{A2053B60-B6BB-4D66-B49D-ACA7938878FC}"
EndProject
Project("{9A19103F-16F7-4668-BE54-9A1E7A4F7556}") = "UnityCommander", "UnityCommander\UnityCommander\UnityCommander.csproj", "{A8AACFE0-0A49-4CA2-8558-1FD1A17B0E17}"
EndProject
Project("{9A19103F-16F7-4668-BE54-9A1E7A4F7556}") = "UnityCommander.Core", "UnityCommander\UnityCommander.Core\UnityCommander.Core.csproj", "{5F38C3A3-3D0B-4D75-B8A5-45A19E9F8B3D}"
EndProject
Project("{9A19103F-16F7-4668-BE54-9A1E7A4F7556}") = "UnityCommander.Modules.FilePanel", "UnityCommander\Modules\UnityCommander.Modules.FilePanel\UnityCommander.Modules.FilePanel.csproj", "{25EF82CF-DCA5-452C-983B-34830097D77A}"
EndProject
Project("{2150E333-8FDC-42A3-9474-1A3956D46DE8}") = "Business", "Business", "{87368608-CCD0-468D-87FD-FD427A98848A}"
EndProject
Project("{9A19103F-16F7-4668-BE54-9A1E7A4F7556}") = "UnityCommander.Services", "UnityCommander\Services\UnityCommander.Services\UnityCommander.Services\UnityCommander.Services.csproj", "{479ED3A8-0141-420B-861E-EC89F5185927}"
EndProject
Project("{9A19103F-16F7-4668-BE54-9A1E7A4F7556}") = "UnityCommander.Services.Interfaces", "UnityCommander\Services\UnityCommander.Services.Interfaces\UnityCommander.Services.Interfaces\UnityCommander.Services.Interfaces.csproj", "{D4B517D9-0A06-489D-A764-16B720A809C0}"
EndProject
Project("{9A19103F-16F7-4668-BE54-9A1E7A4F7556}") = "UnityCommander.Modules.LeftSideBars", "UnityCommander\Modules\UnityCommander.Modules.LeftSideBars\UnityCommander.Modules.LeftSideBars.csproj", "{FDC8F3D0-1ABA-4165-AAE2-FD0AFBB195C5}"
EndProject
Project("{9A19103F-16F7-4668-BE54-9A1E7A4F7556}") = "UnityCommander.Core.Tests", "UnityCommander\Tests\UnityCommander.Core.Tests\UnityCommander.Core.Tests.csproj", "{C49000D0-3E16-4F42-8D67-5BF650E3E6B9}"
EndProject
Project("{9A19103F-16F7-4668-BE54-9A1E7A4F7556}") = "UnityCommander.Core.NUnit.Tests", "UnityCommander\Tests\UnityCommander.Core.NUnit.Tests\UnityCommander.Core.NUnit.Tests.csproj", "{E19F99FE-3185-4302-96A8-D08CCA584984}"
EndProject
Project("{2150E333-8FDC-42A3-9474-1A3956D46DE8}") = "Solution Items", "Solution Items", "{F1A5BCCC-6EEA-4BC9-977A-A733235F86D0}"
	ProjectSection(SolutionItems) = preProject
		.editorconfig = .editorconfig
		.gitignore = .gitignore
	EndProjectSection
EndProject
Project("{2150E333-8FDC-42A3-9474-1A3956D46DE8}") = "Lab", "Lab", "{30D7551D-E97F-47C2-8E01-2A04C3B5AF63}"
EndProject
Project("{FAE04EC0-301F-11D3-BF4B-00C04F79EFBC}") = "Laboratory.Works", "Lab\Laboratory.Works\Laboratory.Works.csproj", "{A3B1856B-DE11-47F3-AF59-EEEAD4C36FE8}"
EndProject
Project("{2150E333-8FDC-42A3-9474-1A3956D46DE8}") = "Nlog", "Nlog", "{7440573D-A989-4FB3-9B14-2D1A81D02E86}"
	ProjectSection(SolutionItems) = preProject
		C:\Users\Geralt\.nuget\packages\nlog.config\4.7.4\contentFiles\any\any\NLog.config = C:\Users\Geralt\.nuget\packages\nlog.config\4.7.4\contentFiles\any\any\NLog.config
		C:\Users\Geralt\.nuget\packages\nlog.schema\4.7.4\contentFiles\any\any\NLog.xsd = C:\Users\Geralt\.nuget\packages\nlog.schema\4.7.4\contentFiles\any\any\NLog.xsd
	EndProjectSection
EndProject
Project("{9A19103F-16F7-4668-BE54-9A1E7A4F7556}") = "UnityCommander.Test", "Lab\UnityCommander.Test\UnityCommander.Test.csproj", "{6BEB4DFB-6B12-4619-BADD-508D30B82314}"
EndProject
Project("{9A19103F-16F7-4668-BE54-9A1E7A4F7556}") = "UnityCommander.Native", "UnityCommander\UnityCommander.Native\UnityCommander.Native.csproj", "{59480595-09DB-40DE-BC77-2F2D2194EEC6}"
EndProject
Project("{2150E333-8FDC-42A3-9474-1A3956D46DE8}") = "Plugins", "Plugins", "{CAE06C48-FB47-4EEC-96AC-9B4D401335FC}"
EndProject
Project("{9A19103F-16F7-4668-BE54-9A1E7A4F7556}") = "UnityCommander.Modules.ToolBar", "UnityCommander\Modules\UnityCommander.Modules.ToolBar\UnityCommander.Modules.ToolBar.csproj", "{972903B9-3A52-4F95-8364-42A6975D5FC0}"
EndProject
Project("{9A19103F-16F7-4668-BE54-9A1E7A4F7556}") = "UnityCommander.Common.Styling", "UnityCommander\UnityCommander.Common.Styling\UnityCommander.Common.Styling.csproj", "{E56227A6-9723-4B4B-8E6C-3F889D78854F}"
EndProject
Project("{2150E333-8FDC-42A3-9474-1A3956D46DE8}") = "Snippets", "Snippets", "{9AE2BBE7-B81C-4C75-94FB-FA8AF8D76B18}"
	ProjectSection(SolutionItems) = preProject
		Snippets\logger.snippet = Snippets\logger.snippet
		Snippets\method.snippet = Snippets\method.snippet
		Snippets\Property.snippet = Snippets\Property.snippet
		Snippets\propp.snippet = Snippets\propp.snippet
	EndProjectSection
EndProject
Project("{2150E333-8FDC-42A3-9474-1A3956D46DE8}") = "Library", "Library", "{EB7586E2-3D65-4A29-B0FC-00670AC65636}"
EndProject
Project("{9A19103F-16F7-4668-BE54-9A1E7A4F7556}") = "UnityCommander.Integration", "UnityCommander\UnityCommander.Integration\UnityCommander.Integration.csproj", "{07E444C9-4819-47E9-B1C4-AC680ED55DA2}"
EndProject
Project("{9A19103F-16F7-4668-BE54-9A1E7A4F7556}") = "CustomWindow", "Lab\CustomWindow\CustomWindow.csproj", "{BF443E1C-1310-415F-A8A8-1A9C9AF6E6DF}"
EndProject
Project("{FAE04EC0-301F-11D3-BF4B-00C04F79EFBC}") = "Fasetto.Word", "Lab\fasettoword\Source\Fasetto.Word\Fasetto.Word.csproj", "{E69312C9-96E1-44CB-8CAA-237E09DFE433}"
EndProject
Project("{9A19103F-16F7-4668-BE54-9A1E7A4F7556}") = "WindowCustomizer", "UnityCommander\Library\WindowCustomizer\WindowCustomizer.csproj", "{260DB9E2-9BC4-4466-B250-D65BE481B57E}"
EndProject
Project("{2150E333-8FDC-42A3-9474-1A3956D46DE8}") = "PluginTester", "PluginTester", "{7AE2B9FB-7192-448E-9CB5-88866779C9E7}"
EndProject
Project("{9A19103F-16F7-4668-BE54-9A1E7A4F7556}") = "UnityCommander.Plugin.Core", "UnityCommander\UnityCommander.Plugin.Core\UnityCommander.Plugin.Core.csproj", "{685FA0AD-939F-47BA-8582-4E7055FDAA4A}"
EndProject
Project("{9A19103F-16F7-4668-BE54-9A1E7A4F7556}") = "UnityCommander.Plugin48.Core", "UnityCommander\UnityCommander.Plugin48.Core\UnityCommander.Plugin48.Core.csproj", "{E2673BAE-4D8A-47DA-B9BC-A1203E3183D2}"
EndProject
Project("{9A19103F-16F7-4668-BE54-9A1E7A4F7556}") = "UnityCommander.Controls", "UnityCommander\UnityCommander.Controls\UnityCommander.Controls.csproj", "{251CE0F4-E494-43D3-9CBB-B01AD552EB5C}"
EndProject
Project("{FAE04EC0-301F-11D3-BF4B-00C04F79EFBC}") = "IconMaker", "UnityCommander\Library\IconMaker\IconMaker.csproj", "{3B996ED6-A79B-4011-A464-1AE314028D67}"
EndProject
Project("{FAE04EC0-301F-11D3-BF4B-00C04F79EFBC}") = "AlexLibWpf", "Lab\AlexLibWpf\AlexLibWpf.csproj", "{5220E741-C062-46DC-95F1-E4755F48E0AD}"
EndProject
Project("{9A19103F-16F7-4668-BE54-9A1E7A4F7556}") = "IconBrowser", "UnityCommander\Plugins\IconBrowser\IconBrowser.csproj", "{530B81EF-0894-4283-B5F3-0F4A3BBE19DC}"
EndProject
Project("{9A19103F-16F7-4668-BE54-9A1E7A4F7556}") = "MultiColumns", "UnityCommander\Plugins\MultiColumns\MultiColumns.csproj", "{704DB11F-6236-4E1F-BD68-0664BB208856}"
EndProject
Project("{9A19103F-16F7-4668-BE54-9A1E7A4F7556}") = "UnityCommander.Plugin.NETCore", "UnityCommander\UnityCommander.Plugin.NETCore\UnityCommander.Plugin.NETCore.csproj", "{9EDDE6FB-5C18-4D52-8EC4-1AEF043A912C}"
EndProject
Project("{9A19103F-16F7-4668-BE54-9A1E7A4F7556}") = "UnityCommander.Plugin.NET48", "UnityCommander\UnityCommander.Plugin.NET48\UnityCommander.Plugin.NET48.csproj", "{E77E19D7-1FE8-429F-9E26-C01814D35B73}"
EndProject
Project("{2150E333-8FDC-42A3-9474-1A3956D46DE8}") = "Archives", "Archives", "{A6D92E01-630D-4995-B515-66786B55C495}"
EndProject
Project("{9A19103F-16F7-4668-BE54-9A1E7A4F7556}") = "Host", "Lab\Unloading\Host\Host.csproj", "{4564B1D8-3EED-4750-AE89-DC02DF0A6D93}"
EndProject
Project("{2150E333-8FDC-42A3-9474-1A3956D46DE8}") = "Unloading", "Unloading", "{B2441033-C18F-4774-9E20-F40C105334F9}"
EndProject
Project("{9A19103F-16F7-4668-BE54-9A1E7A4F7556}") = "Interface", "Lab\Unloading\Interface\Interface.csproj", "{078DD4D3-5A2C-4569-8473-31E6F6F5FCA8}"
EndProject
Project("{9A19103F-16F7-4668-BE54-9A1E7A4F7556}") = "PluginDependency", "Lab\Unloading\PluginDependency\PluginDependency.csproj", "{C6EB8736-071A-423A-AD85-829EC23F7DEA}"
EndProject
Project("{9A19103F-16F7-4668-BE54-9A1E7A4F7556}") = "PluginTest", "Lab\PluginTest\PluginTest.csproj", "{9ED789A2-397B-46E8-BD72-F1764D580FDF}"
EndProject
Project("{2150E333-8FDC-42A3-9474-1A3956D46DE8}") = "PluginEx", "PluginEx", "{78E5E9C8-3D01-4E9A-9EAF-3F0EBEB6EA7E}"
EndProject
Project("{9A19103F-16F7-4668-BE54-9A1E7A4F7556}") = "HelloPlugin", "Lab\PluginEx\HelloPlugin\HelloPlugin.csproj", "{81E3455B-8E95-497C-8014-2899E9E8790B}"
EndProject
Project("{9A19103F-16F7-4668-BE54-9A1E7A4F7556}") = "PluginBase", "Lab\PluginEx\PluginBase\PluginBase.csproj", "{211B46C2-1437-43AC-99C2-020D9981381A}"
EndProject
Project("{9A19103F-16F7-4668-BE54-9A1E7A4F7556}") = "PluginTest2", "Lab\PluginEx\PluginTest2\PluginTest2.csproj", "{26C7007A-57D8-416A-A161-5677AD522D9B}"
EndProject
Project("{9A19103F-16F7-4668-BE54-9A1E7A4F7556}") = "UnityCommander.Common", "UnityCommander\UnityCommander.Common\UnityCommander.Common.csproj", "{70297E1B-B2DA-4A4D-988C-4E2AE6ACCEDE}"
EndProject
Project("{9A19103F-16F7-4668-BE54-9A1E7A4F7556}") = "W3Manager", "UnityCommander\Plugins\W3Manager\W3Manager.csproj", "{E08AB24D-73B3-49D9-8A1E-7C93A1CBF1DD}"
EndProject
Project("{9A19103F-16F7-4668-BE54-9A1E7A4F7556}") = "AlexeyKuznecov.Library", "UnityCommander\Library\AlexeyKuznecov.Library\AlexeyKuznecov.Library.csproj", "{9A96E63D-F635-47B4-8B17-4B9CB3F2A41C}"
EndProject
Project("{9A19103F-16F7-4668-BE54-9A1E7A4F7556}") = "GongSolutions.WPF.DragDrop", "UnityCommander\Library\GongSolutions.WPF.DragDrop\GongSolutions.WPF.DragDrop.csproj", "{86EC08BE-166C-4725-AEAE-FFB2900B467C}"
EndProject
Global
	GlobalSection(SolutionConfigurationPlatforms) = preSolution
		Debug|Any CPU = Debug|Any CPU
		Release|Any CPU = Release|Any CPU
		soft|Any CPU = soft|Any CPU
	EndGlobalSection
	GlobalSection(ProjectConfigurationPlatforms) = postSolution
		{A8AACFE0-0A49-4CA2-8558-1FD1A17B0E17}.Debug|Any CPU.ActiveCfg = Debug|Any CPU
		{A8AACFE0-0A49-4CA2-8558-1FD1A17B0E17}.Debug|Any CPU.Build.0 = Debug|Any CPU
		{A8AACFE0-0A49-4CA2-8558-1FD1A17B0E17}.Release|Any CPU.ActiveCfg = Release|Any CPU
		{A8AACFE0-0A49-4CA2-8558-1FD1A17B0E17}.Release|Any CPU.Build.0 = Release|Any CPU
		{A8AACFE0-0A49-4CA2-8558-1FD1A17B0E17}.soft|Any CPU.ActiveCfg = Release|Any CPU
		{A8AACFE0-0A49-4CA2-8558-1FD1A17B0E17}.soft|Any CPU.Build.0 = Release|Any CPU
		{5F38C3A3-3D0B-4D75-B8A5-45A19E9F8B3D}.Debug|Any CPU.ActiveCfg = Debug|Any CPU
		{5F38C3A3-3D0B-4D75-B8A5-45A19E9F8B3D}.Debug|Any CPU.Build.0 = Debug|Any CPU
		{5F38C3A3-3D0B-4D75-B8A5-45A19E9F8B3D}.Release|Any CPU.ActiveCfg = Release|Any CPU
		{5F38C3A3-3D0B-4D75-B8A5-45A19E9F8B3D}.Release|Any CPU.Build.0 = Release|Any CPU
		{5F38C3A3-3D0B-4D75-B8A5-45A19E9F8B3D}.soft|Any CPU.ActiveCfg = Release|Any CPU
		{5F38C3A3-3D0B-4D75-B8A5-45A19E9F8B3D}.soft|Any CPU.Build.0 = Release|Any CPU
		{25EF82CF-DCA5-452C-983B-34830097D77A}.Debug|Any CPU.ActiveCfg = Debug|Any CPU
		{25EF82CF-DCA5-452C-983B-34830097D77A}.Debug|Any CPU.Build.0 = Debug|Any CPU
		{25EF82CF-DCA5-452C-983B-34830097D77A}.Release|Any CPU.ActiveCfg = Release|Any CPU
		{25EF82CF-DCA5-452C-983B-34830097D77A}.Release|Any CPU.Build.0 = Release|Any CPU
		{25EF82CF-DCA5-452C-983B-34830097D77A}.soft|Any CPU.ActiveCfg = Release|Any CPU
		{25EF82CF-DCA5-452C-983B-34830097D77A}.soft|Any CPU.Build.0 = Release|Any CPU
		{479ED3A8-0141-420B-861E-EC89F5185927}.Debug|Any CPU.ActiveCfg = Debug|Any CPU
		{479ED3A8-0141-420B-861E-EC89F5185927}.Debug|Any CPU.Build.0 = Debug|Any CPU
		{479ED3A8-0141-420B-861E-EC89F5185927}.Release|Any CPU.ActiveCfg = Release|Any CPU
		{479ED3A8-0141-420B-861E-EC89F5185927}.Release|Any CPU.Build.0 = Release|Any CPU
		{479ED3A8-0141-420B-861E-EC89F5185927}.soft|Any CPU.ActiveCfg = Release|Any CPU
		{479ED3A8-0141-420B-861E-EC89F5185927}.soft|Any CPU.Build.0 = Release|Any CPU
		{D4B517D9-0A06-489D-A764-16B720A809C0}.Debug|Any CPU.ActiveCfg = Debug|Any CPU
		{D4B517D9-0A06-489D-A764-16B720A809C0}.Debug|Any CPU.Build.0 = Debug|Any CPU
		{D4B517D9-0A06-489D-A764-16B720A809C0}.Release|Any CPU.ActiveCfg = Release|Any CPU
		{D4B517D9-0A06-489D-A764-16B720A809C0}.Release|Any CPU.Build.0 = Release|Any CPU
		{D4B517D9-0A06-489D-A764-16B720A809C0}.soft|Any CPU.ActiveCfg = Release|Any CPU
		{D4B517D9-0A06-489D-A764-16B720A809C0}.soft|Any CPU.Build.0 = Release|Any CPU
		{FDC8F3D0-1ABA-4165-AAE2-FD0AFBB195C5}.Debug|Any CPU.ActiveCfg = Debug|Any CPU
		{FDC8F3D0-1ABA-4165-AAE2-FD0AFBB195C5}.Debug|Any CPU.Build.0 = Debug|Any CPU
		{FDC8F3D0-1ABA-4165-AAE2-FD0AFBB195C5}.Release|Any CPU.ActiveCfg = Release|Any CPU
		{FDC8F3D0-1ABA-4165-AAE2-FD0AFBB195C5}.Release|Any CPU.Build.0 = Release|Any CPU
		{FDC8F3D0-1ABA-4165-AAE2-FD0AFBB195C5}.soft|Any CPU.ActiveCfg = Release|Any CPU
		{FDC8F3D0-1ABA-4165-AAE2-FD0AFBB195C5}.soft|Any CPU.Build.0 = Release|Any CPU
		{C49000D0-3E16-4F42-8D67-5BF650E3E6B9}.Debug|Any CPU.ActiveCfg = Debug|Any CPU
		{C49000D0-3E16-4F42-8D67-5BF650E3E6B9}.Debug|Any CPU.Build.0 = Debug|Any CPU
		{C49000D0-3E16-4F42-8D67-5BF650E3E6B9}.Release|Any CPU.ActiveCfg = Release|Any CPU
		{C49000D0-3E16-4F42-8D67-5BF650E3E6B9}.Release|Any CPU.Build.0 = Release|Any CPU
		{C49000D0-3E16-4F42-8D67-5BF650E3E6B9}.soft|Any CPU.ActiveCfg = Release|Any CPU
		{C49000D0-3E16-4F42-8D67-5BF650E3E6B9}.soft|Any CPU.Build.0 = Release|Any CPU
		{E19F99FE-3185-4302-96A8-D08CCA584984}.Debug|Any CPU.ActiveCfg = Debug|Any CPU
		{E19F99FE-3185-4302-96A8-D08CCA584984}.Debug|Any CPU.Build.0 = Debug|Any CPU
		{E19F99FE-3185-4302-96A8-D08CCA584984}.Release|Any CPU.ActiveCfg = Release|Any CPU
		{E19F99FE-3185-4302-96A8-D08CCA584984}.Release|Any CPU.Build.0 = Release|Any CPU
		{E19F99FE-3185-4302-96A8-D08CCA584984}.soft|Any CPU.ActiveCfg = Release|Any CPU
		{E19F99FE-3185-4302-96A8-D08CCA584984}.soft|Any CPU.Build.0 = Release|Any CPU
		{A3B1856B-DE11-47F3-AF59-EEEAD4C36FE8}.Debug|Any CPU.ActiveCfg = Debug|Any CPU
		{A3B1856B-DE11-47F3-AF59-EEEAD4C36FE8}.Debug|Any CPU.Build.0 = Debug|Any CPU
		{A3B1856B-DE11-47F3-AF59-EEEAD4C36FE8}.Release|Any CPU.ActiveCfg = Release|Any CPU
		{A3B1856B-DE11-47F3-AF59-EEEAD4C36FE8}.Release|Any CPU.Build.0 = Release|Any CPU
		{A3B1856B-DE11-47F3-AF59-EEEAD4C36FE8}.soft|Any CPU.ActiveCfg = Release|Any CPU
		{A3B1856B-DE11-47F3-AF59-EEEAD4C36FE8}.soft|Any CPU.Build.0 = Release|Any CPU
		{6BEB4DFB-6B12-4619-BADD-508D30B82314}.Debug|Any CPU.ActiveCfg = Debug|Any CPU
		{6BEB4DFB-6B12-4619-BADD-508D30B82314}.Debug|Any CPU.Build.0 = Debug|Any CPU
		{6BEB4DFB-6B12-4619-BADD-508D30B82314}.Release|Any CPU.ActiveCfg = Release|Any CPU
		{6BEB4DFB-6B12-4619-BADD-508D30B82314}.Release|Any CPU.Build.0 = Release|Any CPU
		{6BEB4DFB-6B12-4619-BADD-508D30B82314}.soft|Any CPU.ActiveCfg = Release|Any CPU
		{6BEB4DFB-6B12-4619-BADD-508D30B82314}.soft|Any CPU.Build.0 = Release|Any CPU
		{59480595-09DB-40DE-BC77-2F2D2194EEC6}.Debug|Any CPU.ActiveCfg = Debug|Any CPU
		{59480595-09DB-40DE-BC77-2F2D2194EEC6}.Debug|Any CPU.Build.0 = Debug|Any CPU
		{59480595-09DB-40DE-BC77-2F2D2194EEC6}.Release|Any CPU.ActiveCfg = Release|Any CPU
		{59480595-09DB-40DE-BC77-2F2D2194EEC6}.Release|Any CPU.Build.0 = Release|Any CPU
		{59480595-09DB-40DE-BC77-2F2D2194EEC6}.soft|Any CPU.ActiveCfg = Release|Any CPU
		{59480595-09DB-40DE-BC77-2F2D2194EEC6}.soft|Any CPU.Build.0 = Release|Any CPU
		{972903B9-3A52-4F95-8364-42A6975D5FC0}.Debug|Any CPU.ActiveCfg = Debug|Any CPU
		{972903B9-3A52-4F95-8364-42A6975D5FC0}.Debug|Any CPU.Build.0 = Debug|Any CPU
		{972903B9-3A52-4F95-8364-42A6975D5FC0}.Release|Any CPU.ActiveCfg = Release|Any CPU
		{972903B9-3A52-4F95-8364-42A6975D5FC0}.Release|Any CPU.Build.0 = Release|Any CPU
		{972903B9-3A52-4F95-8364-42A6975D5FC0}.soft|Any CPU.ActiveCfg = Release|Any CPU
		{972903B9-3A52-4F95-8364-42A6975D5FC0}.soft|Any CPU.Build.0 = Release|Any CPU
		{E56227A6-9723-4B4B-8E6C-3F889D78854F}.Debug|Any CPU.ActiveCfg = Debug|Any CPU
		{E56227A6-9723-4B4B-8E6C-3F889D78854F}.Debug|Any CPU.Build.0 = Debug|Any CPU
		{E56227A6-9723-4B4B-8E6C-3F889D78854F}.Release|Any CPU.ActiveCfg = Release|Any CPU
		{E56227A6-9723-4B4B-8E6C-3F889D78854F}.Release|Any CPU.Build.0 = Release|Any CPU
		{E56227A6-9723-4B4B-8E6C-3F889D78854F}.soft|Any CPU.ActiveCfg = Release|Any CPU
		{E56227A6-9723-4B4B-8E6C-3F889D78854F}.soft|Any CPU.Build.0 = Release|Any CPU
		{07E444C9-4819-47E9-B1C4-AC680ED55DA2}.Debug|Any CPU.ActiveCfg = Debug|Any CPU
		{07E444C9-4819-47E9-B1C4-AC680ED55DA2}.Debug|Any CPU.Build.0 = Debug|Any CPU
		{07E444C9-4819-47E9-B1C4-AC680ED55DA2}.Release|Any CPU.ActiveCfg = Release|Any CPU
		{07E444C9-4819-47E9-B1C4-AC680ED55DA2}.Release|Any CPU.Build.0 = Release|Any CPU
		{07E444C9-4819-47E9-B1C4-AC680ED55DA2}.soft|Any CPU.ActiveCfg = Debug|Any CPU
		{07E444C9-4819-47E9-B1C4-AC680ED55DA2}.soft|Any CPU.Build.0 = Debug|Any CPU
		{BF443E1C-1310-415F-A8A8-1A9C9AF6E6DF}.Debug|Any CPU.ActiveCfg = Debug|Any CPU
		{BF443E1C-1310-415F-A8A8-1A9C9AF6E6DF}.Debug|Any CPU.Build.0 = Debug|Any CPU
		{BF443E1C-1310-415F-A8A8-1A9C9AF6E6DF}.Release|Any CPU.ActiveCfg = Release|Any CPU
		{BF443E1C-1310-415F-A8A8-1A9C9AF6E6DF}.Release|Any CPU.Build.0 = Release|Any CPU
		{BF443E1C-1310-415F-A8A8-1A9C9AF6E6DF}.soft|Any CPU.ActiveCfg = Debug|Any CPU
		{BF443E1C-1310-415F-A8A8-1A9C9AF6E6DF}.soft|Any CPU.Build.0 = Debug|Any CPU
		{E69312C9-96E1-44CB-8CAA-237E09DFE433}.Debug|Any CPU.ActiveCfg = Debug|Any CPU
		{E69312C9-96E1-44CB-8CAA-237E09DFE433}.Debug|Any CPU.Build.0 = Debug|Any CPU
		{E69312C9-96E1-44CB-8CAA-237E09DFE433}.Release|Any CPU.ActiveCfg = Release|Any CPU
		{E69312C9-96E1-44CB-8CAA-237E09DFE433}.Release|Any CPU.Build.0 = Release|Any CPU
		{E69312C9-96E1-44CB-8CAA-237E09DFE433}.soft|Any CPU.ActiveCfg = Debug|Any CPU
		{E69312C9-96E1-44CB-8CAA-237E09DFE433}.soft|Any CPU.Build.0 = Debug|Any CPU
		{260DB9E2-9BC4-4466-B250-D65BE481B57E}.Debug|Any CPU.ActiveCfg = Debug|Any CPU
		{260DB9E2-9BC4-4466-B250-D65BE481B57E}.Debug|Any CPU.Build.0 = Debug|Any CPU
		{260DB9E2-9BC4-4466-B250-D65BE481B57E}.Release|Any CPU.ActiveCfg = Release|Any CPU
		{260DB9E2-9BC4-4466-B250-D65BE481B57E}.Release|Any CPU.Build.0 = Release|Any CPU
		{260DB9E2-9BC4-4466-B250-D65BE481B57E}.soft|Any CPU.ActiveCfg = Debug|Any CPU
		{260DB9E2-9BC4-4466-B250-D65BE481B57E}.soft|Any CPU.Build.0 = Debug|Any CPU
		{685FA0AD-939F-47BA-8582-4E7055FDAA4A}.Debug|Any CPU.ActiveCfg = Debug|Any CPU
		{685FA0AD-939F-47BA-8582-4E7055FDAA4A}.Debug|Any CPU.Build.0 = Debug|Any CPU
		{685FA0AD-939F-47BA-8582-4E7055FDAA4A}.Release|Any CPU.ActiveCfg = Release|Any CPU
		{685FA0AD-939F-47BA-8582-4E7055FDAA4A}.Release|Any CPU.Build.0 = Release|Any CPU
		{685FA0AD-939F-47BA-8582-4E7055FDAA4A}.soft|Any CPU.ActiveCfg = Debug|Any CPU
		{685FA0AD-939F-47BA-8582-4E7055FDAA4A}.soft|Any CPU.Build.0 = Debug|Any CPU
		{E2673BAE-4D8A-47DA-B9BC-A1203E3183D2}.Debug|Any CPU.ActiveCfg = Debug|Any CPU
		{E2673BAE-4D8A-47DA-B9BC-A1203E3183D2}.Debug|Any CPU.Build.0 = Debug|Any CPU
		{E2673BAE-4D8A-47DA-B9BC-A1203E3183D2}.Release|Any CPU.ActiveCfg = Release|Any CPU
		{E2673BAE-4D8A-47DA-B9BC-A1203E3183D2}.Release|Any CPU.Build.0 = Release|Any CPU
		{E2673BAE-4D8A-47DA-B9BC-A1203E3183D2}.soft|Any CPU.ActiveCfg = Debug|Any CPU
		{E2673BAE-4D8A-47DA-B9BC-A1203E3183D2}.soft|Any CPU.Build.0 = Debug|Any CPU
		{251CE0F4-E494-43D3-9CBB-B01AD552EB5C}.Debug|Any CPU.ActiveCfg = Debug|Any CPU
		{251CE0F4-E494-43D3-9CBB-B01AD552EB5C}.Debug|Any CPU.Build.0 = Debug|Any CPU
		{251CE0F4-E494-43D3-9CBB-B01AD552EB5C}.Release|Any CPU.ActiveCfg = Release|Any CPU
		{251CE0F4-E494-43D3-9CBB-B01AD552EB5C}.Release|Any CPU.Build.0 = Release|Any CPU
		{251CE0F4-E494-43D3-9CBB-B01AD552EB5C}.soft|Any CPU.ActiveCfg = Debug|Any CPU
		{251CE0F4-E494-43D3-9CBB-B01AD552EB5C}.soft|Any CPU.Build.0 = Debug|Any CPU
		{3B996ED6-A79B-4011-A464-1AE314028D67}.Debug|Any CPU.ActiveCfg = Debug|Any CPU
		{3B996ED6-A79B-4011-A464-1AE314028D67}.Debug|Any CPU.Build.0 = Debug|Any CPU
		{3B996ED6-A79B-4011-A464-1AE314028D67}.Release|Any CPU.ActiveCfg = Release|Any CPU
		{3B996ED6-A79B-4011-A464-1AE314028D67}.Release|Any CPU.Build.0 = Release|Any CPU
		{3B996ED6-A79B-4011-A464-1AE314028D67}.soft|Any CPU.ActiveCfg = soft|Any CPU
		{3B996ED6-A79B-4011-A464-1AE314028D67}.soft|Any CPU.Build.0 = soft|Any CPU
		{5220E741-C062-46DC-95F1-E4755F48E0AD}.Debug|Any CPU.ActiveCfg = Debug|Any CPU
		{5220E741-C062-46DC-95F1-E4755F48E0AD}.Debug|Any CPU.Build.0 = Debug|Any CPU
		{5220E741-C062-46DC-95F1-E4755F48E0AD}.Release|Any CPU.ActiveCfg = Release|Any CPU
		{5220E741-C062-46DC-95F1-E4755F48E0AD}.Release|Any CPU.Build.0 = Release|Any CPU
		{5220E741-C062-46DC-95F1-E4755F48E0AD}.soft|Any CPU.ActiveCfg = soft|Any CPU
		{5220E741-C062-46DC-95F1-E4755F48E0AD}.soft|Any CPU.Build.0 = soft|Any CPU
		{530B81EF-0894-4283-B5F3-0F4A3BBE19DC}.Debug|Any CPU.ActiveCfg = Debug|Any CPU
		{530B81EF-0894-4283-B5F3-0F4A3BBE19DC}.Debug|Any CPU.Build.0 = Debug|Any CPU
		{530B81EF-0894-4283-B5F3-0F4A3BBE19DC}.Release|Any CPU.ActiveCfg = Release|Any CPU
		{530B81EF-0894-4283-B5F3-0F4A3BBE19DC}.Release|Any CPU.Build.0 = Release|Any CPU
		{530B81EF-0894-4283-B5F3-0F4A3BBE19DC}.soft|Any CPU.ActiveCfg = Debug|Any CPU
		{530B81EF-0894-4283-B5F3-0F4A3BBE19DC}.soft|Any CPU.Build.0 = Debug|Any CPU
		{704DB11F-6236-4E1F-BD68-0664BB208856}.Debug|Any CPU.ActiveCfg = Debug|Any CPU
		{704DB11F-6236-4E1F-BD68-0664BB208856}.Debug|Any CPU.Build.0 = Debug|Any CPU
		{704DB11F-6236-4E1F-BD68-0664BB208856}.Release|Any CPU.ActiveCfg = Release|Any CPU
		{704DB11F-6236-4E1F-BD68-0664BB208856}.Release|Any CPU.Build.0 = Release|Any CPU
		{704DB11F-6236-4E1F-BD68-0664BB208856}.soft|Any CPU.ActiveCfg = Debug|Any CPU
		{704DB11F-6236-4E1F-BD68-0664BB208856}.soft|Any CPU.Build.0 = Debug|Any CPU
		{9EDDE6FB-5C18-4D52-8EC4-1AEF043A912C}.Debug|Any CPU.ActiveCfg = Debug|Any CPU
		{9EDDE6FB-5C18-4D52-8EC4-1AEF043A912C}.Debug|Any CPU.Build.0 = Debug|Any CPU
		{9EDDE6FB-5C18-4D52-8EC4-1AEF043A912C}.Release|Any CPU.ActiveCfg = Release|Any CPU
		{9EDDE6FB-5C18-4D52-8EC4-1AEF043A912C}.Release|Any CPU.Build.0 = Release|Any CPU
		{9EDDE6FB-5C18-4D52-8EC4-1AEF043A912C}.soft|Any CPU.ActiveCfg = Debug|Any CPU
		{9EDDE6FB-5C18-4D52-8EC4-1AEF043A912C}.soft|Any CPU.Build.0 = Debug|Any CPU
		{E77E19D7-1FE8-429F-9E26-C01814D35B73}.Debug|Any CPU.ActiveCfg = Debug|Any CPU
		{E77E19D7-1FE8-429F-9E26-C01814D35B73}.Debug|Any CPU.Build.0 = Debug|Any CPU
		{E77E19D7-1FE8-429F-9E26-C01814D35B73}.Release|Any CPU.ActiveCfg = Release|Any CPU
		{E77E19D7-1FE8-429F-9E26-C01814D35B73}.Release|Any CPU.Build.0 = Release|Any CPU
		{E77E19D7-1FE8-429F-9E26-C01814D35B73}.soft|Any CPU.ActiveCfg = Debug|Any CPU
		{E77E19D7-1FE8-429F-9E26-C01814D35B73}.soft|Any CPU.Build.0 = Debug|Any CPU
		{4564B1D8-3EED-4750-AE89-DC02DF0A6D93}.Debug|Any CPU.ActiveCfg = Debug|Any CPU
		{4564B1D8-3EED-4750-AE89-DC02DF0A6D93}.Debug|Any CPU.Build.0 = Debug|Any CPU
		{4564B1D8-3EED-4750-AE89-DC02DF0A6D93}.Release|Any CPU.ActiveCfg = Release|Any CPU
		{4564B1D8-3EED-4750-AE89-DC02DF0A6D93}.Release|Any CPU.Build.0 = Release|Any CPU
		{4564B1D8-3EED-4750-AE89-DC02DF0A6D93}.soft|Any CPU.ActiveCfg = Debug|Any CPU
		{4564B1D8-3EED-4750-AE89-DC02DF0A6D93}.soft|Any CPU.Build.0 = Debug|Any CPU
		{078DD4D3-5A2C-4569-8473-31E6F6F5FCA8}.Debug|Any CPU.ActiveCfg = Debug|Any CPU
		{078DD4D3-5A2C-4569-8473-31E6F6F5FCA8}.Debug|Any CPU.Build.0 = Debug|Any CPU
		{078DD4D3-5A2C-4569-8473-31E6F6F5FCA8}.Release|Any CPU.ActiveCfg = Release|Any CPU
		{078DD4D3-5A2C-4569-8473-31E6F6F5FCA8}.Release|Any CPU.Build.0 = Release|Any CPU
		{078DD4D3-5A2C-4569-8473-31E6F6F5FCA8}.soft|Any CPU.ActiveCfg = Debug|Any CPU
		{078DD4D3-5A2C-4569-8473-31E6F6F5FCA8}.soft|Any CPU.Build.0 = Debug|Any CPU
		{C6EB8736-071A-423A-AD85-829EC23F7DEA}.Debug|Any CPU.ActiveCfg = Debug|Any CPU
		{C6EB8736-071A-423A-AD85-829EC23F7DEA}.Debug|Any CPU.Build.0 = Debug|Any CPU
		{C6EB8736-071A-423A-AD85-829EC23F7DEA}.Release|Any CPU.ActiveCfg = Release|Any CPU
		{C6EB8736-071A-423A-AD85-829EC23F7DEA}.Release|Any CPU.Build.0 = Release|Any CPU
		{C6EB8736-071A-423A-AD85-829EC23F7DEA}.soft|Any CPU.ActiveCfg = Debug|Any CPU
		{C6EB8736-071A-423A-AD85-829EC23F7DEA}.soft|Any CPU.Build.0 = Debug|Any CPU
		{9ED789A2-397B-46E8-BD72-F1764D580FDF}.Debug|Any CPU.ActiveCfg = Debug|Any CPU
		{9ED789A2-397B-46E8-BD72-F1764D580FDF}.Debug|Any CPU.Build.0 = Debug|Any CPU
		{9ED789A2-397B-46E8-BD72-F1764D580FDF}.Release|Any CPU.ActiveCfg = Release|Any CPU
		{9ED789A2-397B-46E8-BD72-F1764D580FDF}.Release|Any CPU.Build.0 = Release|Any CPU
		{9ED789A2-397B-46E8-BD72-F1764D580FDF}.soft|Any CPU.ActiveCfg = Debug|Any CPU
		{9ED789A2-397B-46E8-BD72-F1764D580FDF}.soft|Any CPU.Build.0 = Debug|Any CPU
		{81E3455B-8E95-497C-8014-2899E9E8790B}.Debug|Any CPU.ActiveCfg = Debug|Any CPU
		{81E3455B-8E95-497C-8014-2899E9E8790B}.Debug|Any CPU.Build.0 = Debug|Any CPU
		{81E3455B-8E95-497C-8014-2899E9E8790B}.Release|Any CPU.ActiveCfg = Release|Any CPU
		{81E3455B-8E95-497C-8014-2899E9E8790B}.Release|Any CPU.Build.0 = Release|Any CPU
		{81E3455B-8E95-497C-8014-2899E9E8790B}.soft|Any CPU.ActiveCfg = Debug|Any CPU
		{81E3455B-8E95-497C-8014-2899E9E8790B}.soft|Any CPU.Build.0 = Debug|Any CPU
		{211B46C2-1437-43AC-99C2-020D9981381A}.Debug|Any CPU.ActiveCfg = Debug|Any CPU
		{211B46C2-1437-43AC-99C2-020D9981381A}.Debug|Any CPU.Build.0 = Debug|Any CPU
		{211B46C2-1437-43AC-99C2-020D9981381A}.Release|Any CPU.ActiveCfg = Release|Any CPU
		{211B46C2-1437-43AC-99C2-020D9981381A}.Release|Any CPU.Build.0 = Release|Any CPU
		{211B46C2-1437-43AC-99C2-020D9981381A}.soft|Any CPU.ActiveCfg = Debug|Any CPU
		{211B46C2-1437-43AC-99C2-020D9981381A}.soft|Any CPU.Build.0 = Debug|Any CPU
		{26C7007A-57D8-416A-A161-5677AD522D9B}.Debug|Any CPU.ActiveCfg = Debug|Any CPU
		{26C7007A-57D8-416A-A161-5677AD522D9B}.Debug|Any CPU.Build.0 = Debug|Any CPU
		{26C7007A-57D8-416A-A161-5677AD522D9B}.Release|Any CPU.ActiveCfg = Release|Any CPU
		{26C7007A-57D8-416A-A161-5677AD522D9B}.Release|Any CPU.Build.0 = Release|Any CPU
		{26C7007A-57D8-416A-A161-5677AD522D9B}.soft|Any CPU.ActiveCfg = Debug|Any CPU
		{26C7007A-57D8-416A-A161-5677AD522D9B}.soft|Any CPU.Build.0 = Debug|Any CPU
		{70297E1B-B2DA-4A4D-988C-4E2AE6ACCEDE}.Debug|Any CPU.ActiveCfg = Debug|Any CPU
		{70297E1B-B2DA-4A4D-988C-4E2AE6ACCEDE}.Debug|Any CPU.Build.0 = Debug|Any CPU
		{70297E1B-B2DA-4A4D-988C-4E2AE6ACCEDE}.Release|Any CPU.ActiveCfg = Release|Any CPU
		{70297E1B-B2DA-4A4D-988C-4E2AE6ACCEDE}.Release|Any CPU.Build.0 = Release|Any CPU
		{70297E1B-B2DA-4A4D-988C-4E2AE6ACCEDE}.soft|Any CPU.ActiveCfg = Debug|Any CPU
		{70297E1B-B2DA-4A4D-988C-4E2AE6ACCEDE}.soft|Any CPU.Build.0 = Debug|Any CPU
		{E08AB24D-73B3-49D9-8A1E-7C93A1CBF1DD}.Debug|Any CPU.ActiveCfg = Debug|Any CPU
		{E08AB24D-73B3-49D9-8A1E-7C93A1CBF1DD}.Debug|Any CPU.Build.0 = Debug|Any CPU
		{E08AB24D-73B3-49D9-8A1E-7C93A1CBF1DD}.Release|Any CPU.ActiveCfg = Release|Any CPU
		{E08AB24D-73B3-49D9-8A1E-7C93A1CBF1DD}.Release|Any CPU.Build.0 = Release|Any CPU
		{E08AB24D-73B3-49D9-8A1E-7C93A1CBF1DD}.soft|Any CPU.ActiveCfg = Debug|Any CPU
		{E08AB24D-73B3-49D9-8A1E-7C93A1CBF1DD}.soft|Any CPU.Build.0 = Debug|Any CPU
		{9A96E63D-F635-47B4-8B17-4B9CB3F2A41C}.Debug|Any CPU.ActiveCfg = Debug|Any CPU
		{9A96E63D-F635-47B4-8B17-4B9CB3F2A41C}.Debug|Any CPU.Build.0 = Debug|Any CPU
		{9A96E63D-F635-47B4-8B17-4B9CB3F2A41C}.Release|Any CPU.ActiveCfg = Release|Any CPU
		{9A96E63D-F635-47B4-8B17-4B9CB3F2A41C}.Release|Any CPU.Build.0 = Release|Any CPU
		{9A96E63D-F635-47B4-8B17-4B9CB3F2A41C}.soft|Any CPU.ActiveCfg = Debug|Any CPU
		{9A96E63D-F635-47B4-8B17-4B9CB3F2A41C}.soft|Any CPU.Build.0 = Debug|Any CPU
		{86EC08BE-166C-4725-AEAE-FFB2900B467C}.Debug|Any CPU.ActiveCfg = Debug|Any CPU
		{86EC08BE-166C-4725-AEAE-FFB2900B467C}.Debug|Any CPU.Build.0 = Debug|Any CPU
		{86EC08BE-166C-4725-AEAE-FFB2900B467C}.Release|Any CPU.ActiveCfg = Release|Any CPU
		{86EC08BE-166C-4725-AEAE-FFB2900B467C}.Release|Any CPU.Build.0 = Release|Any CPU
		{86EC08BE-166C-4725-AEAE-FFB2900B467C}.soft|Any CPU.ActiveCfg = Debug|Any CPU
		{86EC08BE-166C-4725-AEAE-FFB2900B467C}.soft|Any CPU.Build.0 = Debug|Any CPU
	EndGlobalSection
	GlobalSection(SolutionProperties) = preSolution
		HideSolutionNode = FALSE
	EndGlobalSection
	GlobalSection(NestedProjects) = preSolution
		{25EF82CF-DCA5-452C-983B-34830097D77A} = {5FD899C8-D9FE-4084-9E2B-5B555C3532C6}
		{479ED3A8-0141-420B-861E-EC89F5185927} = {A2053B60-B6BB-4D66-B49D-ACA7938878FC}
		{D4B517D9-0A06-489D-A764-16B720A809C0} = {A2053B60-B6BB-4D66-B49D-ACA7938878FC}
		{FDC8F3D0-1ABA-4165-AAE2-FD0AFBB195C5} = {5FD899C8-D9FE-4084-9E2B-5B555C3532C6}
		{C49000D0-3E16-4F42-8D67-5BF650E3E6B9} = {0C605079-A48D-4E64-919A-E796221AB09E}
		{E19F99FE-3185-4302-96A8-D08CCA584984} = {0C605079-A48D-4E64-919A-E796221AB09E}
		{A3B1856B-DE11-47F3-AF59-EEEAD4C36FE8} = {30D7551D-E97F-47C2-8E01-2A04C3B5AF63}
		{7440573D-A989-4FB3-9B14-2D1A81D02E86} = {F1A5BCCC-6EEA-4BC9-977A-A733235F86D0}
		{6BEB4DFB-6B12-4619-BADD-508D30B82314} = {30D7551D-E97F-47C2-8E01-2A04C3B5AF63}
		{972903B9-3A52-4F95-8364-42A6975D5FC0} = {5FD899C8-D9FE-4084-9E2B-5B555C3532C6}
		{9AE2BBE7-B81C-4C75-94FB-FA8AF8D76B18} = {F1A5BCCC-6EEA-4BC9-977A-A733235F86D0}
		{BF443E1C-1310-415F-A8A8-1A9C9AF6E6DF} = {30D7551D-E97F-47C2-8E01-2A04C3B5AF63}
		{E69312C9-96E1-44CB-8CAA-237E09DFE433} = {30D7551D-E97F-47C2-8E01-2A04C3B5AF63}
		{260DB9E2-9BC4-4466-B250-D65BE481B57E} = {EB7586E2-3D65-4A29-B0FC-00670AC65636}
		{7AE2B9FB-7192-448E-9CB5-88866779C9E7} = {30D7551D-E97F-47C2-8E01-2A04C3B5AF63}
		{685FA0AD-939F-47BA-8582-4E7055FDAA4A} = {A6D92E01-630D-4995-B515-66786B55C495}
		{E2673BAE-4D8A-47DA-B9BC-A1203E3183D2} = {A6D92E01-630D-4995-B515-66786B55C495}
		{3B996ED6-A79B-4011-A464-1AE314028D67} = {30D7551D-E97F-47C2-8E01-2A04C3B5AF63}
		{5220E741-C062-46DC-95F1-E4755F48E0AD} = {30D7551D-E97F-47C2-8E01-2A04C3B5AF63}
		{530B81EF-0894-4283-B5F3-0F4A3BBE19DC} = {CAE06C48-FB47-4EEC-96AC-9B4D401335FC}
		{704DB11F-6236-4E1F-BD68-0664BB208856} = {CAE06C48-FB47-4EEC-96AC-9B4D401335FC}
		{4564B1D8-3EED-4750-AE89-DC02DF0A6D93} = {B2441033-C18F-4774-9E20-F40C105334F9}
		{B2441033-C18F-4774-9E20-F40C105334F9} = {30D7551D-E97F-47C2-8E01-2A04C3B5AF63}
		{078DD4D3-5A2C-4569-8473-31E6F6F5FCA8} = {B2441033-C18F-4774-9E20-F40C105334F9}
		{C6EB8736-071A-423A-AD85-829EC23F7DEA} = {B2441033-C18F-4774-9E20-F40C105334F9}
		{9ED789A2-397B-46E8-BD72-F1764D580FDF} = {30D7551D-E97F-47C2-8E01-2A04C3B5AF63}
		{78E5E9C8-3D01-4E9A-9EAF-3F0EBEB6EA7E} = {30D7551D-E97F-47C2-8E01-2A04C3B5AF63}
		{81E3455B-8E95-497C-8014-2899E9E8790B} = {78E5E9C8-3D01-4E9A-9EAF-3F0EBEB6EA7E}
		{211B46C2-1437-43AC-99C2-020D9981381A} = {78E5E9C8-3D01-4E9A-9EAF-3F0EBEB6EA7E}
		{26C7007A-57D8-416A-A161-5677AD522D9B} = {78E5E9C8-3D01-4E9A-9EAF-3F0EBEB6EA7E}
		{E08AB24D-73B3-49D9-8A1E-7C93A1CBF1DD} = {CAE06C48-FB47-4EEC-96AC-9B4D401335FC}
		{9A96E63D-F635-47B4-8B17-4B9CB3F2A41C} = {EB7586E2-3D65-4A29-B0FC-00670AC65636}
		{86EC08BE-166C-4725-AEAE-FFB2900B467C} = {EB7586E2-3D65-4A29-B0FC-00670AC65636}
	EndGlobalSection
	GlobalSection(ExtensibilityGlobals) = postSolution
		SolutionGuid = {E77244A7-B125-4E40-945C-AD1C519E88CD}
	EndGlobalSection
EndGlobal
