Microsoft Visual Studio Solution File, Format Version 12.00
# Visual Studio Version 17
VisualStudioVersion = 17.7.34031.279
MinimumVisualStudioVersion = 10.0.40219.1
Project("{2150E333-8FDC-42A3-9474-1A3956D46DE8}") = "Tests", "Tests", "{0C605079-A48D-4E64-919A-E796221AB09E}"
EndProject
Project("{2150E333-8FDC-42A3-9474-1A3956D46DE8}") = "Modules", "Modules", "{5FD899C8-D9FE-4084-9E2B-5B555C3532C6}"
EndProject
Project("{9A19103F-16F7-4668-BE54-9A1E7A4F7556}") = "UnityCommander", "UnityCommander\UnityCommander\UnityCommander.csproj", "{A8AACFE0-0A49-4CA2-8558-1FD1A17B0E17}"
EndProject
Project("{9A19103F-16F7-4668-BE54-9A1E7A4F7556}") = "UnityCommander.Core", "UnityCommander\UnityCommander.Core\UnityCommander.Core.csproj", "{5F38C3A3-3D0B-4D75-B8A5-45A19E9F8B3D}"
EndProject
Project("{9A19103F-16F7-4668-BE54-9A1E7A4F7556}") = "UnityCommander.Modules.FilePanel", "UnityCommander\Modules\UnityCommander.Modules.FilePanel\UnityCommander.Modules.FilePanel.csproj", "{25EF82CF-DCA5-452C-983B-34830097D77A}"
EndProject
Project("{9A19103F-16F7-4668-BE54-9A1E7A4F7556}") = "UnityCommander.Services", "UnityCommander\Services\UnityCommander.Services\UnityCommander.Services\UnityCommander.Services.csproj", "{479ED3A8-0141-420B-861E-EC89F5185927}"
EndProject
Project("{9A19103F-16F7-4668-BE54-9A1E7A4F7556}") = "UnityCommander.Services.Interfaces", "UnityCommander\Services\UnityCommander.Services.Interfaces\UnityCommander.Services.Interfaces\UnityCommander.Services.Interfaces.csproj", "{D4B517D9-0A06-489D-A764-16B720A809C0}"
EndProject
Project("{9A19103F-16F7-4668-BE54-9A1E7A4F7556}") = "UnityCommander.Modules.LeftSideBars", "UnityCommander\Modules\UnityCommander.Modules.LeftSideBars\UnityCommander.Modules.LeftSideBars.csproj", "{FDC8F3D0-1ABA-4165-AAE2-FD0AFBB195C5}"
EndProject
Project("{9A19103F-16F7-4668-BE54-9A1E7A4F7556}") = "UnityCommander.Core.Tests", "UnityCommander\Tests\UnityCommander.Core.Tests\UnityCommander.Core.Tests.csproj", "{C49000D0-3E16-4F42-8D67-5BF650E3E6B9}"
EndProject
Project("{2150E333-8FDC-42A3-9474-1A3956D46DE8}") = "Solution Items", "Solution Items", "{F1A5BCCC-6EEA-4BC9-977A-A733235F86D0}"
	ProjectSection(SolutionItems) = preProject
		.editorconfig = .editorconfig
		.gitignore = .gitignore
		UnityCommander\UnityCommander\bin\Debug\netcoreapp3.1\app.session.xml = UnityCommander\UnityCommander\bin\Debug\netcoreapp3.1\app.session.xml
	EndProjectSection
EndProject
Project("{2150E333-8FDC-42A3-9474-1A3956D46DE8}") = "Lab", "Lab", "{30D7551D-E97F-47C2-8E01-2A04C3B5AF63}"
EndProject
Project("{2150E333-8FDC-42A3-9474-1A3956D46DE8}") = "Nlog", "Nlog", "{7440573D-A989-4FB3-9B14-2D1A81D02E86}"
	ProjectSection(SolutionItems) = preProject
		C:\Users\Geralt\.nuget\packages\nlog.config\4.7.4\contentFiles\any\any\NLog.config = C:\Users\Geralt\.nuget\packages\nlog.config\4.7.4\contentFiles\any\any\NLog.config
		C:\Users\Geralt\.nuget\packages\nlog.schema\4.7.4\contentFiles\any\any\NLog.xsd = C:\Users\Geralt\.nuget\packages\nlog.schema\4.7.4\contentFiles\any\any\NLog.xsd
	EndProjectSection
EndProject
Project("{9A19103F-16F7-4668-BE54-9A1E7A4F7556}") = "UnityCommander.Test", "Lab\UnityCommander.Test\UnityCommander.Test.csproj", "{6BEB4DFB-6B12-4619-BADD-508D30B82314}"
EndProject
Project("{9A19103F-16F7-4668-BE54-9A1E7A4F7556}") = "UnityCommander.Native", "UnityCommander\UnityCommander.Native\UnityCommander.Native.csproj", "{59480595-09DB-40DE-BC77-2F2D2194EEC6}"
EndProject
Project("{2150E333-8FDC-42A3-9474-1A3956D46DE8}") = "Plugins", "Plugins", "{CAE06C48-FB47-4EEC-96AC-9B4D401335FC}"
EndProject
Project("{9A19103F-16F7-4668-BE54-9A1E7A4F7556}") = "UnityCommander.Modules.ToolBar", "UnityCommander\Modules\UnityCommander.Modules.ToolBar\UnityCommander.Modules.ToolBar.csproj", "{972903B9-3A52-4F95-8364-42A6975D5FC0}"
EndProject
Project("{9A19103F-16F7-4668-BE54-9A1E7A4F7556}") = "UnityCommander.Common.Styling", "UnityCommander\UnityCommander.Common.Styling\UnityCommander.Common.Styling.csproj", "{E56227A6-9723-4B4B-8E6C-3F889D78854F}"
EndProject
Project("{2150E333-8FDC-42A3-9474-1A3956D46DE8}") = "Snippets", "Snippets", "{9AE2BBE7-B81C-4C75-94FB-FA8AF8D76B18}"
	ProjectSection(SolutionItems) = preProject
		Snippets\logger.snippet = Snippets\logger.snippet
		Snippets\method.snippet = Snippets\method.snippet
		Snippets\Property.snippet = Snippets\Property.snippet
		Snippets\propp.snippet = Snippets\propp.snippet
	EndProjectSection
EndProject
Project("{2150E333-8FDC-42A3-9474-1A3956D46DE8}") = "Library", "Library", "{EB7586E2-3D65-4A29-B0FC-00670AC65636}"
EndProject
Project("{9A19103F-16F7-4668-BE54-9A1E7A4F7556}") = "UnityCommander.Integration", "UnityCommander\UnityCommander.Integration\UnityCommander.Integration.csproj", "{07E444C9-4819-47E9-B1C4-AC680ED55DA2}"
EndProject
Project("{9A19103F-16F7-4668-BE54-9A1E7A4F7556}") = "UnityCommander.Controls", "UnityCommander\UnityCommander.Controls\UnityCommander.Controls.csproj", "{251CE0F4-E494-43D3-9CBB-B01AD552EB5C}"
EndProject
Project("{9A19103F-16F7-4668-BE54-9A1E7A4F7556}") = "IconBrowser", "UnityCommander\Plugins\IconBrowser\IconBrowser.csproj", "{530B81EF-0894-4283-B5F3-0F4A3BBE19DC}"
EndProject
Project("{9A19103F-16F7-4668-BE54-9A1E7A4F7556}") = "MultiColumns", "UnityCommander\Plugins\MultiColumns\MultiColumns.csproj", "{704DB11F-6236-4E1F-BD68-0664BB208856}"
EndProject
Project("{9A19103F-16F7-4668-BE54-9A1E7A4F7556}") = "UnityCommander.Common", "UnityCommander\UnityCommander.Common\UnityCommander.Common.csproj", "{70297E1B-B2DA-4A4D-988C-4E2AE6ACCEDE}"
EndProject
Project("{9A19103F-16F7-4668-BE54-9A1E7A4F7556}") = "W3Manager", "UnityCommander\Plugins\W3Manager\W3Manager.csproj", "{E08AB24D-73B3-49D9-8A1E-7C93A1CBF1DD}"
EndProject
Project("{9A19103F-16F7-4668-BE54-9A1E7A4F7556}") = "AlexeyKuznecov.Library", "UnityCommander\Library\AlexeyKuznecov.Library\AlexeyKuznecov.Library.csproj", "{9A96E63D-F635-47B4-8B17-4B9CB3F2A41C}"
EndProject
Project("{2150E333-8FDC-42A3-9474-1A3956D46DE8}") = "System.Testing", "System.Testing", "{9B31110B-B3A9-44B5-A45C-B467C7B305FC}"
EndProject
Project("{9A19103F-16F7-4668-BE54-9A1E7A4F7556}") = "Components", "System.Testing\Components\Components.csproj", "{454DFF2A-FF1A-4542-A80C-F67DF67D8B8E}"
EndProject
Project("{9A19103F-16F7-4668-BE54-9A1E7A4F7556}") = "UnityCommander.Modules.Viewer", "UnityCommander\Modules\UnityCommander.Modules.Viewer\UnityCommander.Modules.Viewer.csproj", "{404AEF19-B3C6-48DF-B869-53561E1E3459}"
EndProject
Project("{9A19103F-16F7-4668-BE54-9A1E7A4F7556}") = "UnityCommander.Modules.TabPanel", "UnityCommander\Modules\UnityCommander.Modules.TabPanel\UnityCommander.Modules.TabPanel.csproj", "{E9885096-DFF4-4A19-A267-037DFA68C37D}"
EndProject
Project("{9A19103F-16F7-4668-BE54-9A1E7A4F7556}") = "UnityCommander.Wpf.Test", "System.Testing\UnityCommander.Wpf.Test\UnityCommander.Wpf.Test.csproj", "{0AFDF317-E10F-4D1E-ACBF-AC39FDB84367}"
EndProject
Project("{9A19103F-16F7-4668-BE54-9A1E7A4F7556}") = "UnityCommander.Modules.SettingsPanel", "UnityCommander\Modules\UnityCommander.Modules.SettingsPanel\UnityCommander.Modules.SettingsPanel.csproj", "{39CD8747-8948-4022-86BC-8DB462AB00A2}"
EndProject
Project("{9A19103F-16F7-4668-BE54-9A1E7A4F7556}") = "UnityCommander.Modules.WebBrowser", "UnityCommander\Modules\UnityCommander.Modules.WebBrowser\UnityCommander.Modules.WebBrowser.csproj", "{3ACB10BA-6367-4DFE-8E06-A8279935F2CA}"
EndProject
Project("{FAE04EC0-301F-11D3-BF4B-00C04F79EFBC}") = "UnityCommander.Services.Tests", "UnityCommander.Service.Tests\UnityCommander.Services.Tests.csproj", "{50450BCB-893C-4D2A-9D84-D853B8A0CE40}"
EndProject
Project("{FAE04EC0-301F-11D3-BF4B-00C04F79EFBC}") = "UnityCommander.Plugins", "UnityCommander\UnityCommander.Plugins\UnityCommander.Plugins.csproj", "{C5F84053-6113-4CDA-AC00-45A0A167A166}"
EndProject
Project("{FAE04EC0-301F-11D3-BF4B-00C04F79EFBC}") = "UnityCommander.Plugins.Tests", "UnityCommander\Tests\UnityCommander.Plugins.Tests\UnityCommander.Plugins.Tests.csproj", "{8B5ECAA7-06FC-41EA-9D04-8340C849F5C2}"
EndProject
Project("{FAE04EC0-301F-11D3-BF4B-00C04F79EFBC}") = "UnityCommander.Modules.BottomPanel", "UnityCommander\Modules\BottomPanelModule\UnityCommander.Modules.BottomPanel\UnityCommander.Modules.BottomPanel.csproj", "{80F75E5D-4981-467B-ACB0-4BF93A278B00}"
EndProject
Project("{FAE04EC0-301F-11D3-BF4B-00C04F79EFBC}") = "UnityCommander.AI.ImageSearch", "UnityCommander\UnityCommander.AI.ImageSearch\UnityCommander.AI.ImageSearch.csproj", "{33672961-17CD-4D49-AE92-6DC1A12ABE5F}"
EndProject
Project("{FAE04EC0-301F-11D3-BF4B-00C04F79EFBC}") = "UnityCommander.CLI", "UnityCommander\UnityCommander.CLI\UnityCommander.CLI.csproj", "{6E0DA4B7-E2D1-41D3-8260-B80D2D0078EA}"
EndProject
Project("{FAE04EC0-301F-11D3-BF4B-00C04F79EFBC}") = "UnityCommander.Commands", "UnityCommander\UnityCommander.Commands\UnityCommander.Commands.csproj", "{8D7F208A-89C0-4A61-8E64-1DD011621197}"
EndProject
Project("{FAE04EC0-301F-11D3-BF4B-00C04F79EFBC}") = "UnityCommander.Copying", "UnityCommander\UnityCommander.Copying\UnityCommander.Copying.csproj", "{77480890-C19F-4B8C-AE23-9F83D4AF6A42}"
EndProject
Project("{FAE04EC0-301F-11D3-BF4B-00C04F79EFBC}") = "UnityCommander.MVVM", "UnityCommander\UnityCommander.MVVM\UnityCommander.MVVM.csproj", "{8C40C272-32A0-4145-8DDA-F39A0F12880B}"
EndProject
Project("{FAE04EC0-301F-11D3-BF4B-00C04F79EFBC}") = "UnityCommander.Logging", "UnityCommander\UnityCommander.Logging\UnityCommander.Logging.csproj", "{064E025B-EEA4-4C00-B13E-D0A97FB158B0}"
EndProject
Global
	GlobalSection(SolutionConfigurationPlatforms) = preSolution
		Debug|Any CPU = Debug|Any CPU
		Debug|ARM = Debug|ARM
		Debug|ARM64 = Debug|ARM64
		Debug|x64 = Debug|x64
		Debug|x86 = Debug|x86
		Release|Any CPU = Release|Any CPU
		Release|ARM = Release|ARM
		Release|ARM64 = Release|ARM64
		Release|x64 = Release|x64
		Release|x86 = Release|x86
		soft|Any CPU = soft|Any CPU
		soft|ARM = soft|ARM
		soft|ARM64 = soft|ARM64
		soft|x64 = soft|x64
		soft|x86 = soft|x86
	EndGlobalSection
	GlobalSection(ProjectConfigurationPlatforms) = postSolution
		{A8AACFE0-0A49-4CA2-8558-1FD1A17B0E17}.Debug|Any CPU.ActiveCfg = Debug|Any CPU
		{A8AACFE0-0A49-4CA2-8558-1FD1A17B0E17}.Debug|Any CPU.Build.0 = Debug|Any CPU
		{A8AACFE0-0A49-4CA2-8558-1FD1A17B0E17}.Debug|ARM.ActiveCfg = Debug|Any CPU
		{A8AACFE0-0A49-4CA2-8558-1FD1A17B0E17}.Debug|ARM.Build.0 = Debug|Any CPU
		{A8AACFE0-0A49-4CA2-8558-1FD1A17B0E17}.Debug|ARM64.ActiveCfg = Debug|Any CPU
		{A8AACFE0-0A49-4CA2-8558-1FD1A17B0E17}.Debug|ARM64.Build.0 = Debug|Any CPU
		{A8AACFE0-0A49-4CA2-8558-1FD1A17B0E17}.Debug|x64.ActiveCfg = Debug|Any CPU
		{A8AACFE0-0A49-4CA2-8558-1FD1A17B0E17}.Debug|x64.Build.0 = Debug|Any CPU
		{A8AACFE0-0A49-4CA2-8558-1FD1A17B0E17}.Debug|x86.ActiveCfg = Debug|Any CPU
		{A8AACFE0-0A49-4CA2-8558-1FD1A17B0E17}.Debug|x86.Build.0 = Debug|Any CPU
		{A8AACFE0-0A49-4CA2-8558-1FD1A17B0E17}.Release|Any CPU.ActiveCfg = Release|Any CPU
		{A8AACFE0-0A49-4CA2-8558-1FD1A17B0E17}.Release|Any CPU.Build.0 = Release|Any CPU
		{A8AACFE0-0A49-4CA2-8558-1FD1A17B0E17}.Release|ARM.ActiveCfg = Release|Any CPU
		{A8AACFE0-0A49-4CA2-8558-1FD1A17B0E17}.Release|ARM.Build.0 = Release|Any CPU
		{A8AACFE0-0A49-4CA2-8558-1FD1A17B0E17}.Release|ARM64.ActiveCfg = Release|Any CPU
		{A8AACFE0-0A49-4CA2-8558-1FD1A17B0E17}.Release|ARM64.Build.0 = Release|Any CPU
		{A8AACFE0-0A49-4CA2-8558-1FD1A17B0E17}.Release|x64.ActiveCfg = Release|Any CPU
		{A8AACFE0-0A49-4CA2-8558-1FD1A17B0E17}.Release|x64.Build.0 = Release|Any CPU
		{A8AACFE0-0A49-4CA2-8558-1FD1A17B0E17}.Release|x86.ActiveCfg = Release|Any CPU
		{A8AACFE0-0A49-4CA2-8558-1FD1A17B0E17}.Release|x86.Build.0 = Release|Any CPU
		{A8AACFE0-0A49-4CA2-8558-1FD1A17B0E17}.soft|Any CPU.ActiveCfg = Release|Any CPU
		{A8AACFE0-0A49-4CA2-8558-1FD1A17B0E17}.soft|Any CPU.Build.0 = Release|Any CPU
		{A8AACFE0-0A49-4CA2-8558-1FD1A17B0E17}.soft|ARM.ActiveCfg = Release|Any CPU
		{A8AACFE0-0A49-4CA2-8558-1FD1A17B0E17}.soft|ARM.Build.0 = Release|Any CPU
		{A8AACFE0-0A49-4CA2-8558-1FD1A17B0E17}.soft|ARM64.ActiveCfg = Release|Any CPU
		{A8AACFE0-0A49-4CA2-8558-1FD1A17B0E17}.soft|ARM64.Build.0 = Release|Any CPU
		{A8AACFE0-0A49-4CA2-8558-1FD1A17B0E17}.soft|x64.ActiveCfg = Release|Any CPU
		{A8AACFE0-0A49-4CA2-8558-1FD1A17B0E17}.soft|x64.Build.0 = Release|Any CPU
		{A8AACFE0-0A49-4CA2-8558-1FD1A17B0E17}.soft|x86.ActiveCfg = Release|Any CPU
		{A8AACFE0-0A49-4CA2-8558-1FD1A17B0E17}.soft|x86.Build.0 = Release|Any CPU
		{5F38C3A3-3D0B-4D75-B8A5-45A19E9F8B3D}.Debug|Any CPU.ActiveCfg = Debug|Any CPU
		{5F38C3A3-3D0B-4D75-B8A5-45A19E9F8B3D}.Debug|Any CPU.Build.0 = Debug|Any CPU
		{5F38C3A3-3D0B-4D75-B8A5-45A19E9F8B3D}.Debug|ARM.ActiveCfg = Debug|Any CPU
		{5F38C3A3-3D0B-4D75-B8A5-45A19E9F8B3D}.Debug|ARM.Build.0 = Debug|Any CPU
		{5F38C3A3-3D0B-4D75-B8A5-45A19E9F8B3D}.Debug|ARM64.ActiveCfg = Debug|Any CPU
		{5F38C3A3-3D0B-4D75-B8A5-45A19E9F8B3D}.Debug|ARM64.Build.0 = Debug|Any CPU
		{5F38C3A3-3D0B-4D75-B8A5-45A19E9F8B3D}.Debug|x64.ActiveCfg = Debug|Any CPU
		{5F38C3A3-3D0B-4D75-B8A5-45A19E9F8B3D}.Debug|x64.Build.0 = Debug|Any CPU
		{5F38C3A3-3D0B-4D75-B8A5-45A19E9F8B3D}.Debug|x86.ActiveCfg = Debug|Any CPU
		{5F38C3A3-3D0B-4D75-B8A5-45A19E9F8B3D}.Debug|x86.Build.0 = Debug|Any CPU
		{5F38C3A3-3D0B-4D75-B8A5-45A19E9F8B3D}.Release|Any CPU.ActiveCfg = Release|Any CPU
		{5F38C3A3-3D0B-4D75-B8A5-45A19E9F8B3D}.Release|Any CPU.Build.0 = Release|Any CPU
		{5F38C3A3-3D0B-4D75-B8A5-45A19E9F8B3D}.Release|ARM.ActiveCfg = Release|Any CPU
		{5F38C3A3-3D0B-4D75-B8A5-45A19E9F8B3D}.Release|ARM.Build.0 = Release|Any CPU
		{5F38C3A3-3D0B-4D75-B8A5-45A19E9F8B3D}.Release|ARM64.ActiveCfg = Release|Any CPU
		{5F38C3A3-3D0B-4D75-B8A5-45A19E9F8B3D}.Release|ARM64.Build.0 = Release|Any CPU
		{5F38C3A3-3D0B-4D75-B8A5-45A19E9F8B3D}.Release|x64.ActiveCfg = Release|Any CPU
		{5F38C3A3-3D0B-4D75-B8A5-45A19E9F8B3D}.Release|x64.Build.0 = Release|Any CPU
		{5F38C3A3-3D0B-4D75-B8A5-45A19E9F8B3D}.Release|x86.ActiveCfg = Release|Any CPU
		{5F38C3A3-3D0B-4D75-B8A5-45A19E9F8B3D}.Release|x86.Build.0 = Release|Any CPU
		{5F38C3A3-3D0B-4D75-B8A5-45A19E9F8B3D}.soft|Any CPU.ActiveCfg = Release|Any CPU
		{5F38C3A3-3D0B-4D75-B8A5-45A19E9F8B3D}.soft|Any CPU.Build.0 = Release|Any CPU
		{5F38C3A3-3D0B-4D75-B8A5-45A19E9F8B3D}.soft|ARM.ActiveCfg = Release|Any CPU
		{5F38C3A3-3D0B-4D75-B8A5-45A19E9F8B3D}.soft|ARM.Build.0 = Release|Any CPU
		{5F38C3A3-3D0B-4D75-B8A5-45A19E9F8B3D}.soft|ARM64.ActiveCfg = Release|Any CPU
		{5F38C3A3-3D0B-4D75-B8A5-45A19E9F8B3D}.soft|ARM64.Build.0 = Release|Any CPU
		{5F38C3A3-3D0B-4D75-B8A5-45A19E9F8B3D}.soft|x64.ActiveCfg = Release|Any CPU
		{5F38C3A3-3D0B-4D75-B8A5-45A19E9F8B3D}.soft|x64.Build.0 = Release|Any CPU
		{5F38C3A3-3D0B-4D75-B8A5-45A19E9F8B3D}.soft|x86.ActiveCfg = Release|Any CPU
		{5F38C3A3-3D0B-4D75-B8A5-45A19E9F8B3D}.soft|x86.Build.0 = Release|Any CPU
		{25EF82CF-DCA5-452C-983B-34830097D77A}.Debug|Any CPU.ActiveCfg = Debug|Any CPU
		{25EF82CF-DCA5-452C-983B-34830097D77A}.Debug|Any CPU.Build.0 = Debug|Any CPU
		{25EF82CF-DCA5-452C-983B-34830097D77A}.Debug|ARM.ActiveCfg = Debug|Any CPU
		{25EF82CF-DCA5-452C-983B-34830097D77A}.Debug|ARM.Build.0 = Debug|Any CPU
		{25EF82CF-DCA5-452C-983B-34830097D77A}.Debug|ARM64.ActiveCfg = Debug|Any CPU
		{25EF82CF-DCA5-452C-983B-34830097D77A}.Debug|ARM64.Build.0 = Debug|Any CPU
		{25EF82CF-DCA5-452C-983B-34830097D77A}.Debug|x64.ActiveCfg = Debug|Any CPU
		{25EF82CF-DCA5-452C-983B-34830097D77A}.Debug|x64.Build.0 = Debug|Any CPU
		{25EF82CF-DCA5-452C-983B-34830097D77A}.Debug|x86.ActiveCfg = Debug|Any CPU
		{25EF82CF-DCA5-452C-983B-34830097D77A}.Debug|x86.Build.0 = Debug|Any CPU
		{25EF82CF-DCA5-452C-983B-34830097D77A}.Release|Any CPU.ActiveCfg = Release|Any CPU
		{25EF82CF-DCA5-452C-983B-34830097D77A}.Release|Any CPU.Build.0 = Release|Any CPU
		{25EF82CF-DCA5-452C-983B-34830097D77A}.Release|ARM.ActiveCfg = Release|Any CPU
		{25EF82CF-DCA5-452C-983B-34830097D77A}.Release|ARM.Build.0 = Release|Any CPU
		{25EF82CF-DCA5-452C-983B-34830097D77A}.Release|ARM64.ActiveCfg = Release|Any CPU
		{25EF82CF-DCA5-452C-983B-34830097D77A}.Release|ARM64.Build.0 = Release|Any CPU
		{25EF82CF-DCA5-452C-983B-34830097D77A}.Release|x64.ActiveCfg = Release|Any CPU
		{25EF82CF-DCA5-452C-983B-34830097D77A}.Release|x64.Build.0 = Release|Any CPU
		{25EF82CF-DCA5-452C-983B-34830097D77A}.Release|x86.ActiveCfg = Release|Any CPU
		{25EF82CF-DCA5-452C-983B-34830097D77A}.Release|x86.Build.0 = Release|Any CPU
		{25EF82CF-DCA5-452C-983B-34830097D77A}.soft|Any CPU.ActiveCfg = Release|Any CPU
		{25EF82CF-DCA5-452C-983B-34830097D77A}.soft|Any CPU.Build.0 = Release|Any CPU
		{25EF82CF-DCA5-452C-983B-34830097D77A}.soft|ARM.ActiveCfg = Release|Any CPU
		{25EF82CF-DCA5-452C-983B-34830097D77A}.soft|ARM.Build.0 = Release|Any CPU
		{25EF82CF-DCA5-452C-983B-34830097D77A}.soft|ARM64.ActiveCfg = Release|Any CPU
		{25EF82CF-DCA5-452C-983B-34830097D77A}.soft|ARM64.Build.0 = Release|Any CPU
		{25EF82CF-DCA5-452C-983B-34830097D77A}.soft|x64.ActiveCfg = Release|Any CPU
		{25EF82CF-DCA5-452C-983B-34830097D77A}.soft|x64.Build.0 = Release|Any CPU
		{25EF82CF-DCA5-452C-983B-34830097D77A}.soft|x86.ActiveCfg = Release|Any CPU
		{25EF82CF-DCA5-452C-983B-34830097D77A}.soft|x86.Build.0 = Release|Any CPU
		{479ED3A8-0141-420B-861E-EC89F5185927}.Debug|Any CPU.ActiveCfg = Debug|Any CPU
		{479ED3A8-0141-420B-861E-EC89F5185927}.Debug|Any CPU.Build.0 = Debug|Any CPU
		{479ED3A8-0141-420B-861E-EC89F5185927}.Debug|ARM.ActiveCfg = Debug|Any CPU
		{479ED3A8-0141-420B-861E-EC89F5185927}.Debug|ARM.Build.0 = Debug|Any CPU
		{479ED3A8-0141-420B-861E-EC89F5185927}.Debug|ARM64.ActiveCfg = Debug|Any CPU
		{479ED3A8-0141-420B-861E-EC89F5185927}.Debug|ARM64.Build.0 = Debug|Any CPU
		{479ED3A8-0141-420B-861E-EC89F5185927}.Debug|x64.ActiveCfg = Debug|Any CPU
		{479ED3A8-0141-420B-861E-EC89F5185927}.Debug|x64.Build.0 = Debug|Any CPU
		{479ED3A8-0141-420B-861E-EC89F5185927}.Debug|x86.ActiveCfg = Debug|Any CPU
		{479ED3A8-0141-420B-861E-EC89F5185927}.Debug|x86.Build.0 = Debug|Any CPU
		{479ED3A8-0141-420B-861E-EC89F5185927}.Release|Any CPU.ActiveCfg = Release|Any CPU
		{479ED3A8-0141-420B-861E-EC89F5185927}.Release|Any CPU.Build.0 = Release|Any CPU
		{479ED3A8-0141-420B-861E-EC89F5185927}.Release|ARM.ActiveCfg = Release|Any CPU
		{479ED3A8-0141-420B-861E-EC89F5185927}.Release|ARM.Build.0 = Release|Any CPU
		{479ED3A8-0141-420B-861E-EC89F5185927}.Release|ARM64.ActiveCfg = Release|Any CPU
		{479ED3A8-0141-420B-861E-EC89F5185927}.Release|ARM64.Build.0 = Release|Any CPU
		{479ED3A8-0141-420B-861E-EC89F5185927}.Release|x64.ActiveCfg = Release|Any CPU
		{479ED3A8-0141-420B-861E-EC89F5185927}.Release|x64.Build.0 = Release|Any CPU
		{479ED3A8-0141-420B-861E-EC89F5185927}.Release|x86.ActiveCfg = Release|Any CPU
		{479ED3A8-0141-420B-861E-EC89F5185927}.Release|x86.Build.0 = Release|Any CPU
		{479ED3A8-0141-420B-861E-EC89F5185927}.soft|Any CPU.ActiveCfg = Release|Any CPU
		{479ED3A8-0141-420B-861E-EC89F5185927}.soft|Any CPU.Build.0 = Release|Any CPU
		{479ED3A8-0141-420B-861E-EC89F5185927}.soft|ARM.ActiveCfg = Release|Any CPU
		{479ED3A8-0141-420B-861E-EC89F5185927}.soft|ARM.Build.0 = Release|Any CPU
		{479ED3A8-0141-420B-861E-EC89F5185927}.soft|ARM64.ActiveCfg = Release|Any CPU
		{479ED3A8-0141-420B-861E-EC89F5185927}.soft|ARM64.Build.0 = Release|Any CPU
		{479ED3A8-0141-420B-861E-EC89F5185927}.soft|x64.ActiveCfg = Release|Any CPU
		{479ED3A8-0141-420B-861E-EC89F5185927}.soft|x64.Build.0 = Release|Any CPU
		{479ED3A8-0141-420B-861E-EC89F5185927}.soft|x86.ActiveCfg = Release|Any CPU
		{479ED3A8-0141-420B-861E-EC89F5185927}.soft|x86.Build.0 = Release|Any CPU
		{D4B517D9-0A06-489D-A764-16B720A809C0}.Debug|Any CPU.ActiveCfg = Debug|Any CPU
		{D4B517D9-0A06-489D-A764-16B720A809C0}.Debug|Any CPU.Build.0 = Debug|Any CPU
		{D4B517D9-0A06-489D-A764-16B720A809C0}.Debug|ARM.ActiveCfg = Debug|Any CPU
		{D4B517D9-0A06-489D-A764-16B720A809C0}.Debug|ARM.Build.0 = Debug|Any CPU
		{D4B517D9-0A06-489D-A764-16B720A809C0}.Debug|ARM64.ActiveCfg = Debug|Any CPU
		{D4B517D9-0A06-489D-A764-16B720A809C0}.Debug|ARM64.Build.0 = Debug|Any CPU
		{D4B517D9-0A06-489D-A764-16B720A809C0}.Debug|x64.ActiveCfg = Debug|Any CPU
		{D4B517D9-0A06-489D-A764-16B720A809C0}.Debug|x64.Build.0 = Debug|Any CPU
		{D4B517D9-0A06-489D-A764-16B720A809C0}.Debug|x86.ActiveCfg = Debug|Any CPU
		{D4B517D9-0A06-489D-A764-16B720A809C0}.Debug|x86.Build.0 = Debug|Any CPU
		{D4B517D9-0A06-489D-A764-16B720A809C0}.Release|Any CPU.ActiveCfg = Release|Any CPU
		{D4B517D9-0A06-489D-A764-16B720A809C0}.Release|Any CPU.Build.0 = Release|Any CPU
		{D4B517D9-0A06-489D-A764-16B720A809C0}.Release|ARM.ActiveCfg = Release|Any CPU
		{D4B517D9-0A06-489D-A764-16B720A809C0}.Release|ARM.Build.0 = Release|Any CPU
		{D4B517D9-0A06-489D-A764-16B720A809C0}.Release|ARM64.ActiveCfg = Release|Any CPU
		{D4B517D9-0A06-489D-A764-16B720A809C0}.Release|ARM64.Build.0 = Release|Any CPU
		{D4B517D9-0A06-489D-A764-16B720A809C0}.Release|x64.ActiveCfg = Release|Any CPU
		{D4B517D9-0A06-489D-A764-16B720A809C0}.Release|x64.Build.0 = Release|Any CPU
		{D4B517D9-0A06-489D-A764-16B720A809C0}.Release|x86.ActiveCfg = Release|Any CPU
		{D4B517D9-0A06-489D-A764-16B720A809C0}.Release|x86.Build.0 = Release|Any CPU
		{D4B517D9-0A06-489D-A764-16B720A809C0}.soft|Any CPU.ActiveCfg = Release|Any CPU
		{D4B517D9-0A06-489D-A764-16B720A809C0}.soft|Any CPU.Build.0 = Release|Any CPU
		{D4B517D9-0A06-489D-A764-16B720A809C0}.soft|ARM.ActiveCfg = Release|Any CPU
		{D4B517D9-0A06-489D-A764-16B720A809C0}.soft|ARM.Build.0 = Release|Any CPU
		{D4B517D9-0A06-489D-A764-16B720A809C0}.soft|ARM64.ActiveCfg = Release|Any CPU
		{D4B517D9-0A06-489D-A764-16B720A809C0}.soft|ARM64.Build.0 = Release|Any CPU
		{D4B517D9-0A06-489D-A764-16B720A809C0}.soft|x64.ActiveCfg = Release|Any CPU
		{D4B517D9-0A06-489D-A764-16B720A809C0}.soft|x64.Build.0 = Release|Any CPU
		{D4B517D9-0A06-489D-A764-16B720A809C0}.soft|x86.ActiveCfg = Release|Any CPU
		{D4B517D9-0A06-489D-A764-16B720A809C0}.soft|x86.Build.0 = Release|Any CPU
		{FDC8F3D0-1ABA-4165-AAE2-FD0AFBB195C5}.Debug|Any CPU.ActiveCfg = Debug|Any CPU
		{FDC8F3D0-1ABA-4165-AAE2-FD0AFBB195C5}.Debug|Any CPU.Build.0 = Debug|Any CPU
		{FDC8F3D0-1ABA-4165-AAE2-FD0AFBB195C5}.Debug|ARM.ActiveCfg = Debug|Any CPU
		{FDC8F3D0-1ABA-4165-AAE2-FD0AFBB195C5}.Debug|ARM.Build.0 = Debug|Any CPU
		{FDC8F3D0-1ABA-4165-AAE2-FD0AFBB195C5}.Debug|ARM64.ActiveCfg = Debug|Any CPU
		{FDC8F3D0-1ABA-4165-AAE2-FD0AFBB195C5}.Debug|ARM64.Build.0 = Debug|Any CPU
		{FDC8F3D0-1ABA-4165-AAE2-FD0AFBB195C5}.Debug|x64.ActiveCfg = Debug|Any CPU
		{FDC8F3D0-1ABA-4165-AAE2-FD0AFBB195C5}.Debug|x64.Build.0 = Debug|Any CPU
		{FDC8F3D0-1ABA-4165-AAE2-FD0AFBB195C5}.Debug|x86.ActiveCfg = Debug|Any CPU
		{FDC8F3D0-1ABA-4165-AAE2-FD0AFBB195C5}.Debug|x86.Build.0 = Debug|Any CPU
		{FDC8F3D0-1ABA-4165-AAE2-FD0AFBB195C5}.Release|Any CPU.ActiveCfg = Release|Any CPU
		{FDC8F3D0-1ABA-4165-AAE2-FD0AFBB195C5}.Release|Any CPU.Build.0 = Release|Any CPU
		{FDC8F3D0-1ABA-4165-AAE2-FD0AFBB195C5}.Release|ARM.ActiveCfg = Release|Any CPU
		{FDC8F3D0-1ABA-4165-AAE2-FD0AFBB195C5}.Release|ARM.Build.0 = Release|Any CPU
		{FDC8F3D0-1ABA-4165-AAE2-FD0AFBB195C5}.Release|ARM64.ActiveCfg = Release|Any CPU
		{FDC8F3D0-1ABA-4165-AAE2-FD0AFBB195C5}.Release|ARM64.Build.0 = Release|Any CPU
		{FDC8F3D0-1ABA-4165-AAE2-FD0AFBB195C5}.Release|x64.ActiveCfg = Release|Any CPU
		{FDC8F3D0-1ABA-4165-AAE2-FD0AFBB195C5}.Release|x64.Build.0 = Release|Any CPU
		{FDC8F3D0-1ABA-4165-AAE2-FD0AFBB195C5}.Release|x86.ActiveCfg = Release|Any CPU
		{FDC8F3D0-1ABA-4165-AAE2-FD0AFBB195C5}.Release|x86.Build.0 = Release|Any CPU
		{FDC8F3D0-1ABA-4165-AAE2-FD0AFBB195C5}.soft|Any CPU.ActiveCfg = Release|Any CPU
		{FDC8F3D0-1ABA-4165-AAE2-FD0AFBB195C5}.soft|Any CPU.Build.0 = Release|Any CPU
		{FDC8F3D0-1ABA-4165-AAE2-FD0AFBB195C5}.soft|ARM.ActiveCfg = Release|Any CPU
		{FDC8F3D0-1ABA-4165-AAE2-FD0AFBB195C5}.soft|ARM.Build.0 = Release|Any CPU
		{FDC8F3D0-1ABA-4165-AAE2-FD0AFBB195C5}.soft|ARM64.ActiveCfg = Release|Any CPU
		{FDC8F3D0-1ABA-4165-AAE2-FD0AFBB195C5}.soft|ARM64.Build.0 = Release|Any CPU
		{FDC8F3D0-1ABA-4165-AAE2-FD0AFBB195C5}.soft|x64.ActiveCfg = Release|Any CPU
		{FDC8F3D0-1ABA-4165-AAE2-FD0AFBB195C5}.soft|x64.Build.0 = Release|Any CPU
		{FDC8F3D0-1ABA-4165-AAE2-FD0AFBB195C5}.soft|x86.ActiveCfg = Release|Any CPU
		{FDC8F3D0-1ABA-4165-AAE2-FD0AFBB195C5}.soft|x86.Build.0 = Release|Any CPU
		{C49000D0-3E16-4F42-8D67-5BF650E3E6B9}.Debug|Any CPU.ActiveCfg = Debug|Any CPU
		{C49000D0-3E16-4F42-8D67-5BF650E3E6B9}.Debug|Any CPU.Build.0 = Debug|Any CPU
		{C49000D0-3E16-4F42-8D67-5BF650E3E6B9}.Debug|ARM.ActiveCfg = Debug|Any CPU
		{C49000D0-3E16-4F42-8D67-5BF650E3E6B9}.Debug|ARM.Build.0 = Debug|Any CPU
		{C49000D0-3E16-4F42-8D67-5BF650E3E6B9}.Debug|ARM64.ActiveCfg = Debug|Any CPU
		{C49000D0-3E16-4F42-8D67-5BF650E3E6B9}.Debug|ARM64.Build.0 = Debug|Any CPU
		{C49000D0-3E16-4F42-8D67-5BF650E3E6B9}.Debug|x64.ActiveCfg = Debug|Any CPU
		{C49000D0-3E16-4F42-8D67-5BF650E3E6B9}.Debug|x64.Build.0 = Debug|Any CPU
		{C49000D0-3E16-4F42-8D67-5BF650E3E6B9}.Debug|x86.ActiveCfg = Debug|Any CPU
		{C49000D0-3E16-4F42-8D67-5BF650E3E6B9}.Debug|x86.Build.0 = Debug|Any CPU
		{C49000D0-3E16-4F42-8D67-5BF650E3E6B9}.Release|Any CPU.ActiveCfg = Release|Any CPU
		{C49000D0-3E16-4F42-8D67-5BF650E3E6B9}.Release|Any CPU.Build.0 = Release|Any CPU
		{C49000D0-3E16-4F42-8D67-5BF650E3E6B9}.Release|ARM.ActiveCfg = Release|Any CPU
		{C49000D0-3E16-4F42-8D67-5BF650E3E6B9}.Release|ARM.Build.0 = Release|Any CPU
		{C49000D0-3E16-4F42-8D67-5BF650E3E6B9}.Release|ARM64.ActiveCfg = Release|Any CPU
		{C49000D0-3E16-4F42-8D67-5BF650E3E6B9}.Release|ARM64.Build.0 = Release|Any CPU
		{C49000D0-3E16-4F42-8D67-5BF650E3E6B9}.Release|x64.ActiveCfg = Release|Any CPU
		{C49000D0-3E16-4F42-8D67-5BF650E3E6B9}.Release|x64.Build.0 = Release|Any CPU
		{C49000D0-3E16-4F42-8D67-5BF650E3E6B9}.Release|x86.ActiveCfg = Release|Any CPU
		{C49000D0-3E16-4F42-8D67-5BF650E3E6B9}.Release|x86.Build.0 = Release|Any CPU
		{C49000D0-3E16-4F42-8D67-5BF650E3E6B9}.soft|Any CPU.ActiveCfg = Release|Any CPU
		{C49000D0-3E16-4F42-8D67-5BF650E3E6B9}.soft|Any CPU.Build.0 = Release|Any CPU
		{C49000D0-3E16-4F42-8D67-5BF650E3E6B9}.soft|ARM.ActiveCfg = Release|Any CPU
		{C49000D0-3E16-4F42-8D67-5BF650E3E6B9}.soft|ARM.Build.0 = Release|Any CPU
		{C49000D0-3E16-4F42-8D67-5BF650E3E6B9}.soft|ARM64.ActiveCfg = Release|Any CPU
		{C49000D0-3E16-4F42-8D67-5BF650E3E6B9}.soft|ARM64.Build.0 = Release|Any CPU
		{C49000D0-3E16-4F42-8D67-5BF650E3E6B9}.soft|x64.ActiveCfg = Release|Any CPU
		{C49000D0-3E16-4F42-8D67-5BF650E3E6B9}.soft|x64.Build.0 = Release|Any CPU
		{C49000D0-3E16-4F42-8D67-5BF650E3E6B9}.soft|x86.ActiveCfg = Release|Any CPU
		{C49000D0-3E16-4F42-8D67-5BF650E3E6B9}.soft|x86.Build.0 = Release|Any CPU
		{6BEB4DFB-6B12-4619-BADD-508D30B82314}.Debug|Any CPU.ActiveCfg = Debug|Any CPU
		{6BEB4DFB-6B12-4619-BADD-508D30B82314}.Debug|Any CPU.Build.0 = Debug|Any CPU
		{6BEB4DFB-6B12-4619-BADD-508D30B82314}.Debug|ARM.ActiveCfg = Debug|Any CPU
		{6BEB4DFB-6B12-4619-BADD-508D30B82314}.Debug|ARM.Build.0 = Debug|Any CPU
		{6BEB4DFB-6B12-4619-BADD-508D30B82314}.Debug|ARM64.ActiveCfg = Debug|Any CPU
		{6BEB4DFB-6B12-4619-BADD-508D30B82314}.Debug|ARM64.Build.0 = Debug|Any CPU
		{6BEB4DFB-6B12-4619-BADD-508D30B82314}.Debug|x64.ActiveCfg = Debug|Any CPU
		{6BEB4DFB-6B12-4619-BADD-508D30B82314}.Debug|x64.Build.0 = Debug|Any CPU
		{6BEB4DFB-6B12-4619-BADD-508D30B82314}.Debug|x86.ActiveCfg = Debug|Any CPU
		{6BEB4DFB-6B12-4619-BADD-508D30B82314}.Debug|x86.Build.0 = Debug|Any CPU
		{6BEB4DFB-6B12-4619-BADD-508D30B82314}.Release|Any CPU.ActiveCfg = Release|Any CPU
		{6BEB4DFB-6B12-4619-BADD-508D30B82314}.Release|Any CPU.Build.0 = Release|Any CPU
		{6BEB4DFB-6B12-4619-BADD-508D30B82314}.Release|ARM.ActiveCfg = Release|Any CPU
		{6BEB4DFB-6B12-4619-BADD-508D30B82314}.Release|ARM.Build.0 = Release|Any CPU
		{6BEB4DFB-6B12-4619-BADD-508D30B82314}.Release|ARM64.ActiveCfg = Release|Any CPU
		{6BEB4DFB-6B12-4619-BADD-508D30B82314}.Release|ARM64.Build.0 = Release|Any CPU
		{6BEB4DFB-6B12-4619-BADD-508D30B82314}.Release|x64.ActiveCfg = Release|Any CPU
		{6BEB4DFB-6B12-4619-BADD-508D30B82314}.Release|x64.Build.0 = Release|Any CPU
		{6BEB4DFB-6B12-4619-BADD-508D30B82314}.Release|x86.ActiveCfg = Release|Any CPU
		{6BEB4DFB-6B12-4619-BADD-508D30B82314}.Release|x86.Build.0 = Release|Any CPU
		{6BEB4DFB-6B12-4619-BADD-508D30B82314}.soft|Any CPU.ActiveCfg = Release|Any CPU
		{6BEB4DFB-6B12-4619-BADD-508D30B82314}.soft|Any CPU.Build.0 = Release|Any CPU
		{6BEB4DFB-6B12-4619-BADD-508D30B82314}.soft|ARM.ActiveCfg = Release|Any CPU
		{6BEB4DFB-6B12-4619-BADD-508D30B82314}.soft|ARM.Build.0 = Release|Any CPU
		{6BEB4DFB-6B12-4619-BADD-508D30B82314}.soft|ARM64.ActiveCfg = Release|Any CPU
		{6BEB4DFB-6B12-4619-BADD-508D30B82314}.soft|ARM64.Build.0 = Release|Any CPU
		{6BEB4DFB-6B12-4619-BADD-508D30B82314}.soft|x64.ActiveCfg = Release|Any CPU
		{6BEB4DFB-6B12-4619-BADD-508D30B82314}.soft|x64.Build.0 = Release|Any CPU
		{6BEB4DFB-6B12-4619-BADD-508D30B82314}.soft|x86.ActiveCfg = Release|Any CPU
		{6BEB4DFB-6B12-4619-BADD-508D30B82314}.soft|x86.Build.0 = Release|Any CPU
		{59480595-09DB-40DE-BC77-2F2D2194EEC6}.Debug|Any CPU.ActiveCfg = Debug|Any CPU
		{59480595-09DB-40DE-BC77-2F2D2194EEC6}.Debug|Any CPU.Build.0 = Debug|Any CPU
		{59480595-09DB-40DE-BC77-2F2D2194EEC6}.Debug|ARM.ActiveCfg = Debug|Any CPU
		{59480595-09DB-40DE-BC77-2F2D2194EEC6}.Debug|ARM.Build.0 = Debug|Any CPU
		{59480595-09DB-40DE-BC77-2F2D2194EEC6}.Debug|ARM64.ActiveCfg = Debug|Any CPU
		{59480595-09DB-40DE-BC77-2F2D2194EEC6}.Debug|ARM64.Build.0 = Debug|Any CPU
		{59480595-09DB-40DE-BC77-2F2D2194EEC6}.Debug|x64.ActiveCfg = Debug|Any CPU
		{59480595-09DB-40DE-BC77-2F2D2194EEC6}.Debug|x64.Build.0 = Debug|Any CPU
		{59480595-09DB-40DE-BC77-2F2D2194EEC6}.Debug|x86.ActiveCfg = Debug|Any CPU
		{59480595-09DB-40DE-BC77-2F2D2194EEC6}.Debug|x86.Build.0 = Debug|Any CPU
		{59480595-09DB-40DE-BC77-2F2D2194EEC6}.Release|Any CPU.ActiveCfg = Release|Any CPU
		{59480595-09DB-40DE-BC77-2F2D2194EEC6}.Release|Any CPU.Build.0 = Release|Any CPU
		{59480595-09DB-40DE-BC77-2F2D2194EEC6}.Release|ARM.ActiveCfg = Release|Any CPU
		{59480595-09DB-40DE-BC77-2F2D2194EEC6}.Release|ARM.Build.0 = Release|Any CPU
		{59480595-09DB-40DE-BC77-2F2D2194EEC6}.Release|ARM64.ActiveCfg = Release|Any CPU
		{59480595-09DB-40DE-BC77-2F2D2194EEC6}.Release|ARM64.Build.0 = Release|Any CPU
		{59480595-09DB-40DE-BC77-2F2D2194EEC6}.Release|x64.ActiveCfg = Release|Any CPU
		{59480595-09DB-40DE-BC77-2F2D2194EEC6}.Release|x64.Build.0 = Release|Any CPU
		{59480595-09DB-40DE-BC77-2F2D2194EEC6}.Release|x86.ActiveCfg = Release|Any CPU
		{59480595-09DB-40DE-BC77-2F2D2194EEC6}.Release|x86.Build.0 = Release|Any CPU
		{59480595-09DB-40DE-BC77-2F2D2194EEC6}.soft|Any CPU.ActiveCfg = Release|Any CPU
		{59480595-09DB-40DE-BC77-2F2D2194EEC6}.soft|Any CPU.Build.0 = Release|Any CPU
		{59480595-09DB-40DE-BC77-2F2D2194EEC6}.soft|ARM.ActiveCfg = Release|Any CPU
		{59480595-09DB-40DE-BC77-2F2D2194EEC6}.soft|ARM.Build.0 = Release|Any CPU
		{59480595-09DB-40DE-BC77-2F2D2194EEC6}.soft|ARM64.ActiveCfg = Release|Any CPU
		{59480595-09DB-40DE-BC77-2F2D2194EEC6}.soft|ARM64.Build.0 = Release|Any CPU
		{59480595-09DB-40DE-BC77-2F2D2194EEC6}.soft|x64.ActiveCfg = Release|Any CPU
		{59480595-09DB-40DE-BC77-2F2D2194EEC6}.soft|x64.Build.0 = Release|Any CPU
		{59480595-09DB-40DE-BC77-2F2D2194EEC6}.soft|x86.ActiveCfg = Release|Any CPU
		{59480595-09DB-40DE-BC77-2F2D2194EEC6}.soft|x86.Build.0 = Release|Any CPU
		{972903B9-3A52-4F95-8364-42A6975D5FC0}.Debug|Any CPU.ActiveCfg = Debug|Any CPU
		{972903B9-3A52-4F95-8364-42A6975D5FC0}.Debug|Any CPU.Build.0 = Debug|Any CPU
		{972903B9-3A52-4F95-8364-42A6975D5FC0}.Debug|ARM.ActiveCfg = Debug|Any CPU
		{972903B9-3A52-4F95-8364-42A6975D5FC0}.Debug|ARM.Build.0 = Debug|Any CPU
		{972903B9-3A52-4F95-8364-42A6975D5FC0}.Debug|ARM64.ActiveCfg = Debug|Any CPU
		{972903B9-3A52-4F95-8364-42A6975D5FC0}.Debug|ARM64.Build.0 = Debug|Any CPU
		{972903B9-3A52-4F95-8364-42A6975D5FC0}.Debug|x64.ActiveCfg = Debug|Any CPU
		{972903B9-3A52-4F95-8364-42A6975D5FC0}.Debug|x64.Build.0 = Debug|Any CPU
		{972903B9-3A52-4F95-8364-42A6975D5FC0}.Debug|x86.ActiveCfg = Debug|Any CPU
		{972903B9-3A52-4F95-8364-42A6975D5FC0}.Debug|x86.Build.0 = Debug|Any CPU
		{972903B9-3A52-4F95-8364-42A6975D5FC0}.Release|Any CPU.ActiveCfg = Release|Any CPU
		{972903B9-3A52-4F95-8364-42A6975D5FC0}.Release|Any CPU.Build.0 = Release|Any CPU
		{972903B9-3A52-4F95-8364-42A6975D5FC0}.Release|ARM.ActiveCfg = Release|Any CPU
		{972903B9-3A52-4F95-8364-42A6975D5FC0}.Release|ARM.Build.0 = Release|Any CPU
		{972903B9-3A52-4F95-8364-42A6975D5FC0}.Release|ARM64.ActiveCfg = Release|Any CPU
		{972903B9-3A52-4F95-8364-42A6975D5FC0}.Release|ARM64.Build.0 = Release|Any CPU
		{972903B9-3A52-4F95-8364-42A6975D5FC0}.Release|x64.ActiveCfg = Release|Any CPU
		{972903B9-3A52-4F95-8364-42A6975D5FC0}.Release|x64.Build.0 = Release|Any CPU
		{972903B9-3A52-4F95-8364-42A6975D5FC0}.Release|x86.ActiveCfg = Release|Any CPU
		{972903B9-3A52-4F95-8364-42A6975D5FC0}.Release|x86.Build.0 = Release|Any CPU
		{972903B9-3A52-4F95-8364-42A6975D5FC0}.soft|Any CPU.ActiveCfg = Release|Any CPU
		{972903B9-3A52-4F95-8364-42A6975D5FC0}.soft|Any CPU.Build.0 = Release|Any CPU
		{972903B9-3A52-4F95-8364-42A6975D5FC0}.soft|ARM.ActiveCfg = Release|Any CPU
		{972903B9-3A52-4F95-8364-42A6975D5FC0}.soft|ARM.Build.0 = Release|Any CPU
		{972903B9-3A52-4F95-8364-42A6975D5FC0}.soft|ARM64.ActiveCfg = Release|Any CPU
		{972903B9-3A52-4F95-8364-42A6975D5FC0}.soft|ARM64.Build.0 = Release|Any CPU
		{972903B9-3A52-4F95-8364-42A6975D5FC0}.soft|x64.ActiveCfg = Release|Any CPU
		{972903B9-3A52-4F95-8364-42A6975D5FC0}.soft|x64.Build.0 = Release|Any CPU
		{972903B9-3A52-4F95-8364-42A6975D5FC0}.soft|x86.ActiveCfg = Release|Any CPU
		{972903B9-3A52-4F95-8364-42A6975D5FC0}.soft|x86.Build.0 = Release|Any CPU
		{E56227A6-9723-4B4B-8E6C-3F889D78854F}.Debug|Any CPU.ActiveCfg = Debug|Any CPU
		{E56227A6-9723-4B4B-8E6C-3F889D78854F}.Debug|Any CPU.Build.0 = Debug|Any CPU
		{E56227A6-9723-4B4B-8E6C-3F889D78854F}.Debug|ARM.ActiveCfg = Debug|Any CPU
		{E56227A6-9723-4B4B-8E6C-3F889D78854F}.Debug|ARM.Build.0 = Debug|Any CPU
		{E56227A6-9723-4B4B-8E6C-3F889D78854F}.Debug|ARM64.ActiveCfg = Debug|Any CPU
		{E56227A6-9723-4B4B-8E6C-3F889D78854F}.Debug|ARM64.Build.0 = Debug|Any CPU
		{E56227A6-9723-4B4B-8E6C-3F889D78854F}.Debug|x64.ActiveCfg = Debug|Any CPU
		{E56227A6-9723-4B4B-8E6C-3F889D78854F}.Debug|x64.Build.0 = Debug|Any CPU
		{E56227A6-9723-4B4B-8E6C-3F889D78854F}.Debug|x86.ActiveCfg = Debug|Any CPU
		{E56227A6-9723-4B4B-8E6C-3F889D78854F}.Debug|x86.Build.0 = Debug|Any CPU
		{E56227A6-9723-4B4B-8E6C-3F889D78854F}.Release|Any CPU.ActiveCfg = Release|Any CPU
		{E56227A6-9723-4B4B-8E6C-3F889D78854F}.Release|Any CPU.Build.0 = Release|Any CPU
		{E56227A6-9723-4B4B-8E6C-3F889D78854F}.Release|ARM.ActiveCfg = Release|Any CPU
		{E56227A6-9723-4B4B-8E6C-3F889D78854F}.Release|ARM.Build.0 = Release|Any CPU
		{E56227A6-9723-4B4B-8E6C-3F889D78854F}.Release|ARM64.ActiveCfg = Release|Any CPU
		{E56227A6-9723-4B4B-8E6C-3F889D78854F}.Release|ARM64.Build.0 = Release|Any CPU
		{E56227A6-9723-4B4B-8E6C-3F889D78854F}.Release|x64.ActiveCfg = Release|Any CPU
		{E56227A6-9723-4B4B-8E6C-3F889D78854F}.Release|x64.Build.0 = Release|Any CPU
		{E56227A6-9723-4B4B-8E6C-3F889D78854F}.Release|x86.ActiveCfg = Release|Any CPU
		{E56227A6-9723-4B4B-8E6C-3F889D78854F}.Release|x86.Build.0 = Release|Any CPU
		{E56227A6-9723-4B4B-8E6C-3F889D78854F}.soft|Any CPU.ActiveCfg = Release|Any CPU
		{E56227A6-9723-4B4B-8E6C-3F889D78854F}.soft|Any CPU.Build.0 = Release|Any CPU
		{E56227A6-9723-4B4B-8E6C-3F889D78854F}.soft|ARM.ActiveCfg = Release|Any CPU
		{E56227A6-9723-4B4B-8E6C-3F889D78854F}.soft|ARM.Build.0 = Release|Any CPU
		{E56227A6-9723-4B4B-8E6C-3F889D78854F}.soft|ARM64.ActiveCfg = Release|Any CPU
		{E56227A6-9723-4B4B-8E6C-3F889D78854F}.soft|ARM64.Build.0 = Release|Any CPU
		{E56227A6-9723-4B4B-8E6C-3F889D78854F}.soft|x64.ActiveCfg = Release|Any CPU
		{E56227A6-9723-4B4B-8E6C-3F889D78854F}.soft|x64.Build.0 = Release|Any CPU
		{E56227A6-9723-4B4B-8E6C-3F889D78854F}.soft|x86.ActiveCfg = Release|Any CPU
		{E56227A6-9723-4B4B-8E6C-3F889D78854F}.soft|x86.Build.0 = Release|Any CPU
		{07E444C9-4819-47E9-B1C4-AC680ED55DA2}.Debug|Any CPU.ActiveCfg = Debug|Any CPU
		{07E444C9-4819-47E9-B1C4-AC680ED55DA2}.Debug|Any CPU.Build.0 = Debug|Any CPU
		{07E444C9-4819-47E9-B1C4-AC680ED55DA2}.Debug|ARM.ActiveCfg = Debug|Any CPU
		{07E444C9-4819-47E9-B1C4-AC680ED55DA2}.Debug|ARM.Build.0 = Debug|Any CPU
		{07E444C9-4819-47E9-B1C4-AC680ED55DA2}.Debug|ARM64.ActiveCfg = Debug|Any CPU
		{07E444C9-4819-47E9-B1C4-AC680ED55DA2}.Debug|ARM64.Build.0 = Debug|Any CPU
		{07E444C9-4819-47E9-B1C4-AC680ED55DA2}.Debug|x64.ActiveCfg = Debug|Any CPU
		{07E444C9-4819-47E9-B1C4-AC680ED55DA2}.Debug|x64.Build.0 = Debug|Any CPU
		{07E444C9-4819-47E9-B1C4-AC680ED55DA2}.Debug|x86.ActiveCfg = Debug|Any CPU
		{07E444C9-4819-47E9-B1C4-AC680ED55DA2}.Debug|x86.Build.0 = Debug|Any CPU
		{07E444C9-4819-47E9-B1C4-AC680ED55DA2}.Release|Any CPU.ActiveCfg = Release|Any CPU
		{07E444C9-4819-47E9-B1C4-AC680ED55DA2}.Release|Any CPU.Build.0 = Release|Any CPU
		{07E444C9-4819-47E9-B1C4-AC680ED55DA2}.Release|ARM.ActiveCfg = Release|Any CPU
		{07E444C9-4819-47E9-B1C4-AC680ED55DA2}.Release|ARM.Build.0 = Release|Any CPU
		{07E444C9-4819-47E9-B1C4-AC680ED55DA2}.Release|ARM64.ActiveCfg = Release|Any CPU
		{07E444C9-4819-47E9-B1C4-AC680ED55DA2}.Release|ARM64.Build.0 = Release|Any CPU
		{07E444C9-4819-47E9-B1C4-AC680ED55DA2}.Release|x64.ActiveCfg = Release|Any CPU
		{07E444C9-4819-47E9-B1C4-AC680ED55DA2}.Release|x64.Build.0 = Release|Any CPU
		{07E444C9-4819-47E9-B1C4-AC680ED55DA2}.Release|x86.ActiveCfg = Release|Any CPU
		{07E444C9-4819-47E9-B1C4-AC680ED55DA2}.Release|x86.Build.0 = Release|Any CPU
		{07E444C9-4819-47E9-B1C4-AC680ED55DA2}.soft|Any CPU.ActiveCfg = Debug|Any CPU
		{07E444C9-4819-47E9-B1C4-AC680ED55DA2}.soft|Any CPU.Build.0 = Debug|Any CPU
		{07E444C9-4819-47E9-B1C4-AC680ED55DA2}.soft|ARM.ActiveCfg = Release|Any CPU
		{07E444C9-4819-47E9-B1C4-AC680ED55DA2}.soft|ARM.Build.0 = Release|Any CPU
		{07E444C9-4819-47E9-B1C4-AC680ED55DA2}.soft|ARM64.ActiveCfg = Release|Any CPU
		{07E444C9-4819-47E9-B1C4-AC680ED55DA2}.soft|ARM64.Build.0 = Release|Any CPU
		{07E444C9-4819-47E9-B1C4-AC680ED55DA2}.soft|x64.ActiveCfg = Release|Any CPU
		{07E444C9-4819-47E9-B1C4-AC680ED55DA2}.soft|x64.Build.0 = Release|Any CPU
		{07E444C9-4819-47E9-B1C4-AC680ED55DA2}.soft|x86.ActiveCfg = Release|Any CPU
		{07E444C9-4819-47E9-B1C4-AC680ED55DA2}.soft|x86.Build.0 = Release|Any CPU
		{251CE0F4-E494-43D3-9CBB-B01AD552EB5C}.Debug|Any CPU.ActiveCfg = Debug|Any CPU
		{251CE0F4-E494-43D3-9CBB-B01AD552EB5C}.Debug|Any CPU.Build.0 = Debug|Any CPU
		{251CE0F4-E494-43D3-9CBB-B01AD552EB5C}.Debug|ARM.ActiveCfg = Debug|Any CPU
		{251CE0F4-E494-43D3-9CBB-B01AD552EB5C}.Debug|ARM.Build.0 = Debug|Any CPU
		{251CE0F4-E494-43D3-9CBB-B01AD552EB5C}.Debug|ARM64.ActiveCfg = Debug|Any CPU
		{251CE0F4-E494-43D3-9CBB-B01AD552EB5C}.Debug|ARM64.Build.0 = Debug|Any CPU
		{251CE0F4-E494-43D3-9CBB-B01AD552EB5C}.Debug|x64.ActiveCfg = Debug|Any CPU
		{251CE0F4-E494-43D3-9CBB-B01AD552EB5C}.Debug|x64.Build.0 = Debug|Any CPU
		{251CE0F4-E494-43D3-9CBB-B01AD552EB5C}.Debug|x86.ActiveCfg = Debug|Any CPU
		{251CE0F4-E494-43D3-9CBB-B01AD552EB5C}.Debug|x86.Build.0 = Debug|Any CPU
		{251CE0F4-E494-43D3-9CBB-B01AD552EB5C}.Release|Any CPU.ActiveCfg = Release|Any CPU
		{251CE0F4-E494-43D3-9CBB-B01AD552EB5C}.Release|Any CPU.Build.0 = Release|Any CPU
		{251CE0F4-E494-43D3-9CBB-B01AD552EB5C}.Release|ARM.ActiveCfg = Release|Any CPU
		{251CE0F4-E494-43D3-9CBB-B01AD552EB5C}.Release|ARM.Build.0 = Release|Any CPU
		{251CE0F4-E494-43D3-9CBB-B01AD552EB5C}.Release|ARM64.ActiveCfg = Release|Any CPU
		{251CE0F4-E494-43D3-9CBB-B01AD552EB5C}.Release|ARM64.Build.0 = Release|Any CPU
		{251CE0F4-E494-43D3-9CBB-B01AD552EB5C}.Release|x64.ActiveCfg = Release|Any CPU
		{251CE0F4-E494-43D3-9CBB-B01AD552EB5C}.Release|x64.Build.0 = Release|Any CPU
		{251CE0F4-E494-43D3-9CBB-B01AD552EB5C}.Release|x86.ActiveCfg = Release|Any CPU
		{251CE0F4-E494-43D3-9CBB-B01AD552EB5C}.Release|x86.Build.0 = Release|Any CPU
		{251CE0F4-E494-43D3-9CBB-B01AD552EB5C}.soft|Any CPU.ActiveCfg = Debug|Any CPU
		{251CE0F4-E494-43D3-9CBB-B01AD552EB5C}.soft|Any CPU.Build.0 = Debug|Any CPU
		{251CE0F4-E494-43D3-9CBB-B01AD552EB5C}.soft|ARM.ActiveCfg = Release|Any CPU
		{251CE0F4-E494-43D3-9CBB-B01AD552EB5C}.soft|ARM.Build.0 = Release|Any CPU
		{251CE0F4-E494-43D3-9CBB-B01AD552EB5C}.soft|ARM64.ActiveCfg = Release|Any CPU
		{251CE0F4-E494-43D3-9CBB-B01AD552EB5C}.soft|ARM64.Build.0 = Release|Any CPU
		{251CE0F4-E494-43D3-9CBB-B01AD552EB5C}.soft|x64.ActiveCfg = Release|Any CPU
		{251CE0F4-E494-43D3-9CBB-B01AD552EB5C}.soft|x64.Build.0 = Release|Any CPU
		{251CE0F4-E494-43D3-9CBB-B01AD552EB5C}.soft|x86.ActiveCfg = Release|Any CPU
		{251CE0F4-E494-43D3-9CBB-B01AD552EB5C}.soft|x86.Build.0 = Release|Any CPU
		{530B81EF-0894-4283-B5F3-0F4A3BBE19DC}.Debug|Any CPU.ActiveCfg = Debug|Any CPU
		{530B81EF-0894-4283-B5F3-0F4A3BBE19DC}.Debug|ARM.ActiveCfg = Debug|Any CPU
		{530B81EF-0894-4283-B5F3-0F4A3BBE19DC}.Debug|ARM.Build.0 = Debug|Any CPU
		{530B81EF-0894-4283-B5F3-0F4A3BBE19DC}.Debug|ARM64.ActiveCfg = Debug|Any CPU
		{530B81EF-0894-4283-B5F3-0F4A3BBE19DC}.Debug|ARM64.Build.0 = Debug|Any CPU
		{530B81EF-0894-4283-B5F3-0F4A3BBE19DC}.Debug|x64.ActiveCfg = Debug|Any CPU
		{530B81EF-0894-4283-B5F3-0F4A3BBE19DC}.Debug|x64.Build.0 = Debug|Any CPU
		{530B81EF-0894-4283-B5F3-0F4A3BBE19DC}.Debug|x86.ActiveCfg = Debug|Any CPU
		{530B81EF-0894-4283-B5F3-0F4A3BBE19DC}.Debug|x86.Build.0 = Debug|Any CPU
		{530B81EF-0894-4283-B5F3-0F4A3BBE19DC}.Release|Any CPU.ActiveCfg = Release|Any CPU
		{530B81EF-0894-4283-B5F3-0F4A3BBE19DC}.Release|Any CPU.Build.0 = Release|Any CPU
		{530B81EF-0894-4283-B5F3-0F4A3BBE19DC}.Release|ARM.ActiveCfg = Release|Any CPU
		{530B81EF-0894-4283-B5F3-0F4A3BBE19DC}.Release|ARM.Build.0 = Release|Any CPU
		{530B81EF-0894-4283-B5F3-0F4A3BBE19DC}.Release|ARM64.ActiveCfg = Release|Any CPU
		{530B81EF-0894-4283-B5F3-0F4A3BBE19DC}.Release|ARM64.Build.0 = Release|Any CPU
		{530B81EF-0894-4283-B5F3-0F4A3BBE19DC}.Release|x64.ActiveCfg = Release|Any CPU
		{530B81EF-0894-4283-B5F3-0F4A3BBE19DC}.Release|x64.Build.0 = Release|Any CPU
		{530B81EF-0894-4283-B5F3-0F4A3BBE19DC}.Release|x86.ActiveCfg = Release|Any CPU
		{530B81EF-0894-4283-B5F3-0F4A3BBE19DC}.Release|x86.Build.0 = Release|Any CPU
		{530B81EF-0894-4283-B5F3-0F4A3BBE19DC}.soft|Any CPU.ActiveCfg = Debug|Any CPU
		{530B81EF-0894-4283-B5F3-0F4A3BBE19DC}.soft|Any CPU.Build.0 = Debug|Any CPU
		{530B81EF-0894-4283-B5F3-0F4A3BBE19DC}.soft|ARM.ActiveCfg = Release|Any CPU
		{530B81EF-0894-4283-B5F3-0F4A3BBE19DC}.soft|ARM.Build.0 = Release|Any CPU
		{530B81EF-0894-4283-B5F3-0F4A3BBE19DC}.soft|ARM64.ActiveCfg = Release|Any CPU
		{530B81EF-0894-4283-B5F3-0F4A3BBE19DC}.soft|ARM64.Build.0 = Release|Any CPU
		{530B81EF-0894-4283-B5F3-0F4A3BBE19DC}.soft|x64.ActiveCfg = Release|Any CPU
		{530B81EF-0894-4283-B5F3-0F4A3BBE19DC}.soft|x64.Build.0 = Release|Any CPU
		{530B81EF-0894-4283-B5F3-0F4A3BBE19DC}.soft|x86.ActiveCfg = Release|Any CPU
		{530B81EF-0894-4283-B5F3-0F4A3BBE19DC}.soft|x86.Build.0 = Release|Any CPU
		{704DB11F-6236-4E1F-BD68-0664BB208856}.Debug|Any CPU.ActiveCfg = Debug|Any CPU
		{704DB11F-6236-4E1F-BD68-0664BB208856}.Debug|ARM.ActiveCfg = Debug|Any CPU
		{704DB11F-6236-4E1F-BD68-0664BB208856}.Debug|ARM.Build.0 = Debug|Any CPU
		{704DB11F-6236-4E1F-BD68-0664BB208856}.Debug|ARM64.ActiveCfg = Debug|Any CPU
		{704DB11F-6236-4E1F-BD68-0664BB208856}.Debug|ARM64.Build.0 = Debug|Any CPU
		{704DB11F-6236-4E1F-BD68-0664BB208856}.Debug|x64.ActiveCfg = Debug|Any CPU
		{704DB11F-6236-4E1F-BD68-0664BB208856}.Debug|x64.Build.0 = Debug|Any CPU
		{704DB11F-6236-4E1F-BD68-0664BB208856}.Debug|x86.ActiveCfg = Debug|Any CPU
		{704DB11F-6236-4E1F-BD68-0664BB208856}.Debug|x86.Build.0 = Debug|Any CPU
		{704DB11F-6236-4E1F-BD68-0664BB208856}.Release|Any CPU.ActiveCfg = Release|Any CPU
		{704DB11F-6236-4E1F-BD68-0664BB208856}.Release|Any CPU.Build.0 = Release|Any CPU
		{704DB11F-6236-4E1F-BD68-0664BB208856}.Release|ARM.ActiveCfg = Release|Any CPU
		{704DB11F-6236-4E1F-BD68-0664BB208856}.Release|ARM.Build.0 = Release|Any CPU
		{704DB11F-6236-4E1F-BD68-0664BB208856}.Release|ARM64.ActiveCfg = Release|Any CPU
		{704DB11F-6236-4E1F-BD68-0664BB208856}.Release|ARM64.Build.0 = Release|Any CPU
		{704DB11F-6236-4E1F-BD68-0664BB208856}.Release|x64.ActiveCfg = Release|Any CPU
		{704DB11F-6236-4E1F-BD68-0664BB208856}.Release|x64.Build.0 = Release|Any CPU
		{704DB11F-6236-4E1F-BD68-0664BB208856}.Release|x86.ActiveCfg = Release|Any CPU
		{704DB11F-6236-4E1F-BD68-0664BB208856}.Release|x86.Build.0 = Release|Any CPU
		{704DB11F-6236-4E1F-BD68-0664BB208856}.soft|Any CPU.ActiveCfg = Debug|Any CPU
		{704DB11F-6236-4E1F-BD68-0664BB208856}.soft|Any CPU.Build.0 = Debug|Any CPU
		{704DB11F-6236-4E1F-BD68-0664BB208856}.soft|ARM.ActiveCfg = Release|Any CPU
		{704DB11F-6236-4E1F-BD68-0664BB208856}.soft|ARM.Build.0 = Release|Any CPU
		{704DB11F-6236-4E1F-BD68-0664BB208856}.soft|ARM64.ActiveCfg = Release|Any CPU
		{704DB11F-6236-4E1F-BD68-0664BB208856}.soft|ARM64.Build.0 = Release|Any CPU
		{704DB11F-6236-4E1F-BD68-0664BB208856}.soft|x64.ActiveCfg = Release|Any CPU
		{704DB11F-6236-4E1F-BD68-0664BB208856}.soft|x64.Build.0 = Release|Any CPU
		{704DB11F-6236-4E1F-BD68-0664BB208856}.soft|x86.ActiveCfg = Release|Any CPU
		{704DB11F-6236-4E1F-BD68-0664BB208856}.soft|x86.Build.0 = Release|Any CPU
		{70297E1B-B2DA-4A4D-988C-4E2AE6ACCEDE}.Debug|Any CPU.ActiveCfg = Debug|Any CPU
		{70297E1B-B2DA-4A4D-988C-4E2AE6ACCEDE}.Debug|Any CPU.Build.0 = Debug|Any CPU
		{70297E1B-B2DA-4A4D-988C-4E2AE6ACCEDE}.Debug|ARM.ActiveCfg = Debug|Any CPU
		{70297E1B-B2DA-4A4D-988C-4E2AE6ACCEDE}.Debug|ARM.Build.0 = Debug|Any CPU
		{70297E1B-B2DA-4A4D-988C-4E2AE6ACCEDE}.Debug|ARM64.ActiveCfg = Debug|Any CPU
		{70297E1B-B2DA-4A4D-988C-4E2AE6ACCEDE}.Debug|ARM64.Build.0 = Debug|Any CPU
		{70297E1B-B2DA-4A4D-988C-4E2AE6ACCEDE}.Debug|x64.ActiveCfg = Debug|Any CPU
		{70297E1B-B2DA-4A4D-988C-4E2AE6ACCEDE}.Debug|x64.Build.0 = Debug|Any CPU
		{70297E1B-B2DA-4A4D-988C-4E2AE6ACCEDE}.Debug|x86.ActiveCfg = Debug|Any CPU
		{70297E1B-B2DA-4A4D-988C-4E2AE6ACCEDE}.Debug|x86.Build.0 = Debug|Any CPU
		{70297E1B-B2DA-4A4D-988C-4E2AE6ACCEDE}.Release|Any CPU.ActiveCfg = Release|Any CPU
		{70297E1B-B2DA-4A4D-988C-4E2AE6ACCEDE}.Release|Any CPU.Build.0 = Release|Any CPU
		{70297E1B-B2DA-4A4D-988C-4E2AE6ACCEDE}.Release|ARM.ActiveCfg = Release|Any CPU
		{70297E1B-B2DA-4A4D-988C-4E2AE6ACCEDE}.Release|ARM.Build.0 = Release|Any CPU
		{70297E1B-B2DA-4A4D-988C-4E2AE6ACCEDE}.Release|ARM64.ActiveCfg = Release|Any CPU
		{70297E1B-B2DA-4A4D-988C-4E2AE6ACCEDE}.Release|ARM64.Build.0 = Release|Any CPU
		{70297E1B-B2DA-4A4D-988C-4E2AE6ACCEDE}.Release|x64.ActiveCfg = Release|Any CPU
		{70297E1B-B2DA-4A4D-988C-4E2AE6ACCEDE}.Release|x64.Build.0 = Release|Any CPU
		{70297E1B-B2DA-4A4D-988C-4E2AE6ACCEDE}.Release|x86.ActiveCfg = Release|Any CPU
		{70297E1B-B2DA-4A4D-988C-4E2AE6ACCEDE}.Release|x86.Build.0 = Release|Any CPU
		{70297E1B-B2DA-4A4D-988C-4E2AE6ACCEDE}.soft|Any CPU.ActiveCfg = Debug|Any CPU
		{70297E1B-B2DA-4A4D-988C-4E2AE6ACCEDE}.soft|Any CPU.Build.0 = Debug|Any CPU
		{70297E1B-B2DA-4A4D-988C-4E2AE6ACCEDE}.soft|ARM.ActiveCfg = Release|Any CPU
		{70297E1B-B2DA-4A4D-988C-4E2AE6ACCEDE}.soft|ARM.Build.0 = Release|Any CPU
		{70297E1B-B2DA-4A4D-988C-4E2AE6ACCEDE}.soft|ARM64.ActiveCfg = Release|Any CPU
		{70297E1B-B2DA-4A4D-988C-4E2AE6ACCEDE}.soft|ARM64.Build.0 = Release|Any CPU
		{70297E1B-B2DA-4A4D-988C-4E2AE6ACCEDE}.soft|x64.ActiveCfg = Release|Any CPU
		{70297E1B-B2DA-4A4D-988C-4E2AE6ACCEDE}.soft|x64.Build.0 = Release|Any CPU
		{70297E1B-B2DA-4A4D-988C-4E2AE6ACCEDE}.soft|x86.ActiveCfg = Release|Any CPU
		{70297E1B-B2DA-4A4D-988C-4E2AE6ACCEDE}.soft|x86.Build.0 = Release|Any CPU
		{E08AB24D-73B3-49D9-8A1E-7C93A1CBF1DD}.Debug|Any CPU.ActiveCfg = Debug|Any CPU
		{E08AB24D-73B3-49D9-8A1E-7C93A1CBF1DD}.Debug|ARM.ActiveCfg = Debug|Any CPU
		{E08AB24D-73B3-49D9-8A1E-7C93A1CBF1DD}.Debug|ARM.Build.0 = Debug|Any CPU
		{E08AB24D-73B3-49D9-8A1E-7C93A1CBF1DD}.Debug|ARM64.ActiveCfg = Debug|Any CPU
		{E08AB24D-73B3-49D9-8A1E-7C93A1CBF1DD}.Debug|ARM64.Build.0 = Debug|Any CPU
		{E08AB24D-73B3-49D9-8A1E-7C93A1CBF1DD}.Debug|x64.ActiveCfg = Debug|Any CPU
		{E08AB24D-73B3-49D9-8A1E-7C93A1CBF1DD}.Debug|x64.Build.0 = Debug|Any CPU
		{E08AB24D-73B3-49D9-8A1E-7C93A1CBF1DD}.Debug|x86.ActiveCfg = Debug|Any CPU
		{E08AB24D-73B3-49D9-8A1E-7C93A1CBF1DD}.Debug|x86.Build.0 = Debug|Any CPU
		{E08AB24D-73B3-49D9-8A1E-7C93A1CBF1DD}.Release|Any CPU.ActiveCfg = Release|Any CPU
		{E08AB24D-73B3-49D9-8A1E-7C93A1CBF1DD}.Release|Any CPU.Build.0 = Release|Any CPU
		{E08AB24D-73B3-49D9-8A1E-7C93A1CBF1DD}.Release|ARM.ActiveCfg = Release|Any CPU
		{E08AB24D-73B3-49D9-8A1E-7C93A1CBF1DD}.Release|ARM.Build.0 = Release|Any CPU
		{E08AB24D-73B3-49D9-8A1E-7C93A1CBF1DD}.Release|ARM64.ActiveCfg = Release|Any CPU
		{E08AB24D-73B3-49D9-8A1E-7C93A1CBF1DD}.Release|ARM64.Build.0 = Release|Any CPU
		{E08AB24D-73B3-49D9-8A1E-7C93A1CBF1DD}.Release|x64.ActiveCfg = Release|Any CPU
		{E08AB24D-73B3-49D9-8A1E-7C93A1CBF1DD}.Release|x64.Build.0 = Release|Any CPU
		{E08AB24D-73B3-49D9-8A1E-7C93A1CBF1DD}.Release|x86.ActiveCfg = Release|Any CPU
		{E08AB24D-73B3-49D9-8A1E-7C93A1CBF1DD}.Release|x86.Build.0 = Release|Any CPU
		{E08AB24D-73B3-49D9-8A1E-7C93A1CBF1DD}.soft|Any CPU.ActiveCfg = Debug|Any CPU
		{E08AB24D-73B3-49D9-8A1E-7C93A1CBF1DD}.soft|Any CPU.Build.0 = Debug|Any CPU
		{E08AB24D-73B3-49D9-8A1E-7C93A1CBF1DD}.soft|ARM.ActiveCfg = Release|Any CPU
		{E08AB24D-73B3-49D9-8A1E-7C93A1CBF1DD}.soft|ARM.Build.0 = Release|Any CPU
		{E08AB24D-73B3-49D9-8A1E-7C93A1CBF1DD}.soft|ARM64.ActiveCfg = Release|Any CPU
		{E08AB24D-73B3-49D9-8A1E-7C93A1CBF1DD}.soft|ARM64.Build.0 = Release|Any CPU
		{E08AB24D-73B3-49D9-8A1E-7C93A1CBF1DD}.soft|x64.ActiveCfg = Release|Any CPU
		{E08AB24D-73B3-49D9-8A1E-7C93A1CBF1DD}.soft|x64.Build.0 = Release|Any CPU
		{E08AB24D-73B3-49D9-8A1E-7C93A1CBF1DD}.soft|x86.ActiveCfg = Release|Any CPU
		{E08AB24D-73B3-49D9-8A1E-7C93A1CBF1DD}.soft|x86.Build.0 = Release|Any CPU
		{9A96E63D-F635-47B4-8B17-4B9CB3F2A41C}.Debug|Any CPU.ActiveCfg = Debug|Any CPU
		{9A96E63D-F635-47B4-8B17-4B9CB3F2A41C}.Debug|ARM.ActiveCfg = Debug|Any CPU
		{9A96E63D-F635-47B4-8B17-4B9CB3F2A41C}.Debug|ARM.Build.0 = Debug|Any CPU
		{9A96E63D-F635-47B4-8B17-4B9CB3F2A41C}.Debug|ARM64.ActiveCfg = Debug|Any CPU
		{9A96E63D-F635-47B4-8B17-4B9CB3F2A41C}.Debug|ARM64.Build.0 = Debug|Any CPU
		{9A96E63D-F635-47B4-8B17-4B9CB3F2A41C}.Debug|x64.ActiveCfg = Debug|Any CPU
		{9A96E63D-F635-47B4-8B17-4B9CB3F2A41C}.Debug|x64.Build.0 = Debug|Any CPU
		{9A96E63D-F635-47B4-8B17-4B9CB3F2A41C}.Debug|x86.ActiveCfg = Debug|Any CPU
		{9A96E63D-F635-47B4-8B17-4B9CB3F2A41C}.Debug|x86.Build.0 = Debug|Any CPU
		{9A96E63D-F635-47B4-8B17-4B9CB3F2A41C}.Release|Any CPU.ActiveCfg = Release|Any CPU
		{9A96E63D-F635-47B4-8B17-4B9CB3F2A41C}.Release|Any CPU.Build.0 = Release|Any CPU
		{9A96E63D-F635-47B4-8B17-4B9CB3F2A41C}.Release|ARM.ActiveCfg = Release|Any CPU
		{9A96E63D-F635-47B4-8B17-4B9CB3F2A41C}.Release|ARM.Build.0 = Release|Any CPU
		{9A96E63D-F635-47B4-8B17-4B9CB3F2A41C}.Release|ARM64.ActiveCfg = Release|Any CPU
		{9A96E63D-F635-47B4-8B17-4B9CB3F2A41C}.Release|ARM64.Build.0 = Release|Any CPU
		{9A96E63D-F635-47B4-8B17-4B9CB3F2A41C}.Release|x64.ActiveCfg = Release|Any CPU
		{9A96E63D-F635-47B4-8B17-4B9CB3F2A41C}.Release|x64.Build.0 = Release|Any CPU
		{9A96E63D-F635-47B4-8B17-4B9CB3F2A41C}.Release|x86.ActiveCfg = Release|Any CPU
		{9A96E63D-F635-47B4-8B17-4B9CB3F2A41C}.Release|x86.Build.0 = Release|Any CPU
		{9A96E63D-F635-47B4-8B17-4B9CB3F2A41C}.soft|Any CPU.ActiveCfg = Debug|Any CPU
		{9A96E63D-F635-47B4-8B17-4B9CB3F2A41C}.soft|Any CPU.Build.0 = Debug|Any CPU
		{9A96E63D-F635-47B4-8B17-4B9CB3F2A41C}.soft|ARM.ActiveCfg = Release|Any CPU
		{9A96E63D-F635-47B4-8B17-4B9CB3F2A41C}.soft|ARM.Build.0 = Release|Any CPU
		{9A96E63D-F635-47B4-8B17-4B9CB3F2A41C}.soft|ARM64.ActiveCfg = Release|Any CPU
		{9A96E63D-F635-47B4-8B17-4B9CB3F2A41C}.soft|ARM64.Build.0 = Release|Any CPU
		{9A96E63D-F635-47B4-8B17-4B9CB3F2A41C}.soft|x64.ActiveCfg = Release|Any CPU
		{9A96E63D-F635-47B4-8B17-4B9CB3F2A41C}.soft|x64.Build.0 = Release|Any CPU
		{9A96E63D-F635-47B4-8B17-4B9CB3F2A41C}.soft|x86.ActiveCfg = Release|Any CPU
		{9A96E63D-F635-47B4-8B17-4B9CB3F2A41C}.soft|x86.Build.0 = Release|Any CPU
		{454DFF2A-FF1A-4542-A80C-F67DF67D8B8E}.Debug|Any CPU.ActiveCfg = Debug|Any CPU
		{454DFF2A-FF1A-4542-A80C-F67DF67D8B8E}.Debug|Any CPU.Build.0 = Debug|Any CPU
		{454DFF2A-FF1A-4542-A80C-F67DF67D8B8E}.Debug|ARM.ActiveCfg = Debug|Any CPU
		{454DFF2A-FF1A-4542-A80C-F67DF67D8B8E}.Debug|ARM.Build.0 = Debug|Any CPU
		{454DFF2A-FF1A-4542-A80C-F67DF67D8B8E}.Debug|ARM64.ActiveCfg = Debug|Any CPU
		{454DFF2A-FF1A-4542-A80C-F67DF67D8B8E}.Debug|ARM64.Build.0 = Debug|Any CPU
		{454DFF2A-FF1A-4542-A80C-F67DF67D8B8E}.Debug|x64.ActiveCfg = Debug|Any CPU
		{454DFF2A-FF1A-4542-A80C-F67DF67D8B8E}.Debug|x64.Build.0 = Debug|Any CPU
		{454DFF2A-FF1A-4542-A80C-F67DF67D8B8E}.Debug|x86.ActiveCfg = Debug|Any CPU
		{454DFF2A-FF1A-4542-A80C-F67DF67D8B8E}.Debug|x86.Build.0 = Debug|Any CPU
		{454DFF2A-FF1A-4542-A80C-F67DF67D8B8E}.Release|Any CPU.ActiveCfg = Release|Any CPU
		{454DFF2A-FF1A-4542-A80C-F67DF67D8B8E}.Release|Any CPU.Build.0 = Release|Any CPU
		{454DFF2A-FF1A-4542-A80C-F67DF67D8B8E}.Release|ARM.ActiveCfg = Release|Any CPU
		{454DFF2A-FF1A-4542-A80C-F67DF67D8B8E}.Release|ARM.Build.0 = Release|Any CPU
		{454DFF2A-FF1A-4542-A80C-F67DF67D8B8E}.Release|ARM64.ActiveCfg = Release|Any CPU
		{454DFF2A-FF1A-4542-A80C-F67DF67D8B8E}.Release|ARM64.Build.0 = Release|Any CPU
		{454DFF2A-FF1A-4542-A80C-F67DF67D8B8E}.Release|x64.ActiveCfg = Release|Any CPU
		{454DFF2A-FF1A-4542-A80C-F67DF67D8B8E}.Release|x64.Build.0 = Release|Any CPU
		{454DFF2A-FF1A-4542-A80C-F67DF67D8B8E}.Release|x86.ActiveCfg = Release|Any CPU
		{454DFF2A-FF1A-4542-A80C-F67DF67D8B8E}.Release|x86.Build.0 = Release|Any CPU
		{454DFF2A-FF1A-4542-A80C-F67DF67D8B8E}.soft|Any CPU.ActiveCfg = Debug|Any CPU
		{454DFF2A-FF1A-4542-A80C-F67DF67D8B8E}.soft|Any CPU.Build.0 = Debug|Any CPU
		{454DFF2A-FF1A-4542-A80C-F67DF67D8B8E}.soft|ARM.ActiveCfg = Release|Any CPU
		{454DFF2A-FF1A-4542-A80C-F67DF67D8B8E}.soft|ARM.Build.0 = Release|Any CPU
		{454DFF2A-FF1A-4542-A80C-F67DF67D8B8E}.soft|ARM64.ActiveCfg = Release|Any CPU
		{454DFF2A-FF1A-4542-A80C-F67DF67D8B8E}.soft|ARM64.Build.0 = Release|Any CPU
		{454DFF2A-FF1A-4542-A80C-F67DF67D8B8E}.soft|x64.ActiveCfg = Release|Any CPU
		{454DFF2A-FF1A-4542-A80C-F67DF67D8B8E}.soft|x64.Build.0 = Release|Any CPU
		{454DFF2A-FF1A-4542-A80C-F67DF67D8B8E}.soft|x86.ActiveCfg = Release|Any CPU
		{454DFF2A-FF1A-4542-A80C-F67DF67D8B8E}.soft|x86.Build.0 = Release|Any CPU
		{404AEF19-B3C6-48DF-B869-53561E1E3459}.Debug|Any CPU.ActiveCfg = Debug|Any CPU
		{404AEF19-B3C6-48DF-B869-53561E1E3459}.Debug|Any CPU.Build.0 = Debug|Any CPU
		{404AEF19-B3C6-48DF-B869-53561E1E3459}.Debug|ARM.ActiveCfg = Debug|Any CPU
		{404AEF19-B3C6-48DF-B869-53561E1E3459}.Debug|ARM.Build.0 = Debug|Any CPU
		{404AEF19-B3C6-48DF-B869-53561E1E3459}.Debug|ARM64.ActiveCfg = Debug|Any CPU
		{404AEF19-B3C6-48DF-B869-53561E1E3459}.Debug|ARM64.Build.0 = Debug|Any CPU
		{404AEF19-B3C6-48DF-B869-53561E1E3459}.Debug|x64.ActiveCfg = Debug|Any CPU
		{404AEF19-B3C6-48DF-B869-53561E1E3459}.Debug|x64.Build.0 = Debug|Any CPU
		{404AEF19-B3C6-48DF-B869-53561E1E3459}.Debug|x86.ActiveCfg = Debug|Any CPU
		{404AEF19-B3C6-48DF-B869-53561E1E3459}.Debug|x86.Build.0 = Debug|Any CPU
		{404AEF19-B3C6-48DF-B869-53561E1E3459}.Release|Any CPU.ActiveCfg = Release|Any CPU
		{404AEF19-B3C6-48DF-B869-53561E1E3459}.Release|Any CPU.Build.0 = Release|Any CPU
		{404AEF19-B3C6-48DF-B869-53561E1E3459}.Release|ARM.ActiveCfg = Release|Any CPU
		{404AEF19-B3C6-48DF-B869-53561E1E3459}.Release|ARM.Build.0 = Release|Any CPU
		{404AEF19-B3C6-48DF-B869-53561E1E3459}.Release|ARM64.ActiveCfg = Release|Any CPU
		{404AEF19-B3C6-48DF-B869-53561E1E3459}.Release|ARM64.Build.0 = Release|Any CPU
		{404AEF19-B3C6-48DF-B869-53561E1E3459}.Release|x64.ActiveCfg = Release|Any CPU
		{404AEF19-B3C6-48DF-B869-53561E1E3459}.Release|x64.Build.0 = Release|Any CPU
		{404AEF19-B3C6-48DF-B869-53561E1E3459}.Release|x86.ActiveCfg = Release|Any CPU
		{404AEF19-B3C6-48DF-B869-53561E1E3459}.Release|x86.Build.0 = Release|Any CPU
		{404AEF19-B3C6-48DF-B869-53561E1E3459}.soft|Any CPU.ActiveCfg = Debug|Any CPU
		{404AEF19-B3C6-48DF-B869-53561E1E3459}.soft|Any CPU.Build.0 = Debug|Any CPU
		{404AEF19-B3C6-48DF-B869-53561E1E3459}.soft|ARM.ActiveCfg = Release|Any CPU
		{404AEF19-B3C6-48DF-B869-53561E1E3459}.soft|ARM.Build.0 = Release|Any CPU
		{404AEF19-B3C6-48DF-B869-53561E1E3459}.soft|ARM64.ActiveCfg = Release|Any CPU
		{404AEF19-B3C6-48DF-B869-53561E1E3459}.soft|ARM64.Build.0 = Release|Any CPU
		{404AEF19-B3C6-48DF-B869-53561E1E3459}.soft|x64.ActiveCfg = Release|Any CPU
		{404AEF19-B3C6-48DF-B869-53561E1E3459}.soft|x64.Build.0 = Release|Any CPU
		{404AEF19-B3C6-48DF-B869-53561E1E3459}.soft|x86.ActiveCfg = Release|Any CPU
		{404AEF19-B3C6-48DF-B869-53561E1E3459}.soft|x86.Build.0 = Release|Any CPU
		{E9885096-DFF4-4A19-A267-037DFA68C37D}.Debug|Any CPU.ActiveCfg = Debug|Any CPU
		{E9885096-DFF4-4A19-A267-037DFA68C37D}.Debug|Any CPU.Build.0 = Debug|Any CPU
		{E9885096-DFF4-4A19-A267-037DFA68C37D}.Debug|ARM.ActiveCfg = Debug|Any CPU
		{E9885096-DFF4-4A19-A267-037DFA68C37D}.Debug|ARM.Build.0 = Debug|Any CPU
		{E9885096-DFF4-4A19-A267-037DFA68C37D}.Debug|ARM64.ActiveCfg = Debug|Any CPU
		{E9885096-DFF4-4A19-A267-037DFA68C37D}.Debug|ARM64.Build.0 = Debug|Any CPU
		{E9885096-DFF4-4A19-A267-037DFA68C37D}.Debug|x64.ActiveCfg = Debug|Any CPU
		{E9885096-DFF4-4A19-A267-037DFA68C37D}.Debug|x64.Build.0 = Debug|Any CPU
		{E9885096-DFF4-4A19-A267-037DFA68C37D}.Debug|x86.ActiveCfg = Debug|Any CPU
		{E9885096-DFF4-4A19-A267-037DFA68C37D}.Debug|x86.Build.0 = Debug|Any CPU
		{E9885096-DFF4-4A19-A267-037DFA68C37D}.Release|Any CPU.ActiveCfg = Release|Any CPU
		{E9885096-DFF4-4A19-A267-037DFA68C37D}.Release|Any CPU.Build.0 = Release|Any CPU
		{E9885096-DFF4-4A19-A267-037DFA68C37D}.Release|ARM.ActiveCfg = Release|Any CPU
		{E9885096-DFF4-4A19-A267-037DFA68C37D}.Release|ARM.Build.0 = Release|Any CPU
		{E9885096-DFF4-4A19-A267-037DFA68C37D}.Release|ARM64.ActiveCfg = Release|Any CPU
		{E9885096-DFF4-4A19-A267-037DFA68C37D}.Release|ARM64.Build.0 = Release|Any CPU
		{E9885096-DFF4-4A19-A267-037DFA68C37D}.Release|x64.ActiveCfg = Release|Any CPU
		{E9885096-DFF4-4A19-A267-037DFA68C37D}.Release|x64.Build.0 = Release|Any CPU
		{E9885096-DFF4-4A19-A267-037DFA68C37D}.Release|x86.ActiveCfg = Release|Any CPU
		{E9885096-DFF4-4A19-A267-037DFA68C37D}.Release|x86.Build.0 = Release|Any CPU
		{E9885096-DFF4-4A19-A267-037DFA68C37D}.soft|Any CPU.ActiveCfg = Debug|Any CPU
		{E9885096-DFF4-4A19-A267-037DFA68C37D}.soft|Any CPU.Build.0 = Debug|Any CPU
		{E9885096-DFF4-4A19-A267-037DFA68C37D}.soft|ARM.ActiveCfg = Release|Any CPU
		{E9885096-DFF4-4A19-A267-037DFA68C37D}.soft|ARM.Build.0 = Release|Any CPU
		{E9885096-DFF4-4A19-A267-037DFA68C37D}.soft|ARM64.ActiveCfg = Release|Any CPU
		{E9885096-DFF4-4A19-A267-037DFA68C37D}.soft|ARM64.Build.0 = Release|Any CPU
		{E9885096-DFF4-4A19-A267-037DFA68C37D}.soft|x64.ActiveCfg = Release|Any CPU
		{E9885096-DFF4-4A19-A267-037DFA68C37D}.soft|x64.Build.0 = Release|Any CPU
		{E9885096-DFF4-4A19-A267-037DFA68C37D}.soft|x86.ActiveCfg = Release|Any CPU
		{E9885096-DFF4-4A19-A267-037DFA68C37D}.soft|x86.Build.0 = Release|Any CPU
		{0AFDF317-E10F-4D1E-ACBF-AC39FDB84367}.Debug|Any CPU.ActiveCfg = Debug|Any CPU
		{0AFDF317-E10F-4D1E-ACBF-AC39FDB84367}.Debug|Any CPU.Build.0 = Debug|Any CPU
		{0AFDF317-E10F-4D1E-ACBF-AC39FDB84367}.Debug|ARM.ActiveCfg = Debug|Any CPU
		{0AFDF317-E10F-4D1E-ACBF-AC39FDB84367}.Debug|ARM.Build.0 = Debug|Any CPU
		{0AFDF317-E10F-4D1E-ACBF-AC39FDB84367}.Debug|ARM64.ActiveCfg = Debug|Any CPU
		{0AFDF317-E10F-4D1E-ACBF-AC39FDB84367}.Debug|ARM64.Build.0 = Debug|Any CPU
		{0AFDF317-E10F-4D1E-ACBF-AC39FDB84367}.Debug|x64.ActiveCfg = Debug|Any CPU
		{0AFDF317-E10F-4D1E-ACBF-AC39FDB84367}.Debug|x64.Build.0 = Debug|Any CPU
		{0AFDF317-E10F-4D1E-ACBF-AC39FDB84367}.Debug|x86.ActiveCfg = Debug|Any CPU
		{0AFDF317-E10F-4D1E-ACBF-AC39FDB84367}.Debug|x86.Build.0 = Debug|Any CPU
		{0AFDF317-E10F-4D1E-ACBF-AC39FDB84367}.Release|Any CPU.ActiveCfg = Release|Any CPU
		{0AFDF317-E10F-4D1E-ACBF-AC39FDB84367}.Release|Any CPU.Build.0 = Release|Any CPU
		{0AFDF317-E10F-4D1E-ACBF-AC39FDB84367}.Release|ARM.ActiveCfg = Release|Any CPU
		{0AFDF317-E10F-4D1E-ACBF-AC39FDB84367}.Release|ARM.Build.0 = Release|Any CPU
		{0AFDF317-E10F-4D1E-ACBF-AC39FDB84367}.Release|ARM64.ActiveCfg = Release|Any CPU
		{0AFDF317-E10F-4D1E-ACBF-AC39FDB84367}.Release|ARM64.Build.0 = Release|Any CPU
		{0AFDF317-E10F-4D1E-ACBF-AC39FDB84367}.Release|x64.ActiveCfg = Release|Any CPU
		{0AFDF317-E10F-4D1E-ACBF-AC39FDB84367}.Release|x64.Build.0 = Release|Any CPU
		{0AFDF317-E10F-4D1E-ACBF-AC39FDB84367}.Release|x86.ActiveCfg = Release|Any CPU
		{0AFDF317-E10F-4D1E-ACBF-AC39FDB84367}.Release|x86.Build.0 = Release|Any CPU
		{0AFDF317-E10F-4D1E-ACBF-AC39FDB84367}.soft|Any CPU.ActiveCfg = Debug|Any CPU
		{0AFDF317-E10F-4D1E-ACBF-AC39FDB84367}.soft|Any CPU.Build.0 = Debug|Any CPU
		{0AFDF317-E10F-4D1E-ACBF-AC39FDB84367}.soft|ARM.ActiveCfg = Release|Any CPU
		{0AFDF317-E10F-4D1E-ACBF-AC39FDB84367}.soft|ARM.Build.0 = Release|Any CPU
		{0AFDF317-E10F-4D1E-ACBF-AC39FDB84367}.soft|ARM64.ActiveCfg = Release|Any CPU
		{0AFDF317-E10F-4D1E-ACBF-AC39FDB84367}.soft|ARM64.Build.0 = Release|Any CPU
		{0AFDF317-E10F-4D1E-ACBF-AC39FDB84367}.soft|x64.ActiveCfg = Release|Any CPU
		{0AFDF317-E10F-4D1E-ACBF-AC39FDB84367}.soft|x64.Build.0 = Release|Any CPU
		{0AFDF317-E10F-4D1E-ACBF-AC39FDB84367}.soft|x86.ActiveCfg = Release|Any CPU
		{0AFDF317-E10F-4D1E-ACBF-AC39FDB84367}.soft|x86.Build.0 = Release|Any CPU
		{39CD8747-8948-4022-86BC-8DB462AB00A2}.Debug|Any CPU.ActiveCfg = Debug|Any CPU
		{39CD8747-8948-4022-86BC-8DB462AB00A2}.Debug|Any CPU.Build.0 = Debug|Any CPU
		{39CD8747-8948-4022-86BC-8DB462AB00A2}.Debug|ARM.ActiveCfg = Debug|Any CPU
		{39CD8747-8948-4022-86BC-8DB462AB00A2}.Debug|ARM.Build.0 = Debug|Any CPU
		{39CD8747-8948-4022-86BC-8DB462AB00A2}.Debug|ARM64.ActiveCfg = Debug|Any CPU
		{39CD8747-8948-4022-86BC-8DB462AB00A2}.Debug|ARM64.Build.0 = Debug|Any CPU
		{39CD8747-8948-4022-86BC-8DB462AB00A2}.Debug|x64.ActiveCfg = Debug|Any CPU
		{39CD8747-8948-4022-86BC-8DB462AB00A2}.Debug|x64.Build.0 = Debug|Any CPU
		{39CD8747-8948-4022-86BC-8DB462AB00A2}.Debug|x86.ActiveCfg = Debug|Any CPU
		{39CD8747-8948-4022-86BC-8DB462AB00A2}.Debug|x86.Build.0 = Debug|Any CPU
		{39CD8747-8948-4022-86BC-8DB462AB00A2}.Release|Any CPU.ActiveCfg = Release|Any CPU
		{39CD8747-8948-4022-86BC-8DB462AB00A2}.Release|Any CPU.Build.0 = Release|Any CPU
		{39CD8747-8948-4022-86BC-8DB462AB00A2}.Release|ARM.ActiveCfg = Release|Any CPU
		{39CD8747-8948-4022-86BC-8DB462AB00A2}.Release|ARM.Build.0 = Release|Any CPU
		{39CD8747-8948-4022-86BC-8DB462AB00A2}.Release|ARM64.ActiveCfg = Release|Any CPU
		{39CD8747-8948-4022-86BC-8DB462AB00A2}.Release|ARM64.Build.0 = Release|Any CPU
		{39CD8747-8948-4022-86BC-8DB462AB00A2}.Release|x64.ActiveCfg = Release|Any CPU
		{39CD8747-8948-4022-86BC-8DB462AB00A2}.Release|x64.Build.0 = Release|Any CPU
		{39CD8747-8948-4022-86BC-8DB462AB00A2}.Release|x86.ActiveCfg = Release|Any CPU
		{39CD8747-8948-4022-86BC-8DB462AB00A2}.Release|x86.Build.0 = Release|Any CPU
		{39CD8747-8948-4022-86BC-8DB462AB00A2}.soft|Any CPU.ActiveCfg = Debug|Any CPU
		{39CD8747-8948-4022-86BC-8DB462AB00A2}.soft|Any CPU.Build.0 = Debug|Any CPU
		{39CD8747-8948-4022-86BC-8DB462AB00A2}.soft|ARM.ActiveCfg = Debug|Any CPU
		{39CD8747-8948-4022-86BC-8DB462AB00A2}.soft|ARM.Build.0 = Debug|Any CPU
		{39CD8747-8948-4022-86BC-8DB462AB00A2}.soft|ARM64.ActiveCfg = Debug|Any CPU
		{39CD8747-8948-4022-86BC-8DB462AB00A2}.soft|ARM64.Build.0 = Debug|Any CPU
		{39CD8747-8948-4022-86BC-8DB462AB00A2}.soft|x64.ActiveCfg = Debug|Any CPU
		{39CD8747-8948-4022-86BC-8DB462AB00A2}.soft|x64.Build.0 = Debug|Any CPU
		{39CD8747-8948-4022-86BC-8DB462AB00A2}.soft|x86.ActiveCfg = Debug|Any CPU
		{39CD8747-8948-4022-86BC-8DB462AB00A2}.soft|x86.Build.0 = Debug|Any CPU
		{3ACB10BA-6367-4DFE-8E06-A8279935F2CA}.Debug|Any CPU.ActiveCfg = Debug|Any CPU
		{3ACB10BA-6367-4DFE-8E06-A8279935F2CA}.Debug|Any CPU.Build.0 = Debug|Any CPU
		{3ACB10BA-6367-4DFE-8E06-A8279935F2CA}.Debug|ARM.ActiveCfg = Debug|Any CPU
		{3ACB10BA-6367-4DFE-8E06-A8279935F2CA}.Debug|ARM.Build.0 = Debug|Any CPU
		{3ACB10BA-6367-4DFE-8E06-A8279935F2CA}.Debug|ARM64.ActiveCfg = Debug|Any CPU
		{3ACB10BA-6367-4DFE-8E06-A8279935F2CA}.Debug|ARM64.Build.0 = Debug|Any CPU
		{3ACB10BA-6367-4DFE-8E06-A8279935F2CA}.Debug|x64.ActiveCfg = Debug|Any CPU
		{3ACB10BA-6367-4DFE-8E06-A8279935F2CA}.Debug|x64.Build.0 = Debug|Any CPU
		{3ACB10BA-6367-4DFE-8E06-A8279935F2CA}.Debug|x86.ActiveCfg = Debug|Any CPU
		{3ACB10BA-6367-4DFE-8E06-A8279935F2CA}.Debug|x86.Build.0 = Debug|Any CPU
		{3ACB10BA-6367-4DFE-8E06-A8279935F2CA}.Release|Any CPU.ActiveCfg = Release|Any CPU
		{3ACB10BA-6367-4DFE-8E06-A8279935F2CA}.Release|Any CPU.Build.0 = Release|Any CPU
		{3ACB10BA-6367-4DFE-8E06-A8279935F2CA}.Release|ARM.ActiveCfg = Release|Any CPU
		{3ACB10BA-6367-4DFE-8E06-A8279935F2CA}.Release|ARM.Build.0 = Release|Any CPU
		{3ACB10BA-6367-4DFE-8E06-A8279935F2CA}.Release|ARM64.ActiveCfg = Release|Any CPU
		{3ACB10BA-6367-4DFE-8E06-A8279935F2CA}.Release|ARM64.Build.0 = Release|Any CPU
		{3ACB10BA-6367-4DFE-8E06-A8279935F2CA}.Release|x64.ActiveCfg = Release|Any CPU
		{3ACB10BA-6367-4DFE-8E06-A8279935F2CA}.Release|x64.Build.0 = Release|Any CPU
		{3ACB10BA-6367-4DFE-8E06-A8279935F2CA}.Release|x86.ActiveCfg = Release|Any CPU
		{3ACB10BA-6367-4DFE-8E06-A8279935F2CA}.Release|x86.Build.0 = Release|Any CPU
		{3ACB10BA-6367-4DFE-8E06-A8279935F2CA}.soft|Any CPU.ActiveCfg = Debug|Any CPU
		{3ACB10BA-6367-4DFE-8E06-A8279935F2CA}.soft|Any CPU.Build.0 = Debug|Any CPU
		{3ACB10BA-6367-4DFE-8E06-A8279935F2CA}.soft|ARM.ActiveCfg = Debug|Any CPU
		{3ACB10BA-6367-4DFE-8E06-A8279935F2CA}.soft|ARM.Build.0 = Debug|Any CPU
		{3ACB10BA-6367-4DFE-8E06-A8279935F2CA}.soft|ARM64.ActiveCfg = Debug|Any CPU
		{3ACB10BA-6367-4DFE-8E06-A8279935F2CA}.soft|ARM64.Build.0 = Debug|Any CPU
		{3ACB10BA-6367-4DFE-8E06-A8279935F2CA}.soft|x64.ActiveCfg = Debug|Any CPU
		{3ACB10BA-6367-4DFE-8E06-A8279935F2CA}.soft|x64.Build.0 = Debug|Any CPU
		{3ACB10BA-6367-4DFE-8E06-A8279935F2CA}.soft|x86.ActiveCfg = Debug|Any CPU
		{3ACB10BA-6367-4DFE-8E06-A8279935F2CA}.soft|x86.Build.0 = Debug|Any CPU
		{50450BCB-893C-4D2A-9D84-D853B8A0CE40}.Debug|Any CPU.ActiveCfg = Debug|Any CPU
		{50450BCB-893C-4D2A-9D84-D853B8A0CE40}.Debug|Any CPU.Build.0 = Debug|Any CPU
		{50450BCB-893C-4D2A-9D84-D853B8A0CE40}.Debug|ARM.ActiveCfg = Debug|Any CPU
		{50450BCB-893C-4D2A-9D84-D853B8A0CE40}.Debug|ARM.Build.0 = Debug|Any CPU
		{50450BCB-893C-4D2A-9D84-D853B8A0CE40}.Debug|ARM64.ActiveCfg = Debug|Any CPU
		{50450BCB-893C-4D2A-9D84-D853B8A0CE40}.Debug|ARM64.Build.0 = Debug|Any CPU
		{50450BCB-893C-4D2A-9D84-D853B8A0CE40}.Debug|x64.ActiveCfg = Debug|Any CPU
		{50450BCB-893C-4D2A-9D84-D853B8A0CE40}.Debug|x64.Build.0 = Debug|Any CPU
		{50450BCB-893C-4D2A-9D84-D853B8A0CE40}.Debug|x86.ActiveCfg = Debug|Any CPU
		{50450BCB-893C-4D2A-9D84-D853B8A0CE40}.Debug|x86.Build.0 = Debug|Any CPU
		{50450BCB-893C-4D2A-9D84-D853B8A0CE40}.Release|Any CPU.ActiveCfg = Release|Any CPU
		{50450BCB-893C-4D2A-9D84-D853B8A0CE40}.Release|Any CPU.Build.0 = Release|Any CPU
		{50450BCB-893C-4D2A-9D84-D853B8A0CE40}.Release|ARM.ActiveCfg = Release|Any CPU
		{50450BCB-893C-4D2A-9D84-D853B8A0CE40}.Release|ARM.Build.0 = Release|Any CPU
		{50450BCB-893C-4D2A-9D84-D853B8A0CE40}.Release|ARM64.ActiveCfg = Release|Any CPU
		{50450BCB-893C-4D2A-9D84-D853B8A0CE40}.Release|ARM64.Build.0 = Release|Any CPU
		{50450BCB-893C-4D2A-9D84-D853B8A0CE40}.Release|x64.ActiveCfg = Release|Any CPU
		{50450BCB-893C-4D2A-9D84-D853B8A0CE40}.Release|x64.Build.0 = Release|Any CPU
		{50450BCB-893C-4D2A-9D84-D853B8A0CE40}.Release|x86.ActiveCfg = Release|Any CPU
		{50450BCB-893C-4D2A-9D84-D853B8A0CE40}.Release|x86.Build.0 = Release|Any CPU
		{50450BCB-893C-4D2A-9D84-D853B8A0CE40}.soft|Any CPU.ActiveCfg = Debug|Any CPU
		{50450BCB-893C-4D2A-9D84-D853B8A0CE40}.soft|Any CPU.Build.0 = Debug|Any CPU
		{50450BCB-893C-4D2A-9D84-D853B8A0CE40}.soft|ARM.ActiveCfg = Debug|Any CPU
		{50450BCB-893C-4D2A-9D84-D853B8A0CE40}.soft|ARM.Build.0 = Debug|Any CPU
		{50450BCB-893C-4D2A-9D84-D853B8A0CE40}.soft|ARM64.ActiveCfg = Debug|Any CPU
		{50450BCB-893C-4D2A-9D84-D853B8A0CE40}.soft|ARM64.Build.0 = Debug|Any CPU
		{50450BCB-893C-4D2A-9D84-D853B8A0CE40}.soft|x64.ActiveCfg = Debug|Any CPU
		{50450BCB-893C-4D2A-9D84-D853B8A0CE40}.soft|x64.Build.0 = Debug|Any CPU
		{50450BCB-893C-4D2A-9D84-D853B8A0CE40}.soft|x86.ActiveCfg = Debug|Any CPU
		{50450BCB-893C-4D2A-9D84-D853B8A0CE40}.soft|x86.Build.0 = Debug|Any CPU
		{C5F84053-6113-4CDA-AC00-45A0A167A166}.Debug|Any CPU.ActiveCfg = Debug|Any CPU
		{C5F84053-6113-4CDA-AC00-45A0A167A166}.Debug|Any CPU.Build.0 = Debug|Any CPU
		{C5F84053-6113-4CDA-AC00-45A0A167A166}.Debug|ARM.ActiveCfg = Debug|Any CPU
		{C5F84053-6113-4CDA-AC00-45A0A167A166}.Debug|ARM.Build.0 = Debug|Any CPU
		{C5F84053-6113-4CDA-AC00-45A0A167A166}.Debug|ARM64.ActiveCfg = Debug|Any CPU
		{C5F84053-6113-4CDA-AC00-45A0A167A166}.Debug|ARM64.Build.0 = Debug|Any CPU
		{C5F84053-6113-4CDA-AC00-45A0A167A166}.Debug|x64.ActiveCfg = Debug|Any CPU
		{C5F84053-6113-4CDA-AC00-45A0A167A166}.Debug|x64.Build.0 = Debug|Any CPU
		{C5F84053-6113-4CDA-AC00-45A0A167A166}.Debug|x86.ActiveCfg = Debug|Any CPU
		{C5F84053-6113-4CDA-AC00-45A0A167A166}.Debug|x86.Build.0 = Debug|Any CPU
		{C5F84053-6113-4CDA-AC00-45A0A167A166}.Release|Any CPU.ActiveCfg = Release|Any CPU
		{C5F84053-6113-4CDA-AC00-45A0A167A166}.Release|Any CPU.Build.0 = Release|Any CPU
		{C5F84053-6113-4CDA-AC00-45A0A167A166}.Release|ARM.ActiveCfg = Release|Any CPU
		{C5F84053-6113-4CDA-AC00-45A0A167A166}.Release|ARM.Build.0 = Release|Any CPU
		{C5F84053-6113-4CDA-AC00-45A0A167A166}.Release|ARM64.ActiveCfg = Release|Any CPU
		{C5F84053-6113-4CDA-AC00-45A0A167A166}.Release|ARM64.Build.0 = Release|Any CPU
		{C5F84053-6113-4CDA-AC00-45A0A167A166}.Release|x64.ActiveCfg = Release|Any CPU
		{C5F84053-6113-4CDA-AC00-45A0A167A166}.Release|x64.Build.0 = Release|Any CPU
		{C5F84053-6113-4CDA-AC00-45A0A167A166}.Release|x86.ActiveCfg = Release|Any CPU
		{C5F84053-6113-4CDA-AC00-45A0A167A166}.Release|x86.Build.0 = Release|Any CPU
		{C5F84053-6113-4CDA-AC00-45A0A167A166}.soft|Any CPU.ActiveCfg = Debug|Any CPU
		{C5F84053-6113-4CDA-AC00-45A0A167A166}.soft|Any CPU.Build.0 = Debug|Any CPU
		{C5F84053-6113-4CDA-AC00-45A0A167A166}.soft|ARM.ActiveCfg = Debug|Any CPU
		{C5F84053-6113-4CDA-AC00-45A0A167A166}.soft|ARM.Build.0 = Debug|Any CPU
		{C5F84053-6113-4CDA-AC00-45A0A167A166}.soft|ARM64.ActiveCfg = Debug|Any CPU
		{C5F84053-6113-4CDA-AC00-45A0A167A166}.soft|ARM64.Build.0 = Debug|Any CPU
		{C5F84053-6113-4CDA-AC00-45A0A167A166}.soft|x64.ActiveCfg = Debug|Any CPU
		{C5F84053-6113-4CDA-AC00-45A0A167A166}.soft|x64.Build.0 = Debug|Any CPU
		{C5F84053-6113-4CDA-AC00-45A0A167A166}.soft|x86.ActiveCfg = Debug|Any CPU
		{C5F84053-6113-4CDA-AC00-45A0A167A166}.soft|x86.Build.0 = Debug|Any CPU
		{8B5ECAA7-06FC-41EA-9D04-8340C849F5C2}.Debug|Any CPU.ActiveCfg = Debug|Any CPU
		{8B5ECAA7-06FC-41EA-9D04-8340C849F5C2}.Debug|Any CPU.Build.0 = Debug|Any CPU
		{8B5ECAA7-06FC-41EA-9D04-8340C849F5C2}.Debug|ARM.ActiveCfg = Debug|Any CPU
		{8B5ECAA7-06FC-41EA-9D04-8340C849F5C2}.Debug|ARM.Build.0 = Debug|Any CPU
		{8B5ECAA7-06FC-41EA-9D04-8340C849F5C2}.Debug|ARM64.ActiveCfg = Debug|Any CPU
		{8B5ECAA7-06FC-41EA-9D04-8340C849F5C2}.Debug|ARM64.Build.0 = Debug|Any CPU
		{8B5ECAA7-06FC-41EA-9D04-8340C849F5C2}.Debug|x64.ActiveCfg = Debug|Any CPU
		{8B5ECAA7-06FC-41EA-9D04-8340C849F5C2}.Debug|x64.Build.0 = Debug|Any CPU
		{8B5ECAA7-06FC-41EA-9D04-8340C849F5C2}.Debug|x86.ActiveCfg = Debug|Any CPU
		{8B5ECAA7-06FC-41EA-9D04-8340C849F5C2}.Debug|x86.Build.0 = Debug|Any CPU
		{8B5ECAA7-06FC-41EA-9D04-8340C849F5C2}.Release|Any CPU.ActiveCfg = Release|Any CPU
		{8B5ECAA7-06FC-41EA-9D04-8340C849F5C2}.Release|Any CPU.Build.0 = Release|Any CPU
		{8B5ECAA7-06FC-41EA-9D04-8340C849F5C2}.Release|ARM.ActiveCfg = Release|Any CPU
		{8B5ECAA7-06FC-41EA-9D04-8340C849F5C2}.Release|ARM.Build.0 = Release|Any CPU
		{8B5ECAA7-06FC-41EA-9D04-8340C849F5C2}.Release|ARM64.ActiveCfg = Release|Any CPU
		{8B5ECAA7-06FC-41EA-9D04-8340C849F5C2}.Release|ARM64.Build.0 = Release|Any CPU
		{8B5ECAA7-06FC-41EA-9D04-8340C849F5C2}.Release|x64.ActiveCfg = Release|Any CPU
		{8B5ECAA7-06FC-41EA-9D04-8340C849F5C2}.Release|x64.Build.0 = Release|Any CPU
		{8B5ECAA7-06FC-41EA-9D04-8340C849F5C2}.Release|x86.ActiveCfg = Release|Any CPU
		{8B5ECAA7-06FC-41EA-9D04-8340C849F5C2}.Release|x86.Build.0 = Release|Any CPU
		{8B5ECAA7-06FC-41EA-9D04-8340C849F5C2}.soft|Any CPU.ActiveCfg = Debug|Any CPU
		{8B5ECAA7-06FC-41EA-9D04-8340C849F5C2}.soft|Any CPU.Build.0 = Debug|Any CPU
		{8B5ECAA7-06FC-41EA-9D04-8340C849F5C2}.soft|ARM.ActiveCfg = Debug|Any CPU
		{8B5ECAA7-06FC-41EA-9D04-8340C849F5C2}.soft|ARM.Build.0 = Debug|Any CPU
		{8B5ECAA7-06FC-41EA-9D04-8340C849F5C2}.soft|ARM64.ActiveCfg = Debug|Any CPU
		{8B5ECAA7-06FC-41EA-9D04-8340C849F5C2}.soft|ARM64.Build.0 = Debug|Any CPU
		{8B5ECAA7-06FC-41EA-9D04-8340C849F5C2}.soft|x64.ActiveCfg = Debug|Any CPU
		{8B5ECAA7-06FC-41EA-9D04-8340C849F5C2}.soft|x64.Build.0 = Debug|Any CPU
		{8B5ECAA7-06FC-41EA-9D04-8340C849F5C2}.soft|x86.ActiveCfg = Debug|Any CPU
		{8B5ECAA7-06FC-41EA-9D04-8340C849F5C2}.soft|x86.Build.0 = Debug|Any CPU
		{80F75E5D-4981-467B-ACB0-4BF93A278B00}.Debug|Any CPU.ActiveCfg = Debug|Any CPU
		{80F75E5D-4981-467B-ACB0-4BF93A278B00}.Debug|Any CPU.Build.0 = Debug|Any CPU
		{80F75E5D-4981-467B-ACB0-4BF93A278B00}.Debug|ARM.ActiveCfg = Debug|Any CPU
		{80F75E5D-4981-467B-ACB0-4BF93A278B00}.Debug|ARM.Build.0 = Debug|Any CPU
		{80F75E5D-4981-467B-ACB0-4BF93A278B00}.Debug|ARM64.ActiveCfg = Debug|Any CPU
		{80F75E5D-4981-467B-ACB0-4BF93A278B00}.Debug|ARM64.Build.0 = Debug|Any CPU
		{80F75E5D-4981-467B-ACB0-4BF93A278B00}.Debug|x64.ActiveCfg = Debug|Any CPU
		{80F75E5D-4981-467B-ACB0-4BF93A278B00}.Debug|x64.Build.0 = Debug|Any CPU
		{80F75E5D-4981-467B-ACB0-4BF93A278B00}.Debug|x86.ActiveCfg = Debug|Any CPU
		{80F75E5D-4981-467B-ACB0-4BF93A278B00}.Debug|x86.Build.0 = Debug|Any CPU
		{80F75E5D-4981-467B-ACB0-4BF93A278B00}.Release|Any CPU.ActiveCfg = Release|Any CPU
		{80F75E5D-4981-467B-ACB0-4BF93A278B00}.Release|Any CPU.Build.0 = Release|Any CPU
		{80F75E5D-4981-467B-ACB0-4BF93A278B00}.Release|ARM.ActiveCfg = Release|Any CPU
		{80F75E5D-4981-467B-ACB0-4BF93A278B00}.Release|ARM.Build.0 = Release|Any CPU
		{80F75E5D-4981-467B-ACB0-4BF93A278B00}.Release|ARM64.ActiveCfg = Release|Any CPU
		{80F75E5D-4981-467B-ACB0-4BF93A278B00}.Release|ARM64.Build.0 = Release|Any CPU
		{80F75E5D-4981-467B-ACB0-4BF93A278B00}.Release|x64.ActiveCfg = Release|Any CPU
		{80F75E5D-4981-467B-ACB0-4BF93A278B00}.Release|x64.Build.0 = Release|Any CPU
		{80F75E5D-4981-467B-ACB0-4BF93A278B00}.Release|x86.ActiveCfg = Release|Any CPU
		{80F75E5D-4981-467B-ACB0-4BF93A278B00}.Release|x86.Build.0 = Release|Any CPU
		{80F75E5D-4981-467B-ACB0-4BF93A278B00}.soft|Any CPU.ActiveCfg = Debug|Any CPU
		{80F75E5D-4981-467B-ACB0-4BF93A278B00}.soft|Any CPU.Build.0 = Debug|Any CPU
		{80F75E5D-4981-467B-ACB0-4BF93A278B00}.soft|ARM.ActiveCfg = Debug|Any CPU
		{80F75E5D-4981-467B-ACB0-4BF93A278B00}.soft|ARM.Build.0 = Debug|Any CPU
		{80F75E5D-4981-467B-ACB0-4BF93A278B00}.soft|ARM64.ActiveCfg = Debug|Any CPU
		{80F75E5D-4981-467B-ACB0-4BF93A278B00}.soft|ARM64.Build.0 = Debug|Any CPU
		{80F75E5D-4981-467B-ACB0-4BF93A278B00}.soft|x64.ActiveCfg = Debug|Any CPU
		{80F75E5D-4981-467B-ACB0-4BF93A278B00}.soft|x64.Build.0 = Debug|Any CPU
		{80F75E5D-4981-467B-ACB0-4BF93A278B00}.soft|x86.ActiveCfg = Debug|Any CPU
		{80F75E5D-4981-467B-ACB0-4BF93A278B00}.soft|x86.Build.0 = Debug|Any CPU
		{33672961-17CD-4D49-AE92-6DC1A12ABE5F}.Debug|Any CPU.ActiveCfg = Debug|Any CPU
		{33672961-17CD-4D49-AE92-6DC1A12ABE5F}.Debug|Any CPU.Build.0 = Debug|Any CPU
		{33672961-17CD-4D49-AE92-6DC1A12ABE5F}.Debug|ARM.ActiveCfg = Debug|Any CPU
		{33672961-17CD-4D49-AE92-6DC1A12ABE5F}.Debug|ARM.Build.0 = Debug|Any CPU
		{33672961-17CD-4D49-AE92-6DC1A12ABE5F}.Debug|ARM64.ActiveCfg = Debug|Any CPU
		{33672961-17CD-4D49-AE92-6DC1A12ABE5F}.Debug|ARM64.Build.0 = Debug|Any CPU
		{33672961-17CD-4D49-AE92-6DC1A12ABE5F}.Debug|x64.ActiveCfg = Debug|Any CPU
		{33672961-17CD-4D49-AE92-6DC1A12ABE5F}.Debug|x64.Build.0 = Debug|Any CPU
		{33672961-17CD-4D49-AE92-6DC1A12ABE5F}.Debug|x86.ActiveCfg = Debug|Any CPU
		{33672961-17CD-4D49-AE92-6DC1A12ABE5F}.Debug|x86.Build.0 = Debug|Any CPU
		{33672961-17CD-4D49-AE92-6DC1A12ABE5F}.Release|Any CPU.ActiveCfg = Release|Any CPU
		{33672961-17CD-4D49-AE92-6DC1A12ABE5F}.Release|Any CPU.Build.0 = Release|Any CPU
		{33672961-17CD-4D49-AE92-6DC1A12ABE5F}.Release|ARM.ActiveCfg = Release|Any CPU
		{33672961-17CD-4D49-AE92-6DC1A12ABE5F}.Release|ARM.Build.0 = Release|Any CPU
		{33672961-17CD-4D49-AE92-6DC1A12ABE5F}.Release|ARM64.ActiveCfg = Release|Any CPU
		{33672961-17CD-4D49-AE92-6DC1A12ABE5F}.Release|ARM64.Build.0 = Release|Any CPU
		{33672961-17CD-4D49-AE92-6DC1A12ABE5F}.Release|x64.ActiveCfg = Release|Any CPU
		{33672961-17CD-4D49-AE92-6DC1A12ABE5F}.Release|x64.Build.0 = Release|Any CPU
		{33672961-17CD-4D49-AE92-6DC1A12ABE5F}.Release|x86.ActiveCfg = Release|Any CPU
		{33672961-17CD-4D49-AE92-6DC1A12ABE5F}.Release|x86.Build.0 = Release|Any CPU
		{33672961-17CD-4D49-AE92-6DC1A12ABE5F}.soft|Any CPU.ActiveCfg = Debug|Any CPU
		{33672961-17CD-4D49-AE92-6DC1A12ABE5F}.soft|Any CPU.Build.0 = Debug|Any CPU
		{33672961-17CD-4D49-AE92-6DC1A12ABE5F}.soft|ARM.ActiveCfg = Debug|Any CPU
		{33672961-17CD-4D49-AE92-6DC1A12ABE5F}.soft|ARM.Build.0 = Debug|Any CPU
		{33672961-17CD-4D49-AE92-6DC1A12ABE5F}.soft|ARM64.ActiveCfg = Debug|Any CPU
		{33672961-17CD-4D49-AE92-6DC1A12ABE5F}.soft|ARM64.Build.0 = Debug|Any CPU
		{33672961-17CD-4D49-AE92-6DC1A12ABE5F}.soft|x64.ActiveCfg = Debug|Any CPU
		{33672961-17CD-4D49-AE92-6DC1A12ABE5F}.soft|x64.Build.0 = Debug|Any CPU
		{33672961-17CD-4D49-AE92-6DC1A12ABE5F}.soft|x86.ActiveCfg = Debug|Any CPU
		{33672961-17CD-4D49-AE92-6DC1A12ABE5F}.soft|x86.Build.0 = Debug|Any CPU
		{6E0DA4B7-E2D1-41D3-8260-B80D2D0078EA}.Debug|Any CPU.ActiveCfg = Debug|Any CPU
		{6E0DA4B7-E2D1-41D3-8260-B80D2D0078EA}.Debug|Any CPU.Build.0 = Debug|Any CPU
		{6E0DA4B7-E2D1-41D3-8260-B80D2D0078EA}.Debug|ARM.ActiveCfg = Debug|Any CPU
		{6E0DA4B7-E2D1-41D3-8260-B80D2D0078EA}.Debug|ARM.Build.0 = Debug|Any CPU
		{6E0DA4B7-E2D1-41D3-8260-B80D2D0078EA}.Debug|ARM64.ActiveCfg = Debug|Any CPU
		{6E0DA4B7-E2D1-41D3-8260-B80D2D0078EA}.Debug|ARM64.Build.0 = Debug|Any CPU
		{6E0DA4B7-E2D1-41D3-8260-B80D2D0078EA}.Debug|x64.ActiveCfg = Debug|Any CPU
		{6E0DA4B7-E2D1-41D3-8260-B80D2D0078EA}.Debug|x64.Build.0 = Debug|Any CPU
		{6E0DA4B7-E2D1-41D3-8260-B80D2D0078EA}.Debug|x86.ActiveCfg = Debug|Any CPU
		{6E0DA4B7-E2D1-41D3-8260-B80D2D0078EA}.Debug|x86.Build.0 = Debug|Any CPU
		{6E0DA4B7-E2D1-41D3-8260-B80D2D0078EA}.Release|Any CPU.ActiveCfg = Release|Any CPU
		{6E0DA4B7-E2D1-41D3-8260-B80D2D0078EA}.Release|Any CPU.Build.0 = Release|Any CPU
		{6E0DA4B7-E2D1-41D3-8260-B80D2D0078EA}.Release|ARM.ActiveCfg = Release|Any CPU
		{6E0DA4B7-E2D1-41D3-8260-B80D2D0078EA}.Release|ARM.Build.0 = Release|Any CPU
		{6E0DA4B7-E2D1-41D3-8260-B80D2D0078EA}.Release|ARM64.ActiveCfg = Release|Any CPU
		{6E0DA4B7-E2D1-41D3-8260-B80D2D0078EA}.Release|ARM64.Build.0 = Release|Any CPU
		{6E0DA4B7-E2D1-41D3-8260-B80D2D0078EA}.Release|x64.ActiveCfg = Release|Any CPU
		{6E0DA4B7-E2D1-41D3-8260-B80D2D0078EA}.Release|x64.Build.0 = Release|Any CPU
		{6E0DA4B7-E2D1-41D3-8260-B80D2D0078EA}.Release|x86.ActiveCfg = Release|Any CPU
		{6E0DA4B7-E2D1-41D3-8260-B80D2D0078EA}.Release|x86.Build.0 = Release|Any CPU
		{6E0DA4B7-E2D1-41D3-8260-B80D2D0078EA}.soft|Any CPU.ActiveCfg = Debug|Any CPU
		{6E0DA4B7-E2D1-41D3-8260-B80D2D0078EA}.soft|Any CPU.Build.0 = Debug|Any CPU
		{6E0DA4B7-E2D1-41D3-8260-B80D2D0078EA}.soft|ARM.ActiveCfg = Debug|Any CPU
		{6E0DA4B7-E2D1-41D3-8260-B80D2D0078EA}.soft|ARM.Build.0 = Debug|Any CPU
		{6E0DA4B7-E2D1-41D3-8260-B80D2D0078EA}.soft|ARM64.ActiveCfg = Debug|Any CPU
		{6E0DA4B7-E2D1-41D3-8260-B80D2D0078EA}.soft|ARM64.Build.0 = Debug|Any CPU
		{6E0DA4B7-E2D1-41D3-8260-B80D2D0078EA}.soft|x64.ActiveCfg = Debug|Any CPU
		{6E0DA4B7-E2D1-41D3-8260-B80D2D0078EA}.soft|x64.Build.0 = Debug|Any CPU
		{6E0DA4B7-E2D1-41D3-8260-B80D2D0078EA}.soft|x86.ActiveCfg = Debug|Any CPU
		{6E0DA4B7-E2D1-41D3-8260-B80D2D0078EA}.soft|x86.Build.0 = Debug|Any CPU
		{8D7F208A-89C0-4A61-8E64-1DD011621197}.Debug|Any CPU.ActiveCfg = Debug|Any CPU
		{8D7F208A-89C0-4A61-8E64-1DD011621197}.Debug|Any CPU.Build.0 = Debug|Any CPU
		{8D7F208A-89C0-4A61-8E64-1DD011621197}.Debug|ARM.ActiveCfg = Debug|Any CPU
		{8D7F208A-89C0-4A61-8E64-1DD011621197}.Debug|ARM.Build.0 = Debug|Any CPU
		{8D7F208A-89C0-4A61-8E64-1DD011621197}.Debug|ARM64.ActiveCfg = Debug|Any CPU
		{8D7F208A-89C0-4A61-8E64-1DD011621197}.Debug|ARM64.Build.0 = Debug|Any CPU
		{8D7F208A-89C0-4A61-8E64-1DD011621197}.Debug|x64.ActiveCfg = Debug|Any CPU
		{8D7F208A-89C0-4A61-8E64-1DD011621197}.Debug|x64.Build.0 = Debug|Any CPU
		{8D7F208A-89C0-4A61-8E64-1DD011621197}.Debug|x86.ActiveCfg = Debug|Any CPU
		{8D7F208A-89C0-4A61-8E64-1DD011621197}.Debug|x86.Build.0 = Debug|Any CPU
		{8D7F208A-89C0-4A61-8E64-1DD011621197}.Release|Any CPU.ActiveCfg = Release|Any CPU
		{8D7F208A-89C0-4A61-8E64-1DD011621197}.Release|Any CPU.Build.0 = Release|Any CPU
		{8D7F208A-89C0-4A61-8E64-1DD011621197}.Release|ARM.ActiveCfg = Release|Any CPU
		{8D7F208A-89C0-4A61-8E64-1DD011621197}.Release|ARM.Build.0 = Release|Any CPU
		{8D7F208A-89C0-4A61-8E64-1DD011621197}.Release|ARM64.ActiveCfg = Release|Any CPU
		{8D7F208A-89C0-4A61-8E64-1DD011621197}.Release|ARM64.Build.0 = Release|Any CPU
		{8D7F208A-89C0-4A61-8E64-1DD011621197}.Release|x64.ActiveCfg = Release|Any CPU
		{8D7F208A-89C0-4A61-8E64-1DD011621197}.Release|x64.Build.0 = Release|Any CPU
		{8D7F208A-89C0-4A61-8E64-1DD011621197}.Release|x86.ActiveCfg = Release|Any CPU
		{8D7F208A-89C0-4A61-8E64-1DD011621197}.Release|x86.Build.0 = Release|Any CPU
		{8D7F208A-89C0-4A61-8E64-1DD011621197}.soft|Any CPU.ActiveCfg = Debug|Any CPU
		{8D7F208A-89C0-4A61-8E64-1DD011621197}.soft|Any CPU.Build.0 = Debug|Any CPU
		{8D7F208A-89C0-4A61-8E64-1DD011621197}.soft|ARM.ActiveCfg = Debug|Any CPU
		{8D7F208A-89C0-4A61-8E64-1DD011621197}.soft|ARM.Build.0 = Debug|Any CPU
		{8D7F208A-89C0-4A61-8E64-1DD011621197}.soft|ARM64.ActiveCfg = Debug|Any CPU
		{8D7F208A-89C0-4A61-8E64-1DD011621197}.soft|ARM64.Build.0 = Debug|Any CPU
		{8D7F208A-89C0-4A61-8E64-1DD011621197}.soft|x64.ActiveCfg = Debug|Any CPU
		{8D7F208A-89C0-4A61-8E64-1DD011621197}.soft|x64.Build.0 = Debug|Any CPU
		{8D7F208A-89C0-4A61-8E64-1DD011621197}.soft|x86.ActiveCfg = Debug|Any CPU
		{8D7F208A-89C0-4A61-8E64-1DD011621197}.soft|x86.Build.0 = Debug|Any CPU
		{77480890-C19F-4B8C-AE23-9F83D4AF6A42}.Debug|Any CPU.ActiveCfg = Debug|Any CPU
		{77480890-C19F-4B8C-AE23-9F83D4AF6A42}.Debug|Any CPU.Build.0 = Debug|Any CPU
		{77480890-C19F-4B8C-AE23-9F83D4AF6A42}.Debug|ARM.ActiveCfg = Debug|Any CPU
		{77480890-C19F-4B8C-AE23-9F83D4AF6A42}.Debug|ARM.Build.0 = Debug|Any CPU
		{77480890-C19F-4B8C-AE23-9F83D4AF6A42}.Debug|ARM64.ActiveCfg = Debug|Any CPU
		{77480890-C19F-4B8C-AE23-9F83D4AF6A42}.Debug|ARM64.Build.0 = Debug|Any CPU
		{77480890-C19F-4B8C-AE23-9F83D4AF6A42}.Debug|x64.ActiveCfg = Debug|Any CPU
		{77480890-C19F-4B8C-AE23-9F83D4AF6A42}.Debug|x64.Build.0 = Debug|Any CPU
		{77480890-C19F-4B8C-AE23-9F83D4AF6A42}.Debug|x86.ActiveCfg = Debug|Any CPU
		{77480890-C19F-4B8C-AE23-9F83D4AF6A42}.Debug|x86.Build.0 = Debug|Any CPU
		{77480890-C19F-4B8C-AE23-9F83D4AF6A42}.Release|Any CPU.ActiveCfg = Release|Any CPU
		{77480890-C19F-4B8C-AE23-9F83D4AF6A42}.Release|Any CPU.Build.0 = Release|Any CPU
		{77480890-C19F-4B8C-AE23-9F83D4AF6A42}.Release|ARM.ActiveCfg = Release|Any CPU
		{77480890-C19F-4B8C-AE23-9F83D4AF6A42}.Release|ARM.Build.0 = Release|Any CPU
		{77480890-C19F-4B8C-AE23-9F83D4AF6A42}.Release|ARM64.ActiveCfg = Release|Any CPU
		{77480890-C19F-4B8C-AE23-9F83D4AF6A42}.Release|ARM64.Build.0 = Release|Any CPU
		{77480890-C19F-4B8C-AE23-9F83D4AF6A42}.Release|x64.ActiveCfg = Release|Any CPU
		{77480890-C19F-4B8C-AE23-9F83D4AF6A42}.Release|x64.Build.0 = Release|Any CPU
		{77480890-C19F-4B8C-AE23-9F83D4AF6A42}.Release|x86.ActiveCfg = Release|Any CPU
		{77480890-C19F-4B8C-AE23-9F83D4AF6A42}.Release|x86.Build.0 = Release|Any CPU
		{77480890-C19F-4B8C-AE23-9F83D4AF6A42}.soft|Any CPU.ActiveCfg = Debug|Any CPU
		{77480890-C19F-4B8C-AE23-9F83D4AF6A42}.soft|Any CPU.Build.0 = Debug|Any CPU
		{77480890-C19F-4B8C-AE23-9F83D4AF6A42}.soft|ARM.ActiveCfg = Debug|Any CPU
		{77480890-C19F-4B8C-AE23-9F83D4AF6A42}.soft|ARM.Build.0 = Debug|Any CPU
		{77480890-C19F-4B8C-AE23-9F83D4AF6A42}.soft|ARM64.ActiveCfg = Debug|Any CPU
		{77480890-C19F-4B8C-AE23-9F83D4AF6A42}.soft|ARM64.Build.0 = Debug|Any CPU
		{77480890-C19F-4B8C-AE23-9F83D4AF6A42}.soft|x64.ActiveCfg = Debug|Any CPU
		{77480890-C19F-4B8C-AE23-9F83D4AF6A42}.soft|x64.Build.0 = Debug|Any CPU
		{77480890-C19F-4B8C-AE23-9F83D4AF6A42}.soft|x86.ActiveCfg = Debug|Any CPU
		{77480890-C19F-4B8C-AE23-9F83D4AF6A42}.soft|x86.Build.0 = Debug|Any CPU
		{8C40C272-32A0-4145-8DDA-F39A0F12880B}.Debug|Any CPU.ActiveCfg = Debug|Any CPU
		{8C40C272-32A0-4145-8DDA-F39A0F12880B}.Debug|Any CPU.Build.0 = Debug|Any CPU
		{8C40C272-32A0-4145-8DDA-F39A0F12880B}.Debug|ARM.ActiveCfg = Debug|Any CPU
		{8C40C272-32A0-4145-8DDA-F39A0F12880B}.Debug|ARM.Build.0 = Debug|Any CPU
		{8C40C272-32A0-4145-8DDA-F39A0F12880B}.Debug|ARM64.ActiveCfg = Debug|Any CPU
		{8C40C272-32A0-4145-8DDA-F39A0F12880B}.Debug|ARM64.Build.0 = Debug|Any CPU
		{8C40C272-32A0-4145-8DDA-F39A0F12880B}.Debug|x64.ActiveCfg = Debug|Any CPU
		{8C40C272-32A0-4145-8DDA-F39A0F12880B}.Debug|x64.Build.0 = Debug|Any CPU
		{8C40C272-32A0-4145-8DDA-F39A0F12880B}.Debug|x86.ActiveCfg = Debug|Any CPU
		{8C40C272-32A0-4145-8DDA-F39A0F12880B}.Debug|x86.Build.0 = Debug|Any CPU
		{8C40C272-32A0-4145-8DDA-F39A0F12880B}.Release|Any CPU.ActiveCfg = Release|Any CPU
		{8C40C272-32A0-4145-8DDA-F39A0F12880B}.Release|Any CPU.Build.0 = Release|Any CPU
		{8C40C272-32A0-4145-8DDA-F39A0F12880B}.Release|ARM.ActiveCfg = Release|Any CPU
		{8C40C272-32A0-4145-8DDA-F39A0F12880B}.Release|ARM.Build.0 = Release|Any CPU
		{8C40C272-32A0-4145-8DDA-F39A0F12880B}.Release|ARM64.ActiveCfg = Release|Any CPU
		{8C40C272-32A0-4145-8DDA-F39A0F12880B}.Release|ARM64.Build.0 = Release|Any CPU
		{8C40C272-32A0-4145-8DDA-F39A0F12880B}.Release|x64.ActiveCfg = Release|Any CPU
		{8C40C272-32A0-4145-8DDA-F39A0F12880B}.Release|x64.Build.0 = Release|Any CPU
		{8C40C272-32A0-4145-8DDA-F39A0F12880B}.Release|x86.ActiveCfg = Release|Any CPU
		{8C40C272-32A0-4145-8DDA-F39A0F12880B}.Release|x86.Build.0 = Release|Any CPU
		{8C40C272-32A0-4145-8DDA-F39A0F12880B}.soft|Any CPU.ActiveCfg = Debug|Any CPU
		{8C40C272-32A0-4145-8DDA-F39A0F12880B}.soft|Any CPU.Build.0 = Debug|Any CPU
		{8C40C272-32A0-4145-8DDA-F39A0F12880B}.soft|ARM.ActiveCfg = Debug|Any CPU
		{8C40C272-32A0-4145-8DDA-F39A0F12880B}.soft|ARM.Build.0 = Debug|Any CPU
		{8C40C272-32A0-4145-8DDA-F39A0F12880B}.soft|ARM64.ActiveCfg = Debug|Any CPU
		{8C40C272-32A0-4145-8DDA-F39A0F12880B}.soft|ARM64.Build.0 = Debug|Any CPU
		{8C40C272-32A0-4145-8DDA-F39A0F12880B}.soft|x64.ActiveCfg = Debug|Any CPU
		{8C40C272-32A0-4145-8DDA-F39A0F12880B}.soft|x64.Build.0 = Debug|Any CPU
		{8C40C272-32A0-4145-8DDA-F39A0F12880B}.soft|x86.ActiveCfg = Debug|Any CPU
		{8C40C272-32A0-4145-8DDA-F39A0F12880B}.soft|x86.Build.0 = Debug|Any CPU
		{064E025B-EEA4-4C00-B13E-D0A97FB158B0}.Debug|Any CPU.ActiveCfg = Debug|Any CPU
		{064E025B-EEA4-4C00-B13E-D0A97FB158B0}.Debug|Any CPU.Build.0 = Debug|Any CPU
		{064E025B-EEA4-4C00-B13E-D0A97FB158B0}.Debug|ARM.ActiveCfg = Debug|Any CPU
		{064E025B-EEA4-4C00-B13E-D0A97FB158B0}.Debug|ARM.Build.0 = Debug|Any CPU
		{064E025B-EEA4-4C00-B13E-D0A97FB158B0}.Debug|ARM64.ActiveCfg = Debug|Any CPU
		{064E025B-EEA4-4C00-B13E-D0A97FB158B0}.Debug|ARM64.Build.0 = Debug|Any CPU
		{064E025B-EEA4-4C00-B13E-D0A97FB158B0}.Debug|x64.ActiveCfg = Debug|Any CPU
		{064E025B-EEA4-4C00-B13E-D0A97FB158B0}.Debug|x64.Build.0 = Debug|Any CPU
		{064E025B-EEA4-4C00-B13E-D0A97FB158B0}.Debug|x86.ActiveCfg = Debug|Any CPU
		{064E025B-EEA4-4C00-B13E-D0A97FB158B0}.Debug|x86.Build.0 = Debug|Any CPU
		{064E025B-EEA4-4C00-B13E-D0A97FB158B0}.Release|Any CPU.ActiveCfg = Release|Any CPU
		{064E025B-EEA4-4C00-B13E-D0A97FB158B0}.Release|Any CPU.Build.0 = Release|Any CPU
		{064E025B-EEA4-4C00-B13E-D0A97FB158B0}.Release|ARM.ActiveCfg = Release|Any CPU
		{064E025B-EEA4-4C00-B13E-D0A97FB158B0}.Release|ARM.Build.0 = Release|Any CPU
		{064E025B-EEA4-4C00-B13E-D0A97FB158B0}.Release|ARM64.ActiveCfg = Release|Any CPU
		{064E025B-EEA4-4C00-B13E-D0A97FB158B0}.Release|ARM64.Build.0 = Release|Any CPU
		{064E025B-EEA4-4C00-B13E-D0A97FB158B0}.Release|x64.ActiveCfg = Release|Any CPU
		{064E025B-EEA4-4C00-B13E-D0A97FB158B0}.Release|x64.Build.0 = Release|Any CPU
		{064E025B-EEA4-4C00-B13E-D0A97FB158B0}.Release|x86.ActiveCfg = Release|Any CPU
		{064E025B-EEA4-4C00-B13E-D0A97FB158B0}.Release|x86.Build.0 = Release|Any CPU
		{064E025B-EEA4-4C00-B13E-D0A97FB158B0}.soft|Any CPU.ActiveCfg = Debug|Any CPU
		{064E025B-EEA4-4C00-B13E-D0A97FB158B0}.soft|Any CPU.Build.0 = Debug|Any CPU
		{064E025B-EEA4-4C00-B13E-D0A97FB158B0}.soft|ARM.ActiveCfg = Debug|Any CPU
		{064E025B-EEA4-4C00-B13E-D0A97FB158B0}.soft|ARM.Build.0 = Debug|Any CPU
		{064E025B-EEA4-4C00-B13E-D0A97FB158B0}.soft|ARM64.ActiveCfg = Debug|Any CPU
		{064E025B-EEA4-4C00-B13E-D0A97FB158B0}.soft|ARM64.Build.0 = Debug|Any CPU
		{064E025B-EEA4-4C00-B13E-D0A97FB158B0}.soft|x64.ActiveCfg = Debug|Any CPU
		{064E025B-EEA4-4C00-B13E-D0A97FB158B0}.soft|x64.Build.0 = Debug|Any CPU
		{064E025B-EEA4-4C00-B13E-D0A97FB158B0}.soft|x86.ActiveCfg = Debug|Any CPU
		{064E025B-EEA4-4C00-B13E-D0A97FB158B0}.soft|x86.Build.0 = Debug|Any CPU
	EndGlobalSection
	GlobalSection(SolutionProperties) = preSolution
		HideSolutionNode = FALSE
	EndGlobalSection
	GlobalSection(NestedProjects) = preSolution
		{25EF82CF-DCA5-452C-983B-34830097D77A} = {5FD899C8-D9FE-4084-9E2B-5B555C3532C6}
		{FDC8F3D0-1ABA-4165-AAE2-FD0AFBB195C5} = {5FD899C8-D9FE-4084-9E2B-5B555C3532C6}
		{C49000D0-3E16-4F42-8D67-5BF650E3E6B9} = {0C605079-A48D-4E64-919A-E796221AB09E}
		{7440573D-A989-4FB3-9B14-2D1A81D02E86} = {F1A5BCCC-6EEA-4BC9-977A-A733235F86D0}
		{6BEB4DFB-6B12-4619-BADD-508D30B82314} = {30D7551D-E97F-47C2-8E01-2A04C3B5AF63}
		{972903B9-3A52-4F95-8364-42A6975D5FC0} = {5FD899C8-D9FE-4084-9E2B-5B555C3532C6}
		{9AE2BBE7-B81C-4C75-94FB-FA8AF8D76B18} = {F1A5BCCC-6EEA-4BC9-977A-A733235F86D0}
		{530B81EF-0894-4283-B5F3-0F4A3BBE19DC} = {CAE06C48-FB47-4EEC-96AC-9B4D401335FC}
		{704DB11F-6236-4E1F-BD68-0664BB208856} = {CAE06C48-FB47-4EEC-96AC-9B4D401335FC}
		{E08AB24D-73B3-49D9-8A1E-7C93A1CBF1DD} = {CAE06C48-FB47-4EEC-96AC-9B4D401335FC}
		{9A96E63D-F635-47B4-8B17-4B9CB3F2A41C} = {EB7586E2-3D65-4A29-B0FC-00670AC65636}
		{454DFF2A-FF1A-4542-A80C-F67DF67D8B8E} = {9B31110B-B3A9-44B5-A45C-B467C7B305FC}
		{404AEF19-B3C6-48DF-B869-53561E1E3459} = {CAE06C48-FB47-4EEC-96AC-9B4D401335FC}
		{E9885096-DFF4-4A19-A267-037DFA68C37D} = {5FD899C8-D9FE-4084-9E2B-5B555C3532C6}
		{0AFDF317-E10F-4D1E-ACBF-AC39FDB84367} = {9B31110B-B3A9-44B5-A45C-B467C7B305FC}
		{39CD8747-8948-4022-86BC-8DB462AB00A2} = {5FD899C8-D9FE-4084-9E2B-5B555C3532C6}
		{3ACB10BA-6367-4DFE-8E06-A8279935F2CA} = {5FD899C8-D9FE-4084-9E2B-5B555C3532C6}
		{50450BCB-893C-4D2A-9D84-D853B8A0CE40} = {0C605079-A48D-4E64-919A-E796221AB09E}
		{8B5ECAA7-06FC-41EA-9D04-8340C849F5C2} = {0C605079-A48D-4E64-919A-E796221AB09E}
		{80F75E5D-4981-467B-ACB0-4BF93A278B00} = {5FD899C8-D9FE-4084-9E2B-5B555C3532C6}
	EndGlobalSection
	GlobalSection(ExtensibilityGlobals) = postSolution
		SolutionGuid = {E77244A7-B125-4E40-945C-AD1C519E88CD}
	EndGlobalSection
EndGlobal
