{
  "version": 3,
  "targets": {
    "net8.0": {
      "Microsoft.Data.Sqlite.Core/7.0.14": {
        "type": "package",
        "dependencies": {
          "SQLitePCLRaw.core": "2.1.4"
        },
        "compile": {
          "lib/net6.0/Microsoft.Data.Sqlite.dll": {
            "related": ".xml"
          }
        },
        "runtime": {
          "lib/net6.0/Microsoft.Data.Sqlite.dll": {
            "related": ".xml"
          }
        }
      },
      "NLog/6.0.6": {
        "type": "package",
        "compile": {
          "lib/netstandard2.1/NLog.dll": {
            "related": ".xml"
          }
        },
        "runtime": {
          "lib/netstandard2.1/NLog.dll": {
            "related": ".xml"
          }
        }
      },
      "SQLitePCLRaw.core/2.1.4": {
        "type": "package",
        "dependencies": {
          "System.Memory": "4.5.3"
        },
        "compile": {
          "lib/netstandard2.0/SQLitePCLRaw.core.dll": {}
        },
        "runtime": {
          "lib/netstandard2.0/SQLitePCLRaw.core.dll": {}
        }
      },
      "System.Memory/4.5.3": {
        "type": "package",
        "compile": {
          "ref/netcoreapp2.1/_._": {}
        },
        "runtime": {
          "lib/netcoreapp2.1/_._": {}
        }
      }
    }
  },
  "libraries": {
    "Microsoft.Data.Sqlite.Core/7.0.14": {
      "sha512": "qvYae3/v9Fvqsjp/7OKQBuJK+Uc3m/WctfpIUMmGMDot2Bd8UWBKiMSlh26UtfQa9x4N+k7NxCT+AbZVoNrCdg==",
      "type": "package",
      "path": "microsoft.data.sqlite.core/7.0.14",
      "files": [
        ".nupkg.metadata",
        ".signature.p7s",
        "Icon.png",
        "lib/net6.0/Microsoft.Data.Sqlite.dll",
        "lib/net6.0/Microsoft.Data.Sqlite.xml",
        "lib/netstandard2.0/Microsoft.Data.Sqlite.dll",
        "lib/netstandard2.0/Microsoft.Data.Sqlite.xml",
        "microsoft.data.sqlite.core.7.0.14.nupkg.sha512",
        "microsoft.data.sqlite.core.nuspec"
      ]
    },
    "NLog/6.0.6": {
      "sha512": "eUd/LDIwPtufj5OxtzFYiwuoKpzaS87iqO9P9D05avLCk4jIoOlqMwRH0o/43LmzM+CmgVAdDrCOq/rOK0sDKw==",
      "type": "package",
      "path": "nlog/6.0.6",
      "files": [
        ".nupkg.metadata",
        ".signature.p7s",
        "N.png",
        "lib/net35/NLog.dll",
        "lib/net35/NLog.xml",
        "lib/net45/NLog.dll",
        "lib/net45/NLog.xml",
        "lib/net46/NLog.dll",
        "lib/net46/NLog.xml",
        "lib/netstandard2.0/NLog.dll",
        "lib/netstandard2.0/NLog.xml",
        "lib/netstandard2.1/NLog.dll",
        "lib/netstandard2.1/NLog.xml",
        "nlog.6.0.6.nupkg.sha512",
        "nlog.nuspec"
      ]
    },
    "SQLitePCLRaw.core/2.1.4": {
      "sha512": "inBjvSHo9UDKneGNzfUfDjK08JzlcIhn1+SP5Y3m6cgXpCxXKCJDy6Mka7LpgSV+UZmKSnC8rTwB0SQ0xKu5pA==",
      "type": "package",
      "path": "sqlitepclraw.core/2.1.4",
      "files": [
        ".nupkg.metadata",
        ".signature.p7s",
        "lib/netstandard2.0/SQLitePCLRaw.core.dll",
        "sqlitepclraw.core.2.1.4.nupkg.sha512",
        "sqlitepclraw.core.nuspec"
      ]
    },
    "System.Memory/4.5.3": {
      "sha512": "3oDzvc/zzetpTKWMShs1AADwZjQ/36HnsufHRPcOjyRAAMLDlu2iD33MBI2opxnezcVUtXyqDXXjoFMOU9c7SA==",
      "type": "package",
      "path": "system.memory/4.5.3",
      "files": [
        ".nupkg.metadata",
        ".signature.p7s",
        "LICENSE.TXT",
        "THIRD-PARTY-NOTICES.TXT",
        "lib/netcoreapp2.1/_._",
        "lib/netstandard1.1/System.Memory.dll",
        "lib/netstandard1.1/System.Memory.xml",
        "lib/netstandard2.0/System.Memory.dll",
        "lib/netstandard2.0/System.Memory.xml",
        "ref/netcoreapp2.1/_._",
        "system.memory.4.5.3.nupkg.sha512",
        "system.memory.nuspec",
        "useSharedDesignerContext.txt",
        "version.txt"
      ]
    }
  },
  "projectFileDependencyGroups": {
    "net8.0": [
      "Microsoft.Data.Sqlite.Core >= 7.0.14",
      "NLog >= 6.0.6"
    ]
  },
  "packageFolders": {
    "C:\\Users\\Алексей\\.nuget\\packages\\": {}
  },
  "project": {
    "version": "1.0.0",
    "restore": {
      "projectUniqueName": "H:\\01. Active\\CSharp\\UnityCommander\\UnityCommander\\UnityCommander.Logging\\UnityCommander.Logging.csproj",
      "projectName": "UnityCommander.Logging",
      "projectPath": "H:\\01. Active\\CSharp\\UnityCommander\\UnityCommander\\UnityCommander.Logging\\UnityCommander.Logging.csproj",
      "packagesPath": "C:\\Users\\Алексей\\.nuget\\packages\\",
      "outputPath": "H:\\01. Active\\CSharp\\UnityCommander\\UnityCommander\\UnityCommander.Logging\\obj\\",
      "projectStyle": "PackageReference",
      "configFilePaths": [
        "C:\\Users\\Алексей\\AppData\\Roaming\\NuGet\\NuGet.Config",
        "C:\\Program Files (x86)\\NuGet\\Config\\Microsoft.VisualStudio.Offline.config"
      ],
      "originalTargetFrameworks": [
        "net8.0"
      ],
      "sources": {
        "C:\\Program Files (x86)\\Microsoft SDKs\\NuGetPackages\\": {},
        "https://api.nuget.org/v3/index.json": {}
      },
      "frameworks": {
        "net8.0": {
          "targetAlias": "net8.0",
          "projectReferences": {}
        }
      },
      "warningProperties": {
        "warnAsError": [
          "NU1605"
        ]
      },
      "restoreAuditProperties": {
        "enableAudit": "true",
        "auditLevel": "low",
        "auditMode": "direct"
      },
      "SdkAnalysisLevel": "9.0.300"
    },
    "frameworks": {
      "net8.0": {
        "targetAlias": "net8.0",
        "dependencies": {
          "Microsoft.Data.Sqlite.Core": {
            "target": "Package",
            "version": "[7.0.14, )"
          },
          "NLog": {
            "target": "Package",
            "version": "[6.0.6, )"
          }
        },
        "imports": [
          "net461",
          "net462",
          "net47",
          "net471",
          "net472",
          "net48",
          "net481"
        ],
        "assetTargetFallback": true,
        "warn": true,
        "frameworkReferences": {
          "Microsoft.NETCore.App": {
            "privateAssets": "all"
          }
        },
        "runtimeIdentifierGraphPath": "C:\\Program Files\\dotnet\\sdk\\9.0.308/PortableRuntimeIdentifierGraph.json"
      }
    }
  }
}